
Microsoft Visual Studio Solution File, Format Version 12.00
# Visual Studio Version 17
VisualStudioVersion = 17.2.32630.192
MinimumVisualStudioVersion = 10.0.40219.1
Project("{9A19103F-16F7-4668-BE54-9A1E7A4F7556}") = "R5T.O0014", "R5T.O0014\R5T.O0014.csproj", "{5852F59F-A3B2-487C-8519-86AF73CBAF3D}"
EndProject
Project("{2150E333-8FDC-42A3-9474-1A3956D46DE8}") = "_Dependencies", "_Dependencies", "{93CF3690-1202-4A22-AD96-6C31D5E0E49E}"
EndProject
Project("{9A19103F-16F7-4668-BE54-9A1E7A4F7556}") = "R5T.F0000", "..\..\R5T.F0000\source\R5T.F0000\R5T.F0000.csproj", "{BF2C5685-226F-4425-B72E-5F7D8F211773}"
EndProject
Project("{9A19103F-16F7-4668-BE54-9A1E7A4F7556}") = "R5T.F0002", "..\..\R5T.F0002\source\R5T.F0002\R5T.F0002.csproj", "{8F224AE7-CC8B-4846-A54C-0A212A9BE642}"
EndProject
Project("{9A19103F-16F7-4668-BE54-9A1E7A4F7556}") = "R5T.F0120", "..\..\R5T.F0120\source\R5T.F0120\R5T.F0120.csproj", "{2203E6C8-637B-483D-B280-E2DD2A76F225}"
EndProject
Project("{9A19103F-16F7-4668-BE54-9A1E7A4F7556}") = "R5T.F0124", "..\..\R5T.F0124\source\R5T.F0124\R5T.F0124.csproj", "{640E6C66-746C-4CD6-BA33-E25A207B073B}"
EndProject
Project("{9A19103F-16F7-4668-BE54-9A1E7A4F7556}") = "R5T.F0125", "..\..\R5T.F0125\source\R5T.F0125\R5T.F0125.csproj", "{2840ADCB-9B73-4A78-B205-28E7E2A2D4E4}"
EndProject
Project("{9A19103F-16F7-4668-BE54-9A1E7A4F7556}") = "R5T.F0133", "..\..\R5T.F0133\source\R5T.F0133\R5T.F0133.csproj", "{95F839ED-AAF3-45F8-9154-EA632837C286}"
EndProject
Project("{9A19103F-16F7-4668-BE54-9A1E7A4F7556}") = "R5T.F0134", "..\..\R5T.F0134\source\R5T.F0134\R5T.F0134.csproj", "{3C80A459-6C63-46AE-B3DB-22D2F5ABF8E1}"
EndProject
Project("{9A19103F-16F7-4668-BE54-9A1E7A4F7556}") = "R5T.L0030.T000", "..\..\R5T.L0030\source\R5T.L0030.T000\R5T.L0030.T000.csproj", "{840E3128-D56E-4989-BD1E-AF19AEE61F8F}"
EndProject
Project("{9A19103F-16F7-4668-BE54-9A1E7A4F7556}") = "R5T.L0030", "..\..\R5T.L0030\source\R5T.L0030\R5T.L0030.csproj", "{16045FCB-4B7D-4A3A-A27D-5E79ECD20A58}"
EndProject
Project("{9A19103F-16F7-4668-BE54-9A1E7A4F7556}") = "R5T.L0034", "..\..\R5T.L0034\source\R5T.L0034\R5T.L0034.csproj", "{305AB767-2A0E-49E3-A83E-EAD735871DA7}"
EndProject
Project("{9A19103F-16F7-4668-BE54-9A1E7A4F7556}") = "R5T.L0035", "..\..\R5T.L0035\source\R5T.L0035\R5T.L0035.csproj", "{1B06BEF8-4457-4EA6-A4E0-ABAC89635578}"
EndProject
Project("{9A19103F-16F7-4668-BE54-9A1E7A4F7556}") = "R5T.L0043.F000", "..\..\R5T.L0043\source\R5T.L0043.F000\R5T.L0043.F000.csproj", "{B89AAF58-4DDD-4B3D-BD58-2E1925BC8FD2}"
EndProject
Project("{9A19103F-16F7-4668-BE54-9A1E7A4F7556}") = "R5T.L0043.O001", "..\..\R5T.L0043\source\R5T.L0043.O001\R5T.L0043.O001.csproj", "{2080718B-F4EA-4004-BC5D-24516B07169E}"
EndProject
Project("{9A19103F-16F7-4668-BE54-9A1E7A4F7556}") = "R5T.L0043.O002", "..\..\R5T.L0043\source\R5T.L0043.O002\R5T.L0043.O002.csproj", "{483A94FD-40D5-418C-898B-1D3A76FF322E}"
EndProject
Project("{9A19103F-16F7-4668-BE54-9A1E7A4F7556}") = "R5T.L0043.T000", "..\..\R5T.L0043\source\R5T.L0043.T000\R5T.L0043.T000.csproj", "{DD2D15C0-8918-470F-A115-E68E2D6AC5E9}"
EndProject
Project("{9A19103F-16F7-4668-BE54-9A1E7A4F7556}") = "R5T.L0043.Z000", "..\..\R5T.L0043\source\R5T.L0043.Z000\R5T.L0043.Z000.csproj", "{A69D8220-BDF7-438C-92B8-50BF231E17ED}"
EndProject
Project("{9A19103F-16F7-4668-BE54-9A1E7A4F7556}") = "R5T.L0043.Z002", "..\..\R5T.L0043\source\R5T.L0043.Z002\R5T.L0043.Z002.csproj", "{05F3E523-A3A2-49CF-8757-902E76CE079C}"
EndProject
Project("{9A19103F-16F7-4668-BE54-9A1E7A4F7556}") = "R5T.L0044.O001", "..\..\R5T.L0044\source\R5T.L0044.O001\R5T.L0044.O001.csproj", "{BA50195C-586F-4E7D-8740-7814E043A640}"
EndProject
Project("{9A19103F-16F7-4668-BE54-9A1E7A4F7556}") = "R5T.L0044.T000", "..\..\R5T.L0044\source\R5T.L0044.T000\R5T.L0044.T000.csproj", "{1D9F0E93-1F0A-483A-9D56-082153E6EAFA}"
EndProject
Project("{9A19103F-16F7-4668-BE54-9A1E7A4F7556}") = "R5T.L0044.X000", "..\..\R5T.L0044\source\R5T.L0044.X000\R5T.L0044.X000.csproj", "{15CED85F-1F51-468D-AB89-CEF980F486B2}"
EndProject
Project("{9A19103F-16F7-4668-BE54-9A1E7A4F7556}") = "R5T.L0044.Z001", "..\..\R5T.L0044\source\R5T.L0044.Z001\R5T.L0044.Z001.csproj", "{2FC4BEC2-6D10-427C-A686-C6286AB4B3A6}"
EndProject
Project("{9A19103F-16F7-4668-BE54-9A1E7A4F7556}") = "R5T.L0044", "..\..\R5T.L0044\source\R5T.L0044\R5T.L0044.csproj", "{ED937BB0-2E3A-46B6-9838-AF81B68B2417}"
EndProject
Project("{9A19103F-16F7-4668-BE54-9A1E7A4F7556}") = "R5T.L0045.O001", "..\..\R5T.L0045\source\R5T.L0045.O001\R5T.L0045.O001.csproj", "{2DB3A7C4-D0E0-403F-9929-18DF34F23510}"
EndProject
Project("{9A19103F-16F7-4668-BE54-9A1E7A4F7556}") = "R5T.L0045.T000", "..\..\R5T.L0045\source\R5T.L0045.T000\R5T.L0045.T000.csproj", "{1936EDCA-0F0B-49B3-9066-552183A45191}"
EndProject
Project("{9A19103F-16F7-4668-BE54-9A1E7A4F7556}") = "R5T.L0045.X000", "..\..\R5T.L0045\source\R5T.L0045.X000\R5T.L0045.X000.csproj", "{1306B32A-0F47-4BF3-BE4F-81B6C709704C}"
EndProject
Project("{9A19103F-16F7-4668-BE54-9A1E7A4F7556}") = "R5T.L0045", "..\..\R5T.L0045\source\R5T.L0045\R5T.L0045.csproj", "{3B8F81C7-EC54-404B-AD48-E2B49750A67F}"
EndProject
Project("{9A19103F-16F7-4668-BE54-9A1E7A4F7556}") = "R5T.L0046.O001", "..\..\R5T.L0046\source\R5T.L0046.O001\R5T.L0046.O001.csproj", "{03C54714-51D5-4C82-98BE-6F8A46733E67}"
EndProject
Project("{9A19103F-16F7-4668-BE54-9A1E7A4F7556}") = "R5T.L0046.T000", "..\..\R5T.L0046\source\R5T.L0046.T000\R5T.L0046.T000.csproj", "{B764B4EB-A699-4920-8C41-2F3F9C448F98}"
EndProject
Project("{9A19103F-16F7-4668-BE54-9A1E7A4F7556}") = "R5T.L0046.X000", "..\..\R5T.L0046\source\R5T.L0046.X000\R5T.L0046.X000.csproj", "{A94FEEC2-B4F1-4D02-AFB8-C9B03DFD6D21}"
EndProject
Project("{9A19103F-16F7-4668-BE54-9A1E7A4F7556}") = "R5T.L0046", "..\..\R5T.L0046\source\R5T.L0046\R5T.L0046.csproj", "{F543F84A-15E5-43B1-AD23-E87C87AAED42}"
EndProject
Project("{9A19103F-16F7-4668-BE54-9A1E7A4F7556}") = "R5T.O0007", "..\..\R5T.O0007\source\R5T.O0007\R5T.O0007.csproj", "{5C4ED0DE-5451-4E86-AB17-EBA65673929D}"
EndProject
Project("{9A19103F-16F7-4668-BE54-9A1E7A4F7556}") = "R5T.O0015", "..\..\R5T.O0015\source\R5T.O0015\R5T.O0015.csproj", "{A16C15EB-9EED-4E5D-ACEC-5AC61FBB8506}"
EndProject
Project("{9A19103F-16F7-4668-BE54-9A1E7A4F7556}") = "R5T.T0131", "..\..\R5T.T0131\source\R5T.T0131\R5T.T0131.csproj", "{E83846B6-8BD1-4AAD-B30E-A63D0913BB25}"
EndProject
Project("{9A19103F-16F7-4668-BE54-9A1E7A4F7556}") = "R5T.T0132", "..\..\R5T.T0132\source\R5T.T0132\R5T.T0132.csproj", "{A730E786-905C-4AD1-8571-5A856FDEBF94}"
EndProject
Project("{9A19103F-16F7-4668-BE54-9A1E7A4F7556}") = "R5T.T0142", "..\..\R5T.T0142\source\R5T.T0142\R5T.T0142.csproj", "{3ACE87C0-1E4A-4EE5-9B8A-E3052368DDF0}"
EndProject
Project("{9A19103F-16F7-4668-BE54-9A1E7A4F7556}") = "R5T.T0143", "..\..\R5T.T0143\source\R5T.T0143\R5T.T0143.csproj", "{6A20D6BE-E4FF-473F-BE7E-5C8BEE773ED0}"
EndProject
Project("{9A19103F-16F7-4668-BE54-9A1E7A4F7556}") = "R5T.T0156", "..\..\R5T.T0156\source\R5T.T0156\R5T.T0156.csproj", "{B02B0721-3105-430B-8539-01CFF11B971D}"
EndProject
Project("{9A19103F-16F7-4668-BE54-9A1E7A4F7556}") = "R5T.T0174", "..\..\R5T.T0174\source\R5T.T0174\R5T.T0174.csproj", "{D992FFC8-91EE-4066-A1AE-CD405DA9CD64}"
EndProject
Project("{9A19103F-16F7-4668-BE54-9A1E7A4F7556}") = "R5T.T0176", "..\..\R5T.T0176\source\R5T.T0176\R5T.T0176.csproj", "{D8482D5E-68FF-4650-8599-155F056DB3DF}"
EndProject
Project("{9A19103F-16F7-4668-BE54-9A1E7A4F7556}") = "R5T.T0177", "..\..\R5T.T0177\source\R5T.T0177\R5T.T0177.csproj", "{CD49B301-3E77-4CF4-82CE-0954F3508BE1}"
EndProject
Project("{9A19103F-16F7-4668-BE54-9A1E7A4F7556}") = "R5T.T0178", "..\..\R5T.T0178\source\R5T.T0178\R5T.T0178.csproj", "{C5C3F204-2A72-4B30-B14D-D34E226B11E0}"
EndProject
Project("{9A19103F-16F7-4668-BE54-9A1E7A4F7556}") = "R5T.T0179", "..\..\R5T.T0179\source\R5T.T0179\R5T.T0179.csproj", "{F38ACA6C-02CF-4605-A725-0C2524675BE1}"
EndProject
Project("{9A19103F-16F7-4668-BE54-9A1E7A4F7556}") = "R5T.T0180", "..\..\R5T.T0180\source\R5T.T0180\R5T.T0180.csproj", "{D4A6B289-E4BC-44B4-9B22-D519F615C48B}"
EndProject
Project("{9A19103F-16F7-4668-BE54-9A1E7A4F7556}") = "R5T.T0181", "..\..\R5T.T0181\source\R5T.T0181\R5T.T0181.csproj", "{2B1744E1-A0BC-44C0-807F-5B2F5B8C4195}"
EndProject
Project("{9A19103F-16F7-4668-BE54-9A1E7A4F7556}") = "R5T.T0184", "..\..\R5T.T0184\source\R5T.T0184\R5T.T0184.csproj", "{A2F44F9B-BF21-408F-B0DF-6F7C33FBB8A1}"
EndProject
Project("{9A19103F-16F7-4668-BE54-9A1E7A4F7556}") = "R5T.T0185", "..\..\R5T.T0185\source\R5T.T0185\R5T.T0185.csproj", "{FD5942E3-17C0-45D0-B835-795DF9262AE8}"
EndProject
Project("{9A19103F-16F7-4668-BE54-9A1E7A4F7556}") = "R5T.T0186", "..\..\R5T.T0186\source\R5T.T0186\R5T.T0186.csproj", "{BF254672-A7E0-45C1-9910-3508CAEFD21C}"
EndProject
Project("{9A19103F-16F7-4668-BE54-9A1E7A4F7556}") = "R5T.T0187", "..\..\R5T.T0187\source\R5T.T0187\R5T.T0187.csproj", "{F96B33FB-819B-4693-9F6D-8F96F8ED0A76}"
EndProject
Project("{9A19103F-16F7-4668-BE54-9A1E7A4F7556}") = "R5T.T0197", "..\..\R5T.T0197\source\R5T.T0197\R5T.T0197.csproj", "{8F78C27B-4413-4A5D-815F-ACEE8B78A6E1}"
EndProject
Project("{9A19103F-16F7-4668-BE54-9A1E7A4F7556}") = "R5T.T0203", "..\..\R5T.T0203\source\R5T.T0203\R5T.T0203.csproj", "{849C47F1-5010-4A90-B2B9-1065161F9490}"
EndProject
Project("{9A19103F-16F7-4668-BE54-9A1E7A4F7556}") = "R5T.T0204", "..\..\R5T.T0204\source\R5T.T0204\R5T.T0204.csproj", "{45506AEA-C37E-45E7-A9AB-7F18111C55F9}"
EndProject
Project("{9A19103F-16F7-4668-BE54-9A1E7A4F7556}") = "R5T.T0207", "..\..\R5T.T0207\source\R5T.T0207\R5T.T0207.csproj", "{E0D6D2A2-86EA-4459-BA2C-66C596892390}"
EndProject
Project("{9A19103F-16F7-4668-BE54-9A1E7A4F7556}") = "R5T.Y0000", "..\..\R5T.Y0000\source\R5T.Y0000\R5T.Y0000.csproj", "{0276AB95-D574-4863-909F-8AAC4E29EBAB}"
EndProject
Project("{9A19103F-16F7-4668-BE54-9A1E7A4F7556}") = "R5T.Z0000", "..\..\R5T.Z0000\source\R5T.Z0000\R5T.Z0000.csproj", "{6D6F3248-4C3B-4656-A594-7BFC261B76FA}"
EndProject
Project("{9A19103F-16F7-4668-BE54-9A1E7A4F7556}") = "R5T.Z0047", "..\..\R5T.Z0047\source\R5T.Z0047\R5T.Z0047.csproj", "{A9DF3184-839E-450B-B30B-12C7FD4CDD1C}"
EndProject
Project("{9A19103F-16F7-4668-BE54-9A1E7A4F7556}") = "R5T.F0016.F001", "..\..\R5T.F0016\source\R5T.F0016.F001\R5T.F0016.F001.csproj", "{4CDDC8B9-858A-4B48-8174-520335B4A9E9}"
EndProject
Project("{9A19103F-16F7-4668-BE54-9A1E7A4F7556}") = "R5T.F0016", "..\..\R5T.F0016\source\R5T.F0016\R5T.F0016.csproj", "{4DD43EF9-75F2-4E8C-8631-4DC48E9E0AB4}"
EndProject
Project("{9A19103F-16F7-4668-BE54-9A1E7A4F7556}") = "R5T.F0019", "..\..\R5T.F0019\source\R5T.F0019\R5T.F0019.csproj", "{F28A0A2D-AB3D-4CC5-BD99-35DC489BDBFB}"
EndProject
Project("{9A19103F-16F7-4668-BE54-9A1E7A4F7556}") = "R5T.F0020", "..\..\R5T.F0020\source\R5T.F0020\R5T.F0020.csproj", "{1D5CDCB6-E0EC-4795-BA8E-FD26E66EDEBE}"
EndProject
Project("{9A19103F-16F7-4668-BE54-9A1E7A4F7556}") = "R5T.F0024.T001", "..\..\R5T.F0024\source\R5T.F0024.T001\R5T.F0024.T001.csproj", "{055E9641-670B-48E2-9FA4-EB6AF3C95EC3}"
EndProject
Project("{9A19103F-16F7-4668-BE54-9A1E7A4F7556}") = "R5T.F0024", "..\..\R5T.F0024\source\R5T.F0024\R5T.F0024.csproj", "{3A61073C-2AD0-4EC9-89AE-6706B4D14FD1}"
EndProject
Project("{9A19103F-16F7-4668-BE54-9A1E7A4F7556}") = "R5T.F0032", "..\..\R5T.F0032\source\R5T.F0032\R5T.F0032.csproj", "{48739B31-8D18-4C5C-9A88-19C26040A1D5}"
EndProject
Project("{9A19103F-16F7-4668-BE54-9A1E7A4F7556}") = "R5T.F0040.F000", "..\..\R5T.F0040\source\R5T.F0040.F000\R5T.F0040.F000.csproj", "{FA14C2D4-415E-4B96-9435-091A2F42CD82}"
EndProject
Project("{9A19103F-16F7-4668-BE54-9A1E7A4F7556}") = "R5T.F0041", "..\..\R5T.F0041\source\R5T.F0041\R5T.F0041.csproj", "{D821AF79-63A4-4910-B23C-3CB1181E590B}"
EndProject
Project("{9A19103F-16F7-4668-BE54-9A1E7A4F7556}") = "R5T.F0042.F001", "..\..\R5T.F0042\source\R5T.F0042.F001\R5T.F0042.F001.csproj", "{DED33EFA-E206-4711-AF7B-E48F1FF2AE87}"
EndProject
Project("{9A19103F-16F7-4668-BE54-9A1E7A4F7556}") = "R5T.F0042", "..\..\R5T.F0042\source\R5T.F0042\R5T.F0042.csproj", "{D975D572-F634-48C0-B53F-8FAF2B7677CA}"
EndProject
Project("{9A19103F-16F7-4668-BE54-9A1E7A4F7556}") = "R5T.F0044", "..\..\R5T.F0044\source\R5T.F0044\R5T.F0044.csproj", "{0AE1D39C-18EC-4BEB-A190-08DE8C1DE4CB}"
EndProject
Project("{9A19103F-16F7-4668-BE54-9A1E7A4F7556}") = "R5T.F0046", "..\..\R5T.F0046\source\R5T.F0046\R5T.F0046.csproj", "{602BB482-6B54-4AA8-8F9C-4F83B98EBD43}"
EndProject
Project("{9A19103F-16F7-4668-BE54-9A1E7A4F7556}") = "R5T.F0047", "..\..\R5T.F0047\source\R5T.F0047\R5T.F0047.csproj", "{DA7C0F47-F544-4754-9E6E-F53E9E5E3C2A}"
EndProject
Project("{9A19103F-16F7-4668-BE54-9A1E7A4F7556}") = "R5T.F0050", "..\..\R5T.F0050\source\R5T.F0050\R5T.F0050.csproj", "{285E3998-209A-4982-98A9-CEE50F9CF835}"
EndProject
Project("{9A19103F-16F7-4668-BE54-9A1E7A4F7556}") = "R5T.F0051", "..\..\R5T.F0051\source\R5T.F0051\R5T.F0051.csproj", "{F3DFCF38-3894-4E88-BAAC-E3588D5816F0}"
EndProject
Project("{9A19103F-16F7-4668-BE54-9A1E7A4F7556}") = "R5T.F0052", "..\..\R5T.F0052\source\R5T.F0052\R5T.F0052.csproj", "{BBEB05F8-3FE1-4C66-81FE-8158E94D5FDF}"
EndProject
Project("{9A19103F-16F7-4668-BE54-9A1E7A4F7556}") = "R5T.F0053", "..\..\R5T.F0053\source\R5T.F0053\R5T.F0053.csproj", "{83DFA82B-83D2-4F32-AC91-0D8D88400F68}"
EndProject
Project("{9A19103F-16F7-4668-BE54-9A1E7A4F7556}") = "R5T.F0054", "..\..\R5T.F0054\source\R5T.F0054\R5T.F0054.csproj", "{E4190AB8-D0B5-4318-A576-BD5D75B64D1D}"
EndProject
Project("{9A19103F-16F7-4668-BE54-9A1E7A4F7556}") = "R5T.F0056", "..\..\R5T.F0056\source\R5T.F0056\R5T.F0056.csproj", "{684F998A-229B-46F2-B31D-0F0990FD024D}"
EndProject
Project("{9A19103F-16F7-4668-BE54-9A1E7A4F7556}") = "R5T.F0057", "..\..\R5T.F0057\source\R5T.F0057\R5T.F0057.csproj", "{A66F882A-58CF-49EB-A112-FEEEF1AEC414}"
EndProject
Project("{9A19103F-16F7-4668-BE54-9A1E7A4F7556}") = "R5T.F0063.F001", "..\..\R5T.F0063\source\R5T.F0063.F001\R5T.F0063.F001.csproj", "{96D1E73D-3DFA-4D2C-9110-C92F877A8FAF}"
EndProject
Project("{9A19103F-16F7-4668-BE54-9A1E7A4F7556}") = "R5T.F0063", "..\..\R5T.F0063\source\R5T.F0063\R5T.F0063.csproj", "{58D28253-98D1-4D02-B189-D780B3C26176}"
EndProject
Project("{9A19103F-16F7-4668-BE54-9A1E7A4F7556}") = "R5T.F0078", "..\..\R5T.F0078\source\R5T.F0078\R5T.F0078.csproj", "{5CD32007-E0EC-4359-BD85-8C2F5141FF46}"
EndProject
Project("{9A19103F-16F7-4668-BE54-9A1E7A4F7556}") = "R5T.F0079", "..\..\R5T.F0079\source\R5T.F0079\R5T.F0079.csproj", "{90C9F655-A05C-4B45-9F9C-CD825E4CC526}"
EndProject
Project("{9A19103F-16F7-4668-BE54-9A1E7A4F7556}") = "R5T.F0083.R001", "..\..\R5T.F0083\source\R5T.F0083.R001\R5T.F0083.R001.csproj", "{C92C1EEB-BF28-41EB-AAEC-683FEC588A8A}"
EndProject
Project("{9A19103F-16F7-4668-BE54-9A1E7A4F7556}") = "R5T.F0083", "..\..\R5T.F0083\source\R5T.F0083\R5T.F0083.csproj", "{3F38CE49-2E28-437B-B499-4DFCD305B12F}"
EndProject
Project("{9A19103F-16F7-4668-BE54-9A1E7A4F7556}") = "R5T.F0086", "..\..\R5T.F0086\source\R5T.F0086\R5T.F0086.csproj", "{F2F2D1F0-CDFD-4C3C-8ECC-66267B093226}"
EndProject
Project("{9A19103F-16F7-4668-BE54-9A1E7A4F7556}") = "R5T.F0091", "..\..\R5T.F0091\source\R5T.F0091\R5T.F0091.csproj", "{BC5BE4D4-846D-4C4E-AF8B-87692461FB16}"
EndProject
Project("{9A19103F-16F7-4668-BE54-9A1E7A4F7556}") = "R5T.F0129", "..\..\R5T.F0129\source\R5T.F0129\R5T.F0129.csproj", "{17D22D93-03F6-450D-A927-2230D95426C5}"
EndProject
Project("{9A19103F-16F7-4668-BE54-9A1E7A4F7556}") = "R5T.F0130", "..\..\R5T.F0130\source\R5T.F0130\R5T.F0130.csproj", "{F51F0455-EF9C-444A-AA32-29A98500761B}"
EndProject
Project("{9A19103F-16F7-4668-BE54-9A1E7A4F7556}") = "R5T.F0131", "..\..\R5T.F0131\source\R5T.F0131\R5T.F0131.csproj", "{54906104-EC84-4528-A360-F2D08731C79E}"
EndProject
Project("{9A19103F-16F7-4668-BE54-9A1E7A4F7556}") = "R5T.F0132", "..\..\R5T.F0132\source\R5T.F0132\R5T.F0132.csproj", "{36B8162D-C8EC-4AD8-A37F-D9DD95047743}"
EndProject
Project("{9A19103F-16F7-4668-BE54-9A1E7A4F7556}") = "R5T.L0001.Y000", "..\..\R5T.L0001\source\R5T.L0001.Y000\R5T.L0001.Y000.csproj", "{804DD0A6-4AC0-4B96-BEE7-EB27F510AA4E}"
EndProject
Project("{9A19103F-16F7-4668-BE54-9A1E7A4F7556}") = "R5T.L0001.Z000", "..\..\R5T.L0001\source\R5T.L0001.Z000\R5T.L0001.Z000.csproj", "{2489D856-28D5-4C90-868D-50D9DB675DCC}"
EndProject
Project("{9A19103F-16F7-4668-BE54-9A1E7A4F7556}") = "R5T.L0001", "..\..\R5T.L0001\source\R5T.L0001\R5T.L0001.csproj", "{02685620-C17A-4E0E-8481-05781D88979C}"
EndProject
Project("{9A19103F-16F7-4668-BE54-9A1E7A4F7556}") = "R5T.L0031.T000", "..\..\R5T.L0031\source\R5T.L0031.T000\R5T.L0031.T000.csproj", "{CA609DE3-947C-4776-915B-3F30C7E828B7}"
EndProject
Project("{9A19103F-16F7-4668-BE54-9A1E7A4F7556}") = "R5T.L0031", "..\..\R5T.L0031\source\R5T.L0031\R5T.L0031.csproj", "{EA89FABE-13A0-490C-86D0-37AB40E73048}"
EndProject
Project("{9A19103F-16F7-4668-BE54-9A1E7A4F7556}") = "R5T.L0032.T000", "..\..\R5T.L0032\source\R5T.L0032.T000\R5T.L0032.T000.csproj", "{2AE36267-B501-4DCF-B2BF-FD517BCDA61F}"
EndProject
Project("{9A19103F-16F7-4668-BE54-9A1E7A4F7556}") = "R5T.L0032.Z000", "..\..\R5T.L0032\source\R5T.L0032.Z000\R5T.L0032.Z000.csproj", "{18F48BAA-01C0-438F-A531-FE390E6A25DA}"
EndProject
Project("{9A19103F-16F7-4668-BE54-9A1E7A4F7556}") = "R5T.L0032", "..\..\R5T.L0032\source\R5T.L0032\R5T.L0032.csproj", "{A9FDF25F-FC1E-424E-9FF7-DFF4697FDDCC}"
EndProject
Project("{9A19103F-16F7-4668-BE54-9A1E7A4F7556}") = "R5T.L0033.T000", "..\..\R5T.L0033\source\R5T.L0033.T000\R5T.L0033.T000.csproj", "{D7E3C3F3-E574-4399-911E-7E635A431DB9}"
EndProject
Project("{9A19103F-16F7-4668-BE54-9A1E7A4F7556}") = "R5T.L0033", "..\..\R5T.L0033\source\R5T.L0033\R5T.L0033.csproj", "{B5C9D135-F979-47D7-A2E3-D8BE974EA55B}"
EndProject
Project("{9A19103F-16F7-4668-BE54-9A1E7A4F7556}") = "R5T.L0039.F000", "..\..\R5T.L0039\source\R5T.L0039.F000\R5T.L0039.F000.csproj", "{78A15830-6E91-4058-9F8F-82EEF3076AC4}"
EndProject
Project("{9A19103F-16F7-4668-BE54-9A1E7A4F7556}") = "R5T.L0039.O000", "..\..\R5T.L0039\source\R5T.L0039.O000\R5T.L0039.O000.csproj", "{BA727009-2031-48C3-BB6D-66ACABB9ABAB}"
EndProject
Project("{9A19103F-16F7-4668-BE54-9A1E7A4F7556}") = "R5T.L0039.O001", "..\..\R5T.L0039\source\R5T.L0039.O001\R5T.L0039.O001.csproj", "{9984A6AA-B9A0-4AD5-A827-72B030D00D69}"
EndProject
Project("{9A19103F-16F7-4668-BE54-9A1E7A4F7556}") = "R5T.L0039.T000", "..\..\R5T.L0039\source\R5T.L0039.T000\R5T.L0039.T000.csproj", "{CEA5F811-C712-47E5-9984-F32D0CD316E7}"
EndProject
Project("{9A19103F-16F7-4668-BE54-9A1E7A4F7556}") = "R5T.L0039", "..\..\R5T.L0039\source\R5T.L0039\R5T.L0039.csproj", "{EB9BC3A0-BF3D-47B2-86D5-7DBC8B7114E4}"
EndProject
Project("{9A19103F-16F7-4668-BE54-9A1E7A4F7556}") = "R5T.L0040.F000", "..\..\R5T.L0040\source\R5T.L0040.F000\R5T.L0040.F000.csproj", "{80D7637E-0C97-49DA-A345-397FCD5E01DD}"
EndProject
Project("{9A19103F-16F7-4668-BE54-9A1E7A4F7556}") = "R5T.L0040.O001", "..\..\R5T.L0040\source\R5T.L0040.O001\R5T.L0040.O001.csproj", "{7803AD13-2788-4F24-8C72-EE9031DE62F2}"
EndProject
Project("{9A19103F-16F7-4668-BE54-9A1E7A4F7556}") = "R5T.L0040.O002", "..\..\R5T.L0040\source\R5T.L0040.O002\R5T.L0040.O002.csproj", "{4EB2F5CF-E462-48C6-80E5-C19E86AC8492}"
EndProject
Project("{9A19103F-16F7-4668-BE54-9A1E7A4F7556}") = "R5T.L0040.T000", "..\..\R5T.L0040\source\R5T.L0040.T000\R5T.L0040.T000.csproj", "{4FBEEC86-30E4-4B4D-BCFC-98ACC5B60E08}"
EndProject
Project("{9A19103F-16F7-4668-BE54-9A1E7A4F7556}") = "R5T.L0040", "..\..\R5T.L0040\source\R5T.L0040\R5T.L0040.csproj", "{90D89125-D32B-45EC-898F-0CF3C3AB4D80}"
EndProject
Project("{9A19103F-16F7-4668-BE54-9A1E7A4F7556}") = "R5T.NG0005", "..\..\R5T.NG0005\source\R5T.NG0005\R5T.NG0005.csproj", "{8C4DF376-7295-405A-8586-8051CED5BC74}"
EndProject
Project("{9A19103F-16F7-4668-BE54-9A1E7A4F7556}") = "R5T.NG0006", "..\..\R5T.NG0006\source\R5T.NG0006\R5T.NG0006.csproj", "{EE276668-D63C-405D-9141-3520CE4E1062}"
EndProject
Project("{9A19103F-16F7-4668-BE54-9A1E7A4F7556}") = "R5T.NG0008", "..\..\R5T.NG0008\source\R5T.NG0008\R5T.NG0008.csproj", "{1A47806D-F5E9-47E9-9D42-28FC20A401AD}"
EndProject
Project("{9A19103F-16F7-4668-BE54-9A1E7A4F7556}") = "R5T.NG0009", "..\..\R5T.NG0009\source\R5T.NG0009\R5T.NG0009.csproj", "{8A705373-1E16-479B-AF35-1A110982254D}"
EndProject
Project("{9A19103F-16F7-4668-BE54-9A1E7A4F7556}") = "R5T.NG0014", "..\..\R5T.NG0014\source\R5T.NG0014\R5T.NG0014.csproj", "{8660A1ED-D928-425F-83EC-9156B86D66CF}"
EndProject
Project("{9A19103F-16F7-4668-BE54-9A1E7A4F7556}") = "R5T.O0003", "..\..\R5T.O0003\source\R5T.O0003\R5T.O0003.csproj", "{7110189D-C5B0-476D-B31D-3E75A7D77967}"
EndProject
Project("{9A19103F-16F7-4668-BE54-9A1E7A4F7556}") = "R5T.O0004", "..\..\R5T.O0004\source\R5T.O0004\R5T.O0004.csproj", "{EA1F739E-DA27-4FDE-BFB8-D4E9EBA89B44}"
EndProject
Project("{9A19103F-16F7-4668-BE54-9A1E7A4F7556}") = "R5T.O0008", "..\..\R5T.O0008\source\R5T.O0008\R5T.O0008.csproj", "{EB4CCCD3-3EAF-40C4-8765-1521217CFC23}"
EndProject
Project("{9A19103F-16F7-4668-BE54-9A1E7A4F7556}") = "R5T.O0010", "..\..\R5T.O0010\source\R5T.O0010\R5T.O0010.csproj", "{6FCB9C43-96E4-491D-A6AE-3CD753D58786}"
EndProject
Project("{9A19103F-16F7-4668-BE54-9A1E7A4F7556}") = "R5T.O0011", "..\..\R5T.O0011\source\R5T.O0011\R5T.O0011.csproj", "{0E071CD8-ACCB-40AF-8533-945E1DF17042}"
EndProject
Project("{9A19103F-16F7-4668-BE54-9A1E7A4F7556}") = "R5T.O0012", "..\..\R5T.O0012\source\R5T.O0012\R5T.O0012.csproj", "{93CDFED8-F231-4E91-8347-33D53CD40E2E}"
EndProject
Project("{9A19103F-16F7-4668-BE54-9A1E7A4F7556}") = "R5T.O0013", "..\..\R5T.O0013\source\R5T.O0013\R5T.O0013.csproj", "{FC708CE9-2034-4836-A35D-FBCB61442B0C}"
EndProject
Project("{9A19103F-16F7-4668-BE54-9A1E7A4F7556}") = "R5T.T0046", "..\..\R5T.T0046\source\R5T.T0046\R5T.T0046.csproj", "{56622F07-5A2C-4ECD-AA50-0C8B40526CD8}"
EndProject
Project("{9A19103F-16F7-4668-BE54-9A1E7A4F7556}") = "R5T.T0137", "..\..\R5T.T0137\source\R5T.T0137\R5T.T0137.csproj", "{84592B77-7A1D-448C-A96E-45A022E821E3}"
EndProject
Project("{9A19103F-16F7-4668-BE54-9A1E7A4F7556}") = "R5T.T0144", "..\..\R5T.T0144\source\R5T.T0144\R5T.T0144.csproj", "{B2F14A37-9DC1-4A37-97C8-0367C6B1FEFF}"
EndProject
Project("{9A19103F-16F7-4668-BE54-9A1E7A4F7556}") = "R5T.T0150", "..\..\R5T.T0150\source\R5T.T0150\R5T.T0150.csproj", "{A4E3BD5D-1242-4EED-85C7-F19A4E9DFA1C}"
EndProject
Project("{9A19103F-16F7-4668-BE54-9A1E7A4F7556}") = "R5T.T0151", "..\..\R5T.T0151\source\R5T.T0151\R5T.T0151.csproj", "{38769531-5C00-4F26-AE48-843971225A5D}"
EndProject
Project("{9A19103F-16F7-4668-BE54-9A1E7A4F7556}") = "R5T.T0152", "..\..\R5T.T0152\source\R5T.T0152\R5T.T0152.csproj", "{BDCEE247-8560-42E5-9898-B39FADCA0C01}"
EndProject
Project("{9A19103F-16F7-4668-BE54-9A1E7A4F7556}") = "R5T.T0154", "..\..\R5T.T0154\source\R5T.T0154\R5T.T0154.csproj", "{BD890D9D-0A76-4061-94A3-614D11EF89F7}"
EndProject
Project("{9A19103F-16F7-4668-BE54-9A1E7A4F7556}") = "R5T.T0158", "..\..\R5T.T0158\source\R5T.T0158\R5T.T0158.csproj", "{C9DDBACA-4F19-4C02-AD9B-BE100BD6DBFA}"
EndProject
Project("{9A19103F-16F7-4668-BE54-9A1E7A4F7556}") = "R5T.T0159", "..\..\R5T.T0159\source\R5T.T0159\R5T.T0159.csproj", "{F751A9A5-BDE9-4D1B-BD6C-95E870F3113C}"
EndProject
Project("{9A19103F-16F7-4668-BE54-9A1E7A4F7556}") = "R5T.T0161", "..\..\R5T.T0161\source\R5T.T0161\R5T.T0161.csproj", "{E3ECE838-7B07-4F38-9FCE-4A90A6D5EA96}"
EndProject
Project("{9A19103F-16F7-4668-BE54-9A1E7A4F7556}") = "R5T.T0172", "..\..\R5T.T0172\source\R5T.T0172\R5T.T0172.csproj", "{69EC446C-0AC0-49B8-992E-92217216347E}"
EndProject
Project("{9A19103F-16F7-4668-BE54-9A1E7A4F7556}") = "R5T.T0188", "..\..\R5T.T0188\source\R5T.T0188\R5T.T0188.csproj", "{2699A659-0D62-40F5-B234-00D01D0860FB}"
EndProject
Project("{9A19103F-16F7-4668-BE54-9A1E7A4F7556}") = "R5T.T0193", "..\..\R5T.T0193\source\R5T.T0193\R5T.T0193.csproj", "{36DC6A8F-3840-4403-B091-DC3A3BEE27C2}"
EndProject
Project("{9A19103F-16F7-4668-BE54-9A1E7A4F7556}") = "R5T.T0194", "..\..\R5T.T0194\source\R5T.T0194\R5T.T0194.csproj", "{58B8B9FC-690A-44B0-9C5D-EBF76879A105}"
EndProject
Project("{9A19103F-16F7-4668-BE54-9A1E7A4F7556}") = "R5T.T0195", "..\..\R5T.T0195\source\R5T.T0195\R5T.T0195.csproj", "{5A38231C-4CE6-47B4-AD93-004C23005F1B}"
EndProject
Project("{9A19103F-16F7-4668-BE54-9A1E7A4F7556}") = "R5T.T0198", "..\..\R5T.T0198\source\R5T.T0198\R5T.T0198.csproj", "{FB62966A-E1A2-49CE-A4E4-AFB4E0E88F42}"
EndProject
Project("{9A19103F-16F7-4668-BE54-9A1E7A4F7556}") = "R5T.T0201", "..\..\R5T.T0201\source\R5T.T0201\R5T.T0201.csproj", "{72E51AC7-6881-453B-9E85-7119A7248A67}"
EndProject
Project("{9A19103F-16F7-4668-BE54-9A1E7A4F7556}") = "R5T.T0202", "..\..\R5T.T0202\source\R5T.T0202\R5T.T0202.csproj", "{5E64DBE3-C3B4-4678-AA9E-0DB621598A1B}"
EndProject
Project("{9A19103F-16F7-4668-BE54-9A1E7A4F7556}") = "R5T.T0205", "..\..\R5T.T0205\source\R5T.T0205\R5T.T0205.csproj", "{568DB9C0-BFB5-4564-A7FE-749C1C92740D}"
EndProject
Project("{9A19103F-16F7-4668-BE54-9A1E7A4F7556}") = "R5T.T0206", "..\..\R5T.T0206\source\R5T.T0206\R5T.T0206.csproj", "{AB1722E6-CE6F-4011-9CB6-B0B5125DD824}"
EndProject
Project("{9A19103F-16F7-4668-BE54-9A1E7A4F7556}") = "R5T.Y0004", "..\..\R5T.Y0004\source\R5T.Y0004\R5T.Y0004.csproj", "{35EDA63A-412D-43B8-876B-E9CA47A7EAA7}"
EndProject
Project("{9A19103F-16F7-4668-BE54-9A1E7A4F7556}") = "R5T.Z0005", "..\..\R5T.Z0005\source\R5T.Z0005\R5T.Z0005.csproj", "{3392E652-7CE0-45CA-8B86-54CD2A7B6777}"
EndProject
Project("{9A19103F-16F7-4668-BE54-9A1E7A4F7556}") = "R5T.Z0009", "..\..\R5T.Z0009\source\R5T.Z0009\R5T.Z0009.csproj", "{8AA8287C-CE6F-44FF-B9FF-C02F8ADB0A18}"
EndProject
Project("{9A19103F-16F7-4668-BE54-9A1E7A4F7556}") = "R5T.Z0013", "..\..\R5T.Z0013\source\R5T.Z0013\R5T.Z0013.csproj", "{016E0531-DC64-4DF4-8087-4AA83A5F8894}"
EndProject
Project("{9A19103F-16F7-4668-BE54-9A1E7A4F7556}") = "R5T.Z0036", "..\..\R5T.Z0036\source\R5T.Z0036\R5T.Z0036.csproj", "{2488803A-C7DE-4D91-B2AA-5D758D36ACC2}"
EndProject
Project("{9A19103F-16F7-4668-BE54-9A1E7A4F7556}") = "R5T.Z0044.Z001", "..\..\R5T.Z0044\source\R5T.Z0044.Z001\R5T.Z0044.Z001.csproj", "{6BA9CD31-5DCA-4CA2-AD81-376BD11E2857}"
EndProject
Project("{9A19103F-16F7-4668-BE54-9A1E7A4F7556}") = "R5T.Z0045", "..\..\R5T.Z0045\source\R5T.Z0045\R5T.Z0045.csproj", "{930D1453-D580-41EB-9371-7F12641C24FC}"
EndProject
Project("{9A19103F-16F7-4668-BE54-9A1E7A4F7556}") = "R5T.Z0048", "..\..\R5T.Z0048\source\R5T.Z0048\R5T.Z0048.csproj", "{0E38424E-57DA-4C59-98C9-2996B1F5CC51}"
EndProject
Project("{9A19103F-16F7-4668-BE54-9A1E7A4F7556}") = "R5T.Z0050", "..\..\R5T.Z0050\source\R5T.Z0050\R5T.Z0050.csproj", "{7A9738DB-0680-4501-BA80-09E697C17C7D}"
EndProject
Project("{9A19103F-16F7-4668-BE54-9A1E7A4F7556}") = "R5T.Z0051", "..\..\R5T.Z0051\source\R5T.Z0051\R5T.Z0051.csproj", "{A81E6041-F06B-4B3F-A16B-61F054163358}"
EndProject
Global
	GlobalSection(NestedProjects) = preSolution
		{BF2C5685-226F-4425-B72E-5F7D8F211773} = {93CF3690-1202-4A22-AD96-6C31D5E0E49E}
		{8F224AE7-CC8B-4846-A54C-0A212A9BE642} = {93CF3690-1202-4A22-AD96-6C31D5E0E49E}
		{2203E6C8-637B-483D-B280-E2DD2A76F225} = {93CF3690-1202-4A22-AD96-6C31D5E0E49E}
		{640E6C66-746C-4CD6-BA33-E25A207B073B} = {93CF3690-1202-4A22-AD96-6C31D5E0E49E}
		{2840ADCB-9B73-4A78-B205-28E7E2A2D4E4} = {93CF3690-1202-4A22-AD96-6C31D5E0E49E}
		{95F839ED-AAF3-45F8-9154-EA632837C286} = {93CF3690-1202-4A22-AD96-6C31D5E0E49E}
		{3C80A459-6C63-46AE-B3DB-22D2F5ABF8E1} = {93CF3690-1202-4A22-AD96-6C31D5E0E49E}
		{840E3128-D56E-4989-BD1E-AF19AEE61F8F} = {93CF3690-1202-4A22-AD96-6C31D5E0E49E}
		{16045FCB-4B7D-4A3A-A27D-5E79ECD20A58} = {93CF3690-1202-4A22-AD96-6C31D5E0E49E}
		{305AB767-2A0E-49E3-A83E-EAD735871DA7} = {93CF3690-1202-4A22-AD96-6C31D5E0E49E}
		{1B06BEF8-4457-4EA6-A4E0-ABAC89635578} = {93CF3690-1202-4A22-AD96-6C31D5E0E49E}
		{B89AAF58-4DDD-4B3D-BD58-2E1925BC8FD2} = {93CF3690-1202-4A22-AD96-6C31D5E0E49E}
		{2080718B-F4EA-4004-BC5D-24516B07169E} = {93CF3690-1202-4A22-AD96-6C31D5E0E49E}
		{483A94FD-40D5-418C-898B-1D3A76FF322E} = {93CF3690-1202-4A22-AD96-6C31D5E0E49E}
		{DD2D15C0-8918-470F-A115-E68E2D6AC5E9} = {93CF3690-1202-4A22-AD96-6C31D5E0E49E}
		{A69D8220-BDF7-438C-92B8-50BF231E17ED} = {93CF3690-1202-4A22-AD96-6C31D5E0E49E}
		{05F3E523-A3A2-49CF-8757-902E76CE079C} = {93CF3690-1202-4A22-AD96-6C31D5E0E49E}
		{BA50195C-586F-4E7D-8740-7814E043A640} = {93CF3690-1202-4A22-AD96-6C31D5E0E49E}
		{1D9F0E93-1F0A-483A-9D56-082153E6EAFA} = {93CF3690-1202-4A22-AD96-6C31D5E0E49E}
		{15CED85F-1F51-468D-AB89-CEF980F486B2} = {93CF3690-1202-4A22-AD96-6C31D5E0E49E}
		{2FC4BEC2-6D10-427C-A686-C6286AB4B3A6} = {93CF3690-1202-4A22-AD96-6C31D5E0E49E}
		{ED937BB0-2E3A-46B6-9838-AF81B68B2417} = {93CF3690-1202-4A22-AD96-6C31D5E0E49E}
		{2DB3A7C4-D0E0-403F-9929-18DF34F23510} = {93CF3690-1202-4A22-AD96-6C31D5E0E49E}
		{1936EDCA-0F0B-49B3-9066-552183A45191} = {93CF3690-1202-4A22-AD96-6C31D5E0E49E}
		{1306B32A-0F47-4BF3-BE4F-81B6C709704C} = {93CF3690-1202-4A22-AD96-6C31D5E0E49E}
		{3B8F81C7-EC54-404B-AD48-E2B49750A67F} = {93CF3690-1202-4A22-AD96-6C31D5E0E49E}
		{03C54714-51D5-4C82-98BE-6F8A46733E67} = {93CF3690-1202-4A22-AD96-6C31D5E0E49E}
		{B764B4EB-A699-4920-8C41-2F3F9C448F98} = {93CF3690-1202-4A22-AD96-6C31D5E0E49E}
		{A94FEEC2-B4F1-4D02-AFB8-C9B03DFD6D21} = {93CF3690-1202-4A22-AD96-6C31D5E0E49E}
		{F543F84A-15E5-43B1-AD23-E87C87AAED42} = {93CF3690-1202-4A22-AD96-6C31D5E0E49E}
		{5C4ED0DE-5451-4E86-AB17-EBA65673929D} = {93CF3690-1202-4A22-AD96-6C31D5E0E49E}
		{A16C15EB-9EED-4E5D-ACEC-5AC61FBB8506} = {93CF3690-1202-4A22-AD96-6C31D5E0E49E}
		{E83846B6-8BD1-4AAD-B30E-A63D0913BB25} = {93CF3690-1202-4A22-AD96-6C31D5E0E49E}
		{A730E786-905C-4AD1-8571-5A856FDEBF94} = {93CF3690-1202-4A22-AD96-6C31D5E0E49E}
		{3ACE87C0-1E4A-4EE5-9B8A-E3052368DDF0} = {93CF3690-1202-4A22-AD96-6C31D5E0E49E}
		{6A20D6BE-E4FF-473F-BE7E-5C8BEE773ED0} = {93CF3690-1202-4A22-AD96-6C31D5E0E49E}
		{B02B0721-3105-430B-8539-01CFF11B971D} = {93CF3690-1202-4A22-AD96-6C31D5E0E49E}
		{D992FFC8-91EE-4066-A1AE-CD405DA9CD64} = {93CF3690-1202-4A22-AD96-6C31D5E0E49E}
		{D8482D5E-68FF-4650-8599-155F056DB3DF} = {93CF3690-1202-4A22-AD96-6C31D5E0E49E}
		{CD49B301-3E77-4CF4-82CE-0954F3508BE1} = {93CF3690-1202-4A22-AD96-6C31D5E0E49E}
		{C5C3F204-2A72-4B30-B14D-D34E226B11E0} = {93CF3690-1202-4A22-AD96-6C31D5E0E49E}
		{F38ACA6C-02CF-4605-A725-0C2524675BE1} = {93CF3690-1202-4A22-AD96-6C31D5E0E49E}
		{D4A6B289-E4BC-44B4-9B22-D519F615C48B} = {93CF3690-1202-4A22-AD96-6C31D5E0E49E}
		{2B1744E1-A0BC-44C0-807F-5B2F5B8C4195} = {93CF3690-1202-4A22-AD96-6C31D5E0E49E}
		{A2F44F9B-BF21-408F-B0DF-6F7C33FBB8A1} = {93CF3690-1202-4A22-AD96-6C31D5E0E49E}
		{FD5942E3-17C0-45D0-B835-795DF9262AE8} = {93CF3690-1202-4A22-AD96-6C31D5E0E49E}
		{BF254672-A7E0-45C1-9910-3508CAEFD21C} = {93CF3690-1202-4A22-AD96-6C31D5E0E49E}
		{F96B33FB-819B-4693-9F6D-8F96F8ED0A76} = {93CF3690-1202-4A22-AD96-6C31D5E0E49E}
		{8F78C27B-4413-4A5D-815F-ACEE8B78A6E1} = {93CF3690-1202-4A22-AD96-6C31D5E0E49E}
		{849C47F1-5010-4A90-B2B9-1065161F9490} = {93CF3690-1202-4A22-AD96-6C31D5E0E49E}
		{45506AEA-C37E-45E7-A9AB-7F18111C55F9} = {93CF3690-1202-4A22-AD96-6C31D5E0E49E}
		{E0D6D2A2-86EA-4459-BA2C-66C596892390} = {93CF3690-1202-4A22-AD96-6C31D5E0E49E}
		{0276AB95-D574-4863-909F-8AAC4E29EBAB} = {93CF3690-1202-4A22-AD96-6C31D5E0E49E}
		{6D6F3248-4C3B-4656-A594-7BFC261B76FA} = {93CF3690-1202-4A22-AD96-6C31D5E0E49E}
		{A9DF3184-839E-450B-B30B-12C7FD4CDD1C} = {93CF3690-1202-4A22-AD96-6C31D5E0E49E}
		{4CDDC8B9-858A-4B48-8174-520335B4A9E9} = {93CF3690-1202-4A22-AD96-6C31D5E0E49E}
		{4DD43EF9-75F2-4E8C-8631-4DC48E9E0AB4} = {93CF3690-1202-4A22-AD96-6C31D5E0E49E}
		{F28A0A2D-AB3D-4CC5-BD99-35DC489BDBFB} = {93CF3690-1202-4A22-AD96-6C31D5E0E49E}
		{1D5CDCB6-E0EC-4795-BA8E-FD26E66EDEBE} = {93CF3690-1202-4A22-AD96-6C31D5E0E49E}
		{055E9641-670B-48E2-9FA4-EB6AF3C95EC3} = {93CF3690-1202-4A22-AD96-6C31D5E0E49E}
		{3A61073C-2AD0-4EC9-89AE-6706B4D14FD1} = {93CF3690-1202-4A22-AD96-6C31D5E0E49E}
		{48739B31-8D18-4C5C-9A88-19C26040A1D5} = {93CF3690-1202-4A22-AD96-6C31D5E0E49E}
		{FA14C2D4-415E-4B96-9435-091A2F42CD82} = {93CF3690-1202-4A22-AD96-6C31D5E0E49E}
		{D821AF79-63A4-4910-B23C-3CB1181E590B} = {93CF3690-1202-4A22-AD96-6C31D5E0E49E}
		{DED33EFA-E206-4711-AF7B-E48F1FF2AE87} = {93CF3690-1202-4A22-AD96-6C31D5E0E49E}
		{D975D572-F634-48C0-B53F-8FAF2B7677CA} = {93CF3690-1202-4A22-AD96-6C31D5E0E49E}
		{0AE1D39C-18EC-4BEB-A190-08DE8C1DE4CB} = {93CF3690-1202-4A22-AD96-6C31D5E0E49E}
		{602BB482-6B54-4AA8-8F9C-4F83B98EBD43} = {93CF3690-1202-4A22-AD96-6C31D5E0E49E}
		{DA7C0F47-F544-4754-9E6E-F53E9E5E3C2A} = {93CF3690-1202-4A22-AD96-6C31D5E0E49E}
		{285E3998-209A-4982-98A9-CEE50F9CF835} = {93CF3690-1202-4A22-AD96-6C31D5E0E49E}
		{F3DFCF38-3894-4E88-BAAC-E3588D5816F0} = {93CF3690-1202-4A22-AD96-6C31D5E0E49E}
		{BBEB05F8-3FE1-4C66-81FE-8158E94D5FDF} = {93CF3690-1202-4A22-AD96-6C31D5E0E49E}
		{83DFA82B-83D2-4F32-AC91-0D8D88400F68} = {93CF3690-1202-4A22-AD96-6C31D5E0E49E}
		{E4190AB8-D0B5-4318-A576-BD5D75B64D1D} = {93CF3690-1202-4A22-AD96-6C31D5E0E49E}
		{684F998A-229B-46F2-B31D-0F0990FD024D} = {93CF3690-1202-4A22-AD96-6C31D5E0E49E}
		{A66F882A-58CF-49EB-A112-FEEEF1AEC414} = {93CF3690-1202-4A22-AD96-6C31D5E0E49E}
		{96D1E73D-3DFA-4D2C-9110-C92F877A8FAF} = {93CF3690-1202-4A22-AD96-6C31D5E0E49E}
		{58D28253-98D1-4D02-B189-D780B3C26176} = {93CF3690-1202-4A22-AD96-6C31D5E0E49E}
		{5CD32007-E0EC-4359-BD85-8C2F5141FF46} = {93CF3690-1202-4A22-AD96-6C31D5E0E49E}
		{90C9F655-A05C-4B45-9F9C-CD825E4CC526} = {93CF3690-1202-4A22-AD96-6C31D5E0E49E}
		{C92C1EEB-BF28-41EB-AAEC-683FEC588A8A} = {93CF3690-1202-4A22-AD96-6C31D5E0E49E}
		{3F38CE49-2E28-437B-B499-4DFCD305B12F} = {93CF3690-1202-4A22-AD96-6C31D5E0E49E}
		{F2F2D1F0-CDFD-4C3C-8ECC-66267B093226} = {93CF3690-1202-4A22-AD96-6C31D5E0E49E}
		{BC5BE4D4-846D-4C4E-AF8B-87692461FB16} = {93CF3690-1202-4A22-AD96-6C31D5E0E49E}
		{17D22D93-03F6-450D-A927-2230D95426C5} = {93CF3690-1202-4A22-AD96-6C31D5E0E49E}
		{F51F0455-EF9C-444A-AA32-29A98500761B} = {93CF3690-1202-4A22-AD96-6C31D5E0E49E}
		{54906104-EC84-4528-A360-F2D08731C79E} = {93CF3690-1202-4A22-AD96-6C31D5E0E49E}
		{36B8162D-C8EC-4AD8-A37F-D9DD95047743} = {93CF3690-1202-4A22-AD96-6C31D5E0E49E}
		{804DD0A6-4AC0-4B96-BEE7-EB27F510AA4E} = {93CF3690-1202-4A22-AD96-6C31D5E0E49E}
		{2489D856-28D5-4C90-868D-50D9DB675DCC} = {93CF3690-1202-4A22-AD96-6C31D5E0E49E}
		{02685620-C17A-4E0E-8481-05781D88979C} = {93CF3690-1202-4A22-AD96-6C31D5E0E49E}
		{CA609DE3-947C-4776-915B-3F30C7E828B7} = {93CF3690-1202-4A22-AD96-6C31D5E0E49E}
		{EA89FABE-13A0-490C-86D0-37AB40E73048} = {93CF3690-1202-4A22-AD96-6C31D5E0E49E}
		{2AE36267-B501-4DCF-B2BF-FD517BCDA61F} = {93CF3690-1202-4A22-AD96-6C31D5E0E49E}
		{18F48BAA-01C0-438F-A531-FE390E6A25DA} = {93CF3690-1202-4A22-AD96-6C31D5E0E49E}
		{A9FDF25F-FC1E-424E-9FF7-DFF4697FDDCC} = {93CF3690-1202-4A22-AD96-6C31D5E0E49E}
		{D7E3C3F3-E574-4399-911E-7E635A431DB9} = {93CF3690-1202-4A22-AD96-6C31D5E0E49E}
		{B5C9D135-F979-47D7-A2E3-D8BE974EA55B} = {93CF3690-1202-4A22-AD96-6C31D5E0E49E}
		{78A15830-6E91-4058-9F8F-82EEF3076AC4} = {93CF3690-1202-4A22-AD96-6C31D5E0E49E}
		{BA727009-2031-48C3-BB6D-66ACABB9ABAB} = {93CF3690-1202-4A22-AD96-6C31D5E0E49E}
		{9984A6AA-B9A0-4AD5-A827-72B030D00D69} = {93CF3690-1202-4A22-AD96-6C31D5E0E49E}
		{CEA5F811-C712-47E5-9984-F32D0CD316E7} = {93CF3690-1202-4A22-AD96-6C31D5E0E49E}
		{EB9BC3A0-BF3D-47B2-86D5-7DBC8B7114E4} = {93CF3690-1202-4A22-AD96-6C31D5E0E49E}
		{80D7637E-0C97-49DA-A345-397FCD5E01DD} = {93CF3690-1202-4A22-AD96-6C31D5E0E49E}
		{7803AD13-2788-4F24-8C72-EE9031DE62F2} = {93CF3690-1202-4A22-AD96-6C31D5E0E49E}
		{4EB2F5CF-E462-48C6-80E5-C19E86AC8492} = {93CF3690-1202-4A22-AD96-6C31D5E0E49E}
		{4FBEEC86-30E4-4B4D-BCFC-98ACC5B60E08} = {93CF3690-1202-4A22-AD96-6C31D5E0E49E}
		{90D89125-D32B-45EC-898F-0CF3C3AB4D80} = {93CF3690-1202-4A22-AD96-6C31D5E0E49E}
		{8C4DF376-7295-405A-8586-8051CED5BC74} = {93CF3690-1202-4A22-AD96-6C31D5E0E49E}
		{EE276668-D63C-405D-9141-3520CE4E1062} = {93CF3690-1202-4A22-AD96-6C31D5E0E49E}
		{1A47806D-F5E9-47E9-9D42-28FC20A401AD} = {93CF3690-1202-4A22-AD96-6C31D5E0E49E}
		{8A705373-1E16-479B-AF35-1A110982254D} = {93CF3690-1202-4A22-AD96-6C31D5E0E49E}
		{8660A1ED-D928-425F-83EC-9156B86D66CF} = {93CF3690-1202-4A22-AD96-6C31D5E0E49E}
		{7110189D-C5B0-476D-B31D-3E75A7D77967} = {93CF3690-1202-4A22-AD96-6C31D5E0E49E}
		{EA1F739E-DA27-4FDE-BFB8-D4E9EBA89B44} = {93CF3690-1202-4A22-AD96-6C31D5E0E49E}
		{EB4CCCD3-3EAF-40C4-8765-1521217CFC23} = {93CF3690-1202-4A22-AD96-6C31D5E0E49E}
		{6FCB9C43-96E4-491D-A6AE-3CD753D58786} = {93CF3690-1202-4A22-AD96-6C31D5E0E49E}
		{0E071CD8-ACCB-40AF-8533-945E1DF17042} = {93CF3690-1202-4A22-AD96-6C31D5E0E49E}
		{93CDFED8-F231-4E91-8347-33D53CD40E2E} = {93CF3690-1202-4A22-AD96-6C31D5E0E49E}
		{FC708CE9-2034-4836-A35D-FBCB61442B0C} = {93CF3690-1202-4A22-AD96-6C31D5E0E49E}
		{56622F07-5A2C-4ECD-AA50-0C8B40526CD8} = {93CF3690-1202-4A22-AD96-6C31D5E0E49E}
		{84592B77-7A1D-448C-A96E-45A022E821E3} = {93CF3690-1202-4A22-AD96-6C31D5E0E49E}
		{B2F14A37-9DC1-4A37-97C8-0367C6B1FEFF} = {93CF3690-1202-4A22-AD96-6C31D5E0E49E}
		{A4E3BD5D-1242-4EED-85C7-F19A4E9DFA1C} = {93CF3690-1202-4A22-AD96-6C31D5E0E49E}
		{38769531-5C00-4F26-AE48-843971225A5D} = {93CF3690-1202-4A22-AD96-6C31D5E0E49E}
		{BDCEE247-8560-42E5-9898-B39FADCA0C01} = {93CF3690-1202-4A22-AD96-6C31D5E0E49E}
		{BD890D9D-0A76-4061-94A3-614D11EF89F7} = {93CF3690-1202-4A22-AD96-6C31D5E0E49E}
		{C9DDBACA-4F19-4C02-AD9B-BE100BD6DBFA} = {93CF3690-1202-4A22-AD96-6C31D5E0E49E}
		{F751A9A5-BDE9-4D1B-BD6C-95E870F3113C} = {93CF3690-1202-4A22-AD96-6C31D5E0E49E}
		{E3ECE838-7B07-4F38-9FCE-4A90A6D5EA96} = {93CF3690-1202-4A22-AD96-6C31D5E0E49E}
		{69EC446C-0AC0-49B8-992E-92217216347E} = {93CF3690-1202-4A22-AD96-6C31D5E0E49E}
		{2699A659-0D62-40F5-B234-00D01D0860FB} = {93CF3690-1202-4A22-AD96-6C31D5E0E49E}
		{36DC6A8F-3840-4403-B091-DC3A3BEE27C2} = {93CF3690-1202-4A22-AD96-6C31D5E0E49E}
		{58B8B9FC-690A-44B0-9C5D-EBF76879A105} = {93CF3690-1202-4A22-AD96-6C31D5E0E49E}
		{5A38231C-4CE6-47B4-AD93-004C23005F1B} = {93CF3690-1202-4A22-AD96-6C31D5E0E49E}
		{FB62966A-E1A2-49CE-A4E4-AFB4E0E88F42} = {93CF3690-1202-4A22-AD96-6C31D5E0E49E}
		{72E51AC7-6881-453B-9E85-7119A7248A67} = {93CF3690-1202-4A22-AD96-6C31D5E0E49E}
		{5E64DBE3-C3B4-4678-AA9E-0DB621598A1B} = {93CF3690-1202-4A22-AD96-6C31D5E0E49E}
		{568DB9C0-BFB5-4564-A7FE-749C1C92740D} = {93CF3690-1202-4A22-AD96-6C31D5E0E49E}
		{AB1722E6-CE6F-4011-9CB6-B0B5125DD824} = {93CF3690-1202-4A22-AD96-6C31D5E0E49E}
		{35EDA63A-412D-43B8-876B-E9CA47A7EAA7} = {93CF3690-1202-4A22-AD96-6C31D5E0E49E}
		{3392E652-7CE0-45CA-8B86-54CD2A7B6777} = {93CF3690-1202-4A22-AD96-6C31D5E0E49E}
		{8AA8287C-CE6F-44FF-B9FF-C02F8ADB0A18} = {93CF3690-1202-4A22-AD96-6C31D5E0E49E}
		{016E0531-DC64-4DF4-8087-4AA83A5F8894} = {93CF3690-1202-4A22-AD96-6C31D5E0E49E}
		{2488803A-C7DE-4D91-B2AA-5D758D36ACC2} = {93CF3690-1202-4A22-AD96-6C31D5E0E49E}
		{6BA9CD31-5DCA-4CA2-AD81-376BD11E2857} = {93CF3690-1202-4A22-AD96-6C31D5E0E49E}
		{930D1453-D580-41EB-9371-7F12641C24FC} = {93CF3690-1202-4A22-AD96-6C31D5E0E49E}
		{0E38424E-57DA-4C59-98C9-2996B1F5CC51} = {93CF3690-1202-4A22-AD96-6C31D5E0E49E}
		{7A9738DB-0680-4501-BA80-09E697C17C7D} = {93CF3690-1202-4A22-AD96-6C31D5E0E49E}
		{A81E6041-F06B-4B3F-A16B-61F054163358} = {93CF3690-1202-4A22-AD96-6C31D5E0E49E}
	EndGlobalSection
	GlobalSection(SolutionConfigurationPlatforms) = preSolution
		Debug|Any CPU = Debug|Any CPU
		Release|Any CPU = Release|Any CPU
	EndGlobalSection
	GlobalSection(ProjectConfigurationPlatforms) = postSolution
		{5852F59F-A3B2-487C-8519-86AF73CBAF3D}.Debug|Any CPU.ActiveCfg = Debug|Any CPU
		{5852F59F-A3B2-487C-8519-86AF73CBAF3D}.Debug|Any CPU.Build.0 = Debug|Any CPU
		{5852F59F-A3B2-487C-8519-86AF73CBAF3D}.Release|Any CPU.ActiveCfg = Release|Any CPU
		{5852F59F-A3B2-487C-8519-86AF73CBAF3D}.Release|Any CPU.Build.0 = Release|Any CPU
		{BF2C5685-226F-4425-B72E-5F7D8F211773}.Debug|Any CPU.ActiveCfg = Debug|Any CPU
		{BF2C5685-226F-4425-B72E-5F7D8F211773}.Debug|Any CPU.Build.0 = Debug|Any CPU
		{BF2C5685-226F-4425-B72E-5F7D8F211773}.Release|Any CPU.ActiveCfg = Release|Any CPU
		{BF2C5685-226F-4425-B72E-5F7D8F211773}.Release|Any CPU.Build.0 = Release|Any CPU
		{8F224AE7-CC8B-4846-A54C-0A212A9BE642}.Debug|Any CPU.ActiveCfg = Debug|Any CPU
		{8F224AE7-CC8B-4846-A54C-0A212A9BE642}.Debug|Any CPU.Build.0 = Debug|Any CPU
		{8F224AE7-CC8B-4846-A54C-0A212A9BE642}.Release|Any CPU.ActiveCfg = Release|Any CPU
		{8F224AE7-CC8B-4846-A54C-0A212A9BE642}.Release|Any CPU.Build.0 = Release|Any CPU
		{2203E6C8-637B-483D-B280-E2DD2A76F225}.Debug|Any CPU.ActiveCfg = Debug|Any CPU
		{2203E6C8-637B-483D-B280-E2DD2A76F225}.Debug|Any CPU.Build.0 = Debug|Any CPU
		{2203E6C8-637B-483D-B280-E2DD2A76F225}.Release|Any CPU.ActiveCfg = Release|Any CPU
		{2203E6C8-637B-483D-B280-E2DD2A76F225}.Release|Any CPU.Build.0 = Release|Any CPU
		{640E6C66-746C-4CD6-BA33-E25A207B073B}.Debug|Any CPU.ActiveCfg = Debug|Any CPU
		{640E6C66-746C-4CD6-BA33-E25A207B073B}.Debug|Any CPU.Build.0 = Debug|Any CPU
		{640E6C66-746C-4CD6-BA33-E25A207B073B}.Release|Any CPU.ActiveCfg = Release|Any CPU
		{640E6C66-746C-4CD6-BA33-E25A207B073B}.Release|Any CPU.Build.0 = Release|Any CPU
		{2840ADCB-9B73-4A78-B205-28E7E2A2D4E4}.Debug|Any CPU.ActiveCfg = Debug|Any CPU
		{2840ADCB-9B73-4A78-B205-28E7E2A2D4E4}.Debug|Any CPU.Build.0 = Debug|Any CPU
		{2840ADCB-9B73-4A78-B205-28E7E2A2D4E4}.Release|Any CPU.ActiveCfg = Release|Any CPU
		{2840ADCB-9B73-4A78-B205-28E7E2A2D4E4}.Release|Any CPU.Build.0 = Release|Any CPU
		{95F839ED-AAF3-45F8-9154-EA632837C286}.Debug|Any CPU.ActiveCfg = Debug|Any CPU
		{95F839ED-AAF3-45F8-9154-EA632837C286}.Debug|Any CPU.Build.0 = Debug|Any CPU
		{95F839ED-AAF3-45F8-9154-EA632837C286}.Release|Any CPU.ActiveCfg = Release|Any CPU
		{95F839ED-AAF3-45F8-9154-EA632837C286}.Release|Any CPU.Build.0 = Release|Any CPU
		{3C80A459-6C63-46AE-B3DB-22D2F5ABF8E1}.Debug|Any CPU.ActiveCfg = Debug|Any CPU
		{3C80A459-6C63-46AE-B3DB-22D2F5ABF8E1}.Debug|Any CPU.Build.0 = Debug|Any CPU
		{3C80A459-6C63-46AE-B3DB-22D2F5ABF8E1}.Release|Any CPU.ActiveCfg = Release|Any CPU
		{3C80A459-6C63-46AE-B3DB-22D2F5ABF8E1}.Release|Any CPU.Build.0 = Release|Any CPU
		{840E3128-D56E-4989-BD1E-AF19AEE61F8F}.Debug|Any CPU.ActiveCfg = Debug|Any CPU
		{840E3128-D56E-4989-BD1E-AF19AEE61F8F}.Debug|Any CPU.Build.0 = Debug|Any CPU
		{840E3128-D56E-4989-BD1E-AF19AEE61F8F}.Release|Any CPU.ActiveCfg = Release|Any CPU
		{840E3128-D56E-4989-BD1E-AF19AEE61F8F}.Release|Any CPU.Build.0 = Release|Any CPU
		{16045FCB-4B7D-4A3A-A27D-5E79ECD20A58}.Debug|Any CPU.ActiveCfg = Debug|Any CPU
		{16045FCB-4B7D-4A3A-A27D-5E79ECD20A58}.Debug|Any CPU.Build.0 = Debug|Any CPU
		{16045FCB-4B7D-4A3A-A27D-5E79ECD20A58}.Release|Any CPU.ActiveCfg = Release|Any CPU
		{16045FCB-4B7D-4A3A-A27D-5E79ECD20A58}.Release|Any CPU.Build.0 = Release|Any CPU
		{305AB767-2A0E-49E3-A83E-EAD735871DA7}.Debug|Any CPU.ActiveCfg = Debug|Any CPU
		{305AB767-2A0E-49E3-A83E-EAD735871DA7}.Debug|Any CPU.Build.0 = Debug|Any CPU
		{305AB767-2A0E-49E3-A83E-EAD735871DA7}.Release|Any CPU.ActiveCfg = Release|Any CPU
		{305AB767-2A0E-49E3-A83E-EAD735871DA7}.Release|Any CPU.Build.0 = Release|Any CPU
		{1B06BEF8-4457-4EA6-A4E0-ABAC89635578}.Debug|Any CPU.ActiveCfg = Debug|Any CPU
		{1B06BEF8-4457-4EA6-A4E0-ABAC89635578}.Debug|Any CPU.Build.0 = Debug|Any CPU
		{1B06BEF8-4457-4EA6-A4E0-ABAC89635578}.Release|Any CPU.ActiveCfg = Release|Any CPU
		{1B06BEF8-4457-4EA6-A4E0-ABAC89635578}.Release|Any CPU.Build.0 = Release|Any CPU
		{B89AAF58-4DDD-4B3D-BD58-2E1925BC8FD2}.Debug|Any CPU.ActiveCfg = Debug|Any CPU
		{B89AAF58-4DDD-4B3D-BD58-2E1925BC8FD2}.Debug|Any CPU.Build.0 = Debug|Any CPU
		{B89AAF58-4DDD-4B3D-BD58-2E1925BC8FD2}.Release|Any CPU.ActiveCfg = Release|Any CPU
		{B89AAF58-4DDD-4B3D-BD58-2E1925BC8FD2}.Release|Any CPU.Build.0 = Release|Any CPU
		{2080718B-F4EA-4004-BC5D-24516B07169E}.Debug|Any CPU.ActiveCfg = Debug|Any CPU
		{2080718B-F4EA-4004-BC5D-24516B07169E}.Debug|Any CPU.Build.0 = Debug|Any CPU
		{2080718B-F4EA-4004-BC5D-24516B07169E}.Release|Any CPU.ActiveCfg = Release|Any CPU
		{2080718B-F4EA-4004-BC5D-24516B07169E}.Release|Any CPU.Build.0 = Release|Any CPU
		{483A94FD-40D5-418C-898B-1D3A76FF322E}.Debug|Any CPU.ActiveCfg = Debug|Any CPU
		{483A94FD-40D5-418C-898B-1D3A76FF322E}.Debug|Any CPU.Build.0 = Debug|Any CPU
		{483A94FD-40D5-418C-898B-1D3A76FF322E}.Release|Any CPU.ActiveCfg = Release|Any CPU
		{483A94FD-40D5-418C-898B-1D3A76FF322E}.Release|Any CPU.Build.0 = Release|Any CPU
		{DD2D15C0-8918-470F-A115-E68E2D6AC5E9}.Debug|Any CPU.ActiveCfg = Debug|Any CPU
		{DD2D15C0-8918-470F-A115-E68E2D6AC5E9}.Debug|Any CPU.Build.0 = Debug|Any CPU
		{DD2D15C0-8918-470F-A115-E68E2D6AC5E9}.Release|Any CPU.ActiveCfg = Release|Any CPU
		{DD2D15C0-8918-470F-A115-E68E2D6AC5E9}.Release|Any CPU.Build.0 = Release|Any CPU
		{A69D8220-BDF7-438C-92B8-50BF231E17ED}.Debug|Any CPU.ActiveCfg = Debug|Any CPU
		{A69D8220-BDF7-438C-92B8-50BF231E17ED}.Debug|Any CPU.Build.0 = Debug|Any CPU
		{A69D8220-BDF7-438C-92B8-50BF231E17ED}.Release|Any CPU.ActiveCfg = Release|Any CPU
		{A69D8220-BDF7-438C-92B8-50BF231E17ED}.Release|Any CPU.Build.0 = Release|Any CPU
		{05F3E523-A3A2-49CF-8757-902E76CE079C}.Debug|Any CPU.ActiveCfg = Debug|Any CPU
		{05F3E523-A3A2-49CF-8757-902E76CE079C}.Debug|Any CPU.Build.0 = Debug|Any CPU
		{05F3E523-A3A2-49CF-8757-902E76CE079C}.Release|Any CPU.ActiveCfg = Release|Any CPU
		{05F3E523-A3A2-49CF-8757-902E76CE079C}.Release|Any CPU.Build.0 = Release|Any CPU
		{BA50195C-586F-4E7D-8740-7814E043A640}.Debug|Any CPU.ActiveCfg = Debug|Any CPU
		{BA50195C-586F-4E7D-8740-7814E043A640}.Debug|Any CPU.Build.0 = Debug|Any CPU
		{BA50195C-586F-4E7D-8740-7814E043A640}.Release|Any CPU.ActiveCfg = Release|Any CPU
		{BA50195C-586F-4E7D-8740-7814E043A640}.Release|Any CPU.Build.0 = Release|Any CPU
		{1D9F0E93-1F0A-483A-9D56-082153E6EAFA}.Debug|Any CPU.ActiveCfg = Debug|Any CPU
		{1D9F0E93-1F0A-483A-9D56-082153E6EAFA}.Debug|Any CPU.Build.0 = Debug|Any CPU
		{1D9F0E93-1F0A-483A-9D56-082153E6EAFA}.Release|Any CPU.ActiveCfg = Release|Any CPU
		{1D9F0E93-1F0A-483A-9D56-082153E6EAFA}.Release|Any CPU.Build.0 = Release|Any CPU
		{15CED85F-1F51-468D-AB89-CEF980F486B2}.Debug|Any CPU.ActiveCfg = Debug|Any CPU
		{15CED85F-1F51-468D-AB89-CEF980F486B2}.Debug|Any CPU.Build.0 = Debug|Any CPU
		{15CED85F-1F51-468D-AB89-CEF980F486B2}.Release|Any CPU.ActiveCfg = Release|Any CPU
		{15CED85F-1F51-468D-AB89-CEF980F486B2}.Release|Any CPU.Build.0 = Release|Any CPU
		{2FC4BEC2-6D10-427C-A686-C6286AB4B3A6}.Debug|Any CPU.ActiveCfg = Debug|Any CPU
		{2FC4BEC2-6D10-427C-A686-C6286AB4B3A6}.Debug|Any CPU.Build.0 = Debug|Any CPU
		{2FC4BEC2-6D10-427C-A686-C6286AB4B3A6}.Release|Any CPU.ActiveCfg = Release|Any CPU
		{2FC4BEC2-6D10-427C-A686-C6286AB4B3A6}.Release|Any CPU.Build.0 = Release|Any CPU
		{ED937BB0-2E3A-46B6-9838-AF81B68B2417}.Debug|Any CPU.ActiveCfg = Debug|Any CPU
		{ED937BB0-2E3A-46B6-9838-AF81B68B2417}.Debug|Any CPU.Build.0 = Debug|Any CPU
		{ED937BB0-2E3A-46B6-9838-AF81B68B2417}.Release|Any CPU.ActiveCfg = Release|Any CPU
		{ED937BB0-2E3A-46B6-9838-AF81B68B2417}.Release|Any CPU.Build.0 = Release|Any CPU
		{2DB3A7C4-D0E0-403F-9929-18DF34F23510}.Debug|Any CPU.ActiveCfg = Debug|Any CPU
		{2DB3A7C4-D0E0-403F-9929-18DF34F23510}.Debug|Any CPU.Build.0 = Debug|Any CPU
		{2DB3A7C4-D0E0-403F-9929-18DF34F23510}.Release|Any CPU.ActiveCfg = Release|Any CPU
		{2DB3A7C4-D0E0-403F-9929-18DF34F23510}.Release|Any CPU.Build.0 = Release|Any CPU
		{1936EDCA-0F0B-49B3-9066-552183A45191}.Debug|Any CPU.ActiveCfg = Debug|Any CPU
		{1936EDCA-0F0B-49B3-9066-552183A45191}.Debug|Any CPU.Build.0 = Debug|Any CPU
		{1936EDCA-0F0B-49B3-9066-552183A45191}.Release|Any CPU.ActiveCfg = Release|Any CPU
		{1936EDCA-0F0B-49B3-9066-552183A45191}.Release|Any CPU.Build.0 = Release|Any CPU
		{1306B32A-0F47-4BF3-BE4F-81B6C709704C}.Debug|Any CPU.ActiveCfg = Debug|Any CPU
		{1306B32A-0F47-4BF3-BE4F-81B6C709704C}.Debug|Any CPU.Build.0 = Debug|Any CPU
		{1306B32A-0F47-4BF3-BE4F-81B6C709704C}.Release|Any CPU.ActiveCfg = Release|Any CPU
		{1306B32A-0F47-4BF3-BE4F-81B6C709704C}.Release|Any CPU.Build.0 = Release|Any CPU
		{3B8F81C7-EC54-404B-AD48-E2B49750A67F}.Debug|Any CPU.ActiveCfg = Debug|Any CPU
		{3B8F81C7-EC54-404B-AD48-E2B49750A67F}.Debug|Any CPU.Build.0 = Debug|Any CPU
		{3B8F81C7-EC54-404B-AD48-E2B49750A67F}.Release|Any CPU.ActiveCfg = Release|Any CPU
		{3B8F81C7-EC54-404B-AD48-E2B49750A67F}.Release|Any CPU.Build.0 = Release|Any CPU
		{03C54714-51D5-4C82-98BE-6F8A46733E67}.Debug|Any CPU.ActiveCfg = Debug|Any CPU
		{03C54714-51D5-4C82-98BE-6F8A46733E67}.Debug|Any CPU.Build.0 = Debug|Any CPU
		{03C54714-51D5-4C82-98BE-6F8A46733E67}.Release|Any CPU.ActiveCfg = Release|Any CPU
		{03C54714-51D5-4C82-98BE-6F8A46733E67}.Release|Any CPU.Build.0 = Release|Any CPU
		{B764B4EB-A699-4920-8C41-2F3F9C448F98}.Debug|Any CPU.ActiveCfg = Debug|Any CPU
		{B764B4EB-A699-4920-8C41-2F3F9C448F98}.Debug|Any CPU.Build.0 = Debug|Any CPU
		{B764B4EB-A699-4920-8C41-2F3F9C448F98}.Release|Any CPU.ActiveCfg = Release|Any CPU
		{B764B4EB-A699-4920-8C41-2F3F9C448F98}.Release|Any CPU.Build.0 = Release|Any CPU
		{A94FEEC2-B4F1-4D02-AFB8-C9B03DFD6D21}.Debug|Any CPU.ActiveCfg = Debug|Any CPU
		{A94FEEC2-B4F1-4D02-AFB8-C9B03DFD6D21}.Debug|Any CPU.Build.0 = Debug|Any CPU
		{A94FEEC2-B4F1-4D02-AFB8-C9B03DFD6D21}.Release|Any CPU.ActiveCfg = Release|Any CPU
		{A94FEEC2-B4F1-4D02-AFB8-C9B03DFD6D21}.Release|Any CPU.Build.0 = Release|Any CPU
		{F543F84A-15E5-43B1-AD23-E87C87AAED42}.Debug|Any CPU.ActiveCfg = Debug|Any CPU
		{F543F84A-15E5-43B1-AD23-E87C87AAED42}.Debug|Any CPU.Build.0 = Debug|Any CPU
		{F543F84A-15E5-43B1-AD23-E87C87AAED42}.Release|Any CPU.ActiveCfg = Release|Any CPU
		{F543F84A-15E5-43B1-AD23-E87C87AAED42}.Release|Any CPU.Build.0 = Release|Any CPU
		{5C4ED0DE-5451-4E86-AB17-EBA65673929D}.Debug|Any CPU.ActiveCfg = Debug|Any CPU
		{5C4ED0DE-5451-4E86-AB17-EBA65673929D}.Debug|Any CPU.Build.0 = Debug|Any CPU
		{5C4ED0DE-5451-4E86-AB17-EBA65673929D}.Release|Any CPU.ActiveCfg = Release|Any CPU
		{5C4ED0DE-5451-4E86-AB17-EBA65673929D}.Release|Any CPU.Build.0 = Release|Any CPU
		{A16C15EB-9EED-4E5D-ACEC-5AC61FBB8506}.Debug|Any CPU.ActiveCfg = Debug|Any CPU
		{A16C15EB-9EED-4E5D-ACEC-5AC61FBB8506}.Debug|Any CPU.Build.0 = Debug|Any CPU
		{A16C15EB-9EED-4E5D-ACEC-5AC61FBB8506}.Release|Any CPU.ActiveCfg = Release|Any CPU
		{A16C15EB-9EED-4E5D-ACEC-5AC61FBB8506}.Release|Any CPU.Build.0 = Release|Any CPU
		{E83846B6-8BD1-4AAD-B30E-A63D0913BB25}.Debug|Any CPU.ActiveCfg = Debug|Any CPU
		{E83846B6-8BD1-4AAD-B30E-A63D0913BB25}.Debug|Any CPU.Build.0 = Debug|Any CPU
		{E83846B6-8BD1-4AAD-B30E-A63D0913BB25}.Release|Any CPU.ActiveCfg = Release|Any CPU
		{E83846B6-8BD1-4AAD-B30E-A63D0913BB25}.Release|Any CPU.Build.0 = Release|Any CPU
		{A730E786-905C-4AD1-8571-5A856FDEBF94}.Debug|Any CPU.ActiveCfg = Debug|Any CPU
		{A730E786-905C-4AD1-8571-5A856FDEBF94}.Debug|Any CPU.Build.0 = Debug|Any CPU
		{A730E786-905C-4AD1-8571-5A856FDEBF94}.Release|Any CPU.ActiveCfg = Release|Any CPU
		{A730E786-905C-4AD1-8571-5A856FDEBF94}.Release|Any CPU.Build.0 = Release|Any CPU
		{3ACE87C0-1E4A-4EE5-9B8A-E3052368DDF0}.Debug|Any CPU.ActiveCfg = Debug|Any CPU
		{3ACE87C0-1E4A-4EE5-9B8A-E3052368DDF0}.Debug|Any CPU.Build.0 = Debug|Any CPU
		{3ACE87C0-1E4A-4EE5-9B8A-E3052368DDF0}.Release|Any CPU.ActiveCfg = Release|Any CPU
		{3ACE87C0-1E4A-4EE5-9B8A-E3052368DDF0}.Release|Any CPU.Build.0 = Release|Any CPU
		{6A20D6BE-E4FF-473F-BE7E-5C8BEE773ED0}.Debug|Any CPU.ActiveCfg = Debug|Any CPU
		{6A20D6BE-E4FF-473F-BE7E-5C8BEE773ED0}.Debug|Any CPU.Build.0 = Debug|Any CPU
		{6A20D6BE-E4FF-473F-BE7E-5C8BEE773ED0}.Release|Any CPU.ActiveCfg = Release|Any CPU
		{6A20D6BE-E4FF-473F-BE7E-5C8BEE773ED0}.Release|Any CPU.Build.0 = Release|Any CPU
		{B02B0721-3105-430B-8539-01CFF11B971D}.Debug|Any CPU.ActiveCfg = Debug|Any CPU
		{B02B0721-3105-430B-8539-01CFF11B971D}.Debug|Any CPU.Build.0 = Debug|Any CPU
		{B02B0721-3105-430B-8539-01CFF11B971D}.Release|Any CPU.ActiveCfg = Release|Any CPU
		{B02B0721-3105-430B-8539-01CFF11B971D}.Release|Any CPU.Build.0 = Release|Any CPU
		{D992FFC8-91EE-4066-A1AE-CD405DA9CD64}.Debug|Any CPU.ActiveCfg = Debug|Any CPU
		{D992FFC8-91EE-4066-A1AE-CD405DA9CD64}.Debug|Any CPU.Build.0 = Debug|Any CPU
		{D992FFC8-91EE-4066-A1AE-CD405DA9CD64}.Release|Any CPU.ActiveCfg = Release|Any CPU
		{D992FFC8-91EE-4066-A1AE-CD405DA9CD64}.Release|Any CPU.Build.0 = Release|Any CPU
		{D8482D5E-68FF-4650-8599-155F056DB3DF}.Debug|Any CPU.ActiveCfg = Debug|Any CPU
		{D8482D5E-68FF-4650-8599-155F056DB3DF}.Debug|Any CPU.Build.0 = Debug|Any CPU
		{D8482D5E-68FF-4650-8599-155F056DB3DF}.Release|Any CPU.ActiveCfg = Release|Any CPU
		{D8482D5E-68FF-4650-8599-155F056DB3DF}.Release|Any CPU.Build.0 = Release|Any CPU
		{CD49B301-3E77-4CF4-82CE-0954F3508BE1}.Debug|Any CPU.ActiveCfg = Debug|Any CPU
		{CD49B301-3E77-4CF4-82CE-0954F3508BE1}.Debug|Any CPU.Build.0 = Debug|Any CPU
		{CD49B301-3E77-4CF4-82CE-0954F3508BE1}.Release|Any CPU.ActiveCfg = Release|Any CPU
		{CD49B301-3E77-4CF4-82CE-0954F3508BE1}.Release|Any CPU.Build.0 = Release|Any CPU
		{C5C3F204-2A72-4B30-B14D-D34E226B11E0}.Debug|Any CPU.ActiveCfg = Debug|Any CPU
		{C5C3F204-2A72-4B30-B14D-D34E226B11E0}.Debug|Any CPU.Build.0 = Debug|Any CPU
		{C5C3F204-2A72-4B30-B14D-D34E226B11E0}.Release|Any CPU.ActiveCfg = Release|Any CPU
		{C5C3F204-2A72-4B30-B14D-D34E226B11E0}.Release|Any CPU.Build.0 = Release|Any CPU
		{F38ACA6C-02CF-4605-A725-0C2524675BE1}.Debug|Any CPU.ActiveCfg = Debug|Any CPU
		{F38ACA6C-02CF-4605-A725-0C2524675BE1}.Debug|Any CPU.Build.0 = Debug|Any CPU
		{F38ACA6C-02CF-4605-A725-0C2524675BE1}.Release|Any CPU.ActiveCfg = Release|Any CPU
		{F38ACA6C-02CF-4605-A725-0C2524675BE1}.Release|Any CPU.Build.0 = Release|Any CPU
		{D4A6B289-E4BC-44B4-9B22-D519F615C48B}.Debug|Any CPU.ActiveCfg = Debug|Any CPU
		{D4A6B289-E4BC-44B4-9B22-D519F615C48B}.Debug|Any CPU.Build.0 = Debug|Any CPU
		{D4A6B289-E4BC-44B4-9B22-D519F615C48B}.Release|Any CPU.ActiveCfg = Release|Any CPU
		{D4A6B289-E4BC-44B4-9B22-D519F615C48B}.Release|Any CPU.Build.0 = Release|Any CPU
		{2B1744E1-A0BC-44C0-807F-5B2F5B8C4195}.Debug|Any CPU.ActiveCfg = Debug|Any CPU
		{2B1744E1-A0BC-44C0-807F-5B2F5B8C4195}.Debug|Any CPU.Build.0 = Debug|Any CPU
		{2B1744E1-A0BC-44C0-807F-5B2F5B8C4195}.Release|Any CPU.ActiveCfg = Release|Any CPU
		{2B1744E1-A0BC-44C0-807F-5B2F5B8C4195}.Release|Any CPU.Build.0 = Release|Any CPU
		{A2F44F9B-BF21-408F-B0DF-6F7C33FBB8A1}.Debug|Any CPU.ActiveCfg = Debug|Any CPU
		{A2F44F9B-BF21-408F-B0DF-6F7C33FBB8A1}.Debug|Any CPU.Build.0 = Debug|Any CPU
		{A2F44F9B-BF21-408F-B0DF-6F7C33FBB8A1}.Release|Any CPU.ActiveCfg = Release|Any CPU
		{A2F44F9B-BF21-408F-B0DF-6F7C33FBB8A1}.Release|Any CPU.Build.0 = Release|Any CPU
		{FD5942E3-17C0-45D0-B835-795DF9262AE8}.Debug|Any CPU.ActiveCfg = Debug|Any CPU
		{FD5942E3-17C0-45D0-B835-795DF9262AE8}.Debug|Any CPU.Build.0 = Debug|Any CPU
		{FD5942E3-17C0-45D0-B835-795DF9262AE8}.Release|Any CPU.ActiveCfg = Release|Any CPU
		{FD5942E3-17C0-45D0-B835-795DF9262AE8}.Release|Any CPU.Build.0 = Release|Any CPU
		{BF254672-A7E0-45C1-9910-3508CAEFD21C}.Debug|Any CPU.ActiveCfg = Debug|Any CPU
		{BF254672-A7E0-45C1-9910-3508CAEFD21C}.Debug|Any CPU.Build.0 = Debug|Any CPU
		{BF254672-A7E0-45C1-9910-3508CAEFD21C}.Release|Any CPU.ActiveCfg = Release|Any CPU
		{BF254672-A7E0-45C1-9910-3508CAEFD21C}.Release|Any CPU.Build.0 = Release|Any CPU
		{F96B33FB-819B-4693-9F6D-8F96F8ED0A76}.Debug|Any CPU.ActiveCfg = Debug|Any CPU
		{F96B33FB-819B-4693-9F6D-8F96F8ED0A76}.Debug|Any CPU.Build.0 = Debug|Any CPU
		{F96B33FB-819B-4693-9F6D-8F96F8ED0A76}.Release|Any CPU.ActiveCfg = Release|Any CPU
		{F96B33FB-819B-4693-9F6D-8F96F8ED0A76}.Release|Any CPU.Build.0 = Release|Any CPU
		{8F78C27B-4413-4A5D-815F-ACEE8B78A6E1}.Debug|Any CPU.ActiveCfg = Debug|Any CPU
		{8F78C27B-4413-4A5D-815F-ACEE8B78A6E1}.Debug|Any CPU.Build.0 = Debug|Any CPU
		{8F78C27B-4413-4A5D-815F-ACEE8B78A6E1}.Release|Any CPU.ActiveCfg = Release|Any CPU
		{8F78C27B-4413-4A5D-815F-ACEE8B78A6E1}.Release|Any CPU.Build.0 = Release|Any CPU
		{849C47F1-5010-4A90-B2B9-1065161F9490}.Debug|Any CPU.ActiveCfg = Debug|Any CPU
		{849C47F1-5010-4A90-B2B9-1065161F9490}.Debug|Any CPU.Build.0 = Debug|Any CPU
		{849C47F1-5010-4A90-B2B9-1065161F9490}.Release|Any CPU.ActiveCfg = Release|Any CPU
		{849C47F1-5010-4A90-B2B9-1065161F9490}.Release|Any CPU.Build.0 = Release|Any CPU
		{45506AEA-C37E-45E7-A9AB-7F18111C55F9}.Debug|Any CPU.ActiveCfg = Debug|Any CPU
		{45506AEA-C37E-45E7-A9AB-7F18111C55F9}.Debug|Any CPU.Build.0 = Debug|Any CPU
		{45506AEA-C37E-45E7-A9AB-7F18111C55F9}.Release|Any CPU.ActiveCfg = Release|Any CPU
		{45506AEA-C37E-45E7-A9AB-7F18111C55F9}.Release|Any CPU.Build.0 = Release|Any CPU
		{E0D6D2A2-86EA-4459-BA2C-66C596892390}.Debug|Any CPU.ActiveCfg = Debug|Any CPU
		{E0D6D2A2-86EA-4459-BA2C-66C596892390}.Debug|Any CPU.Build.0 = Debug|Any CPU
		{E0D6D2A2-86EA-4459-BA2C-66C596892390}.Release|Any CPU.ActiveCfg = Release|Any CPU
		{E0D6D2A2-86EA-4459-BA2C-66C596892390}.Release|Any CPU.Build.0 = Release|Any CPU
		{0276AB95-D574-4863-909F-8AAC4E29EBAB}.Debug|Any CPU.ActiveCfg = Debug|Any CPU
		{0276AB95-D574-4863-909F-8AAC4E29EBAB}.Debug|Any CPU.Build.0 = Debug|Any CPU
		{0276AB95-D574-4863-909F-8AAC4E29EBAB}.Release|Any CPU.ActiveCfg = Release|Any CPU
		{0276AB95-D574-4863-909F-8AAC4E29EBAB}.Release|Any CPU.Build.0 = Release|Any CPU
		{6D6F3248-4C3B-4656-A594-7BFC261B76FA}.Debug|Any CPU.ActiveCfg = Debug|Any CPU
		{6D6F3248-4C3B-4656-A594-7BFC261B76FA}.Debug|Any CPU.Build.0 = Debug|Any CPU
		{6D6F3248-4C3B-4656-A594-7BFC261B76FA}.Release|Any CPU.ActiveCfg = Release|Any CPU
		{6D6F3248-4C3B-4656-A594-7BFC261B76FA}.Release|Any CPU.Build.0 = Release|Any CPU
		{A9DF3184-839E-450B-B30B-12C7FD4CDD1C}.Debug|Any CPU.ActiveCfg = Debug|Any CPU
		{A9DF3184-839E-450B-B30B-12C7FD4CDD1C}.Debug|Any CPU.Build.0 = Debug|Any CPU
		{A9DF3184-839E-450B-B30B-12C7FD4CDD1C}.Release|Any CPU.ActiveCfg = Release|Any CPU
		{A9DF3184-839E-450B-B30B-12C7FD4CDD1C}.Release|Any CPU.Build.0 = Release|Any CPU
		{4CDDC8B9-858A-4B48-8174-520335B4A9E9}.Debug|Any CPU.ActiveCfg = Debug|Any CPU
		{4CDDC8B9-858A-4B48-8174-520335B4A9E9}.Debug|Any CPU.Build.0 = Debug|Any CPU
		{4CDDC8B9-858A-4B48-8174-520335B4A9E9}.Release|Any CPU.ActiveCfg = Release|Any CPU
		{4CDDC8B9-858A-4B48-8174-520335B4A9E9}.Release|Any CPU.Build.0 = Release|Any CPU
		{4DD43EF9-75F2-4E8C-8631-4DC48E9E0AB4}.Debug|Any CPU.ActiveCfg = Debug|Any CPU
		{4DD43EF9-75F2-4E8C-8631-4DC48E9E0AB4}.Debug|Any CPU.Build.0 = Debug|Any CPU
		{4DD43EF9-75F2-4E8C-8631-4DC48E9E0AB4}.Release|Any CPU.ActiveCfg = Release|Any CPU
		{4DD43EF9-75F2-4E8C-8631-4DC48E9E0AB4}.Release|Any CPU.Build.0 = Release|Any CPU
		{F28A0A2D-AB3D-4CC5-BD99-35DC489BDBFB}.Debug|Any CPU.ActiveCfg = Debug|Any CPU
		{F28A0A2D-AB3D-4CC5-BD99-35DC489BDBFB}.Debug|Any CPU.Build.0 = Debug|Any CPU
		{F28A0A2D-AB3D-4CC5-BD99-35DC489BDBFB}.Release|Any CPU.ActiveCfg = Release|Any CPU
		{F28A0A2D-AB3D-4CC5-BD99-35DC489BDBFB}.Release|Any CPU.Build.0 = Release|Any CPU
		{1D5CDCB6-E0EC-4795-BA8E-FD26E66EDEBE}.Debug|Any CPU.ActiveCfg = Debug|Any CPU
		{1D5CDCB6-E0EC-4795-BA8E-FD26E66EDEBE}.Debug|Any CPU.Build.0 = Debug|Any CPU
		{1D5CDCB6-E0EC-4795-BA8E-FD26E66EDEBE}.Release|Any CPU.ActiveCfg = Release|Any CPU
		{1D5CDCB6-E0EC-4795-BA8E-FD26E66EDEBE}.Release|Any CPU.Build.0 = Release|Any CPU
		{055E9641-670B-48E2-9FA4-EB6AF3C95EC3}.Debug|Any CPU.ActiveCfg = Debug|Any CPU
		{055E9641-670B-48E2-9FA4-EB6AF3C95EC3}.Debug|Any CPU.Build.0 = Debug|Any CPU
		{055E9641-670B-48E2-9FA4-EB6AF3C95EC3}.Release|Any CPU.ActiveCfg = Release|Any CPU
		{055E9641-670B-48E2-9FA4-EB6AF3C95EC3}.Release|Any CPU.Build.0 = Release|Any CPU
		{3A61073C-2AD0-4EC9-89AE-6706B4D14FD1}.Debug|Any CPU.ActiveCfg = Debug|Any CPU
		{3A61073C-2AD0-4EC9-89AE-6706B4D14FD1}.Debug|Any CPU.Build.0 = Debug|Any CPU
		{3A61073C-2AD0-4EC9-89AE-6706B4D14FD1}.Release|Any CPU.ActiveCfg = Release|Any CPU
		{3A61073C-2AD0-4EC9-89AE-6706B4D14FD1}.Release|Any CPU.Build.0 = Release|Any CPU
		{48739B31-8D18-4C5C-9A88-19C26040A1D5}.Debug|Any CPU.ActiveCfg = Debug|Any CPU
		{48739B31-8D18-4C5C-9A88-19C26040A1D5}.Debug|Any CPU.Build.0 = Debug|Any CPU
		{48739B31-8D18-4C5C-9A88-19C26040A1D5}.Release|Any CPU.ActiveCfg = Release|Any CPU
		{48739B31-8D18-4C5C-9A88-19C26040A1D5}.Release|Any CPU.Build.0 = Release|Any CPU
		{FA14C2D4-415E-4B96-9435-091A2F42CD82}.Debug|Any CPU.ActiveCfg = Debug|Any CPU
		{FA14C2D4-415E-4B96-9435-091A2F42CD82}.Debug|Any CPU.Build.0 = Debug|Any CPU
		{FA14C2D4-415E-4B96-9435-091A2F42CD82}.Release|Any CPU.ActiveCfg = Release|Any CPU
		{FA14C2D4-415E-4B96-9435-091A2F42CD82}.Release|Any CPU.Build.0 = Release|Any CPU
		{D821AF79-63A4-4910-B23C-3CB1181E590B}.Debug|Any CPU.ActiveCfg = Debug|Any CPU
		{D821AF79-63A4-4910-B23C-3CB1181E590B}.Debug|Any CPU.Build.0 = Debug|Any CPU
		{D821AF79-63A4-4910-B23C-3CB1181E590B}.Release|Any CPU.ActiveCfg = Release|Any CPU
		{D821AF79-63A4-4910-B23C-3CB1181E590B}.Release|Any CPU.Build.0 = Release|Any CPU
		{DED33EFA-E206-4711-AF7B-E48F1FF2AE87}.Debug|Any CPU.ActiveCfg = Debug|Any CPU
		{DED33EFA-E206-4711-AF7B-E48F1FF2AE87}.Debug|Any CPU.Build.0 = Debug|Any CPU
		{DED33EFA-E206-4711-AF7B-E48F1FF2AE87}.Release|Any CPU.ActiveCfg = Release|Any CPU
		{DED33EFA-E206-4711-AF7B-E48F1FF2AE87}.Release|Any CPU.Build.0 = Release|Any CPU
		{D975D572-F634-48C0-B53F-8FAF2B7677CA}.Debug|Any CPU.ActiveCfg = Debug|Any CPU
		{D975D572-F634-48C0-B53F-8FAF2B7677CA}.Debug|Any CPU.Build.0 = Debug|Any CPU
		{D975D572-F634-48C0-B53F-8FAF2B7677CA}.Release|Any CPU.ActiveCfg = Release|Any CPU
		{D975D572-F634-48C0-B53F-8FAF2B7677CA}.Release|Any CPU.Build.0 = Release|Any CPU
		{0AE1D39C-18EC-4BEB-A190-08DE8C1DE4CB}.Debug|Any CPU.ActiveCfg = Debug|Any CPU
		{0AE1D39C-18EC-4BEB-A190-08DE8C1DE4CB}.Debug|Any CPU.Build.0 = Debug|Any CPU
		{0AE1D39C-18EC-4BEB-A190-08DE8C1DE4CB}.Release|Any CPU.ActiveCfg = Release|Any CPU
		{0AE1D39C-18EC-4BEB-A190-08DE8C1DE4CB}.Release|Any CPU.Build.0 = Release|Any CPU
		{602BB482-6B54-4AA8-8F9C-4F83B98EBD43}.Debug|Any CPU.ActiveCfg = Debug|Any CPU
		{602BB482-6B54-4AA8-8F9C-4F83B98EBD43}.Debug|Any CPU.Build.0 = Debug|Any CPU
		{602BB482-6B54-4AA8-8F9C-4F83B98EBD43}.Release|Any CPU.ActiveCfg = Release|Any CPU
		{602BB482-6B54-4AA8-8F9C-4F83B98EBD43}.Release|Any CPU.Build.0 = Release|Any CPU
		{DA7C0F47-F544-4754-9E6E-F53E9E5E3C2A}.Debug|Any CPU.ActiveCfg = Debug|Any CPU
		{DA7C0F47-F544-4754-9E6E-F53E9E5E3C2A}.Debug|Any CPU.Build.0 = Debug|Any CPU
		{DA7C0F47-F544-4754-9E6E-F53E9E5E3C2A}.Release|Any CPU.ActiveCfg = Release|Any CPU
		{DA7C0F47-F544-4754-9E6E-F53E9E5E3C2A}.Release|Any CPU.Build.0 = Release|Any CPU
		{285E3998-209A-4982-98A9-CEE50F9CF835}.Debug|Any CPU.ActiveCfg = Debug|Any CPU
		{285E3998-209A-4982-98A9-CEE50F9CF835}.Debug|Any CPU.Build.0 = Debug|Any CPU
		{285E3998-209A-4982-98A9-CEE50F9CF835}.Release|Any CPU.ActiveCfg = Release|Any CPU
		{285E3998-209A-4982-98A9-CEE50F9CF835}.Release|Any CPU.Build.0 = Release|Any CPU
		{F3DFCF38-3894-4E88-BAAC-E3588D5816F0}.Debug|Any CPU.ActiveCfg = Debug|Any CPU
		{F3DFCF38-3894-4E88-BAAC-E3588D5816F0}.Debug|Any CPU.Build.0 = Debug|Any CPU
		{F3DFCF38-3894-4E88-BAAC-E3588D5816F0}.Release|Any CPU.ActiveCfg = Release|Any CPU
		{F3DFCF38-3894-4E88-BAAC-E3588D5816F0}.Release|Any CPU.Build.0 = Release|Any CPU
		{BBEB05F8-3FE1-4C66-81FE-8158E94D5FDF}.Debug|Any CPU.ActiveCfg = Debug|Any CPU
		{BBEB05F8-3FE1-4C66-81FE-8158E94D5FDF}.Debug|Any CPU.Build.0 = Debug|Any CPU
		{BBEB05F8-3FE1-4C66-81FE-8158E94D5FDF}.Release|Any CPU.ActiveCfg = Release|Any CPU
		{BBEB05F8-3FE1-4C66-81FE-8158E94D5FDF}.Release|Any CPU.Build.0 = Release|Any CPU
		{83DFA82B-83D2-4F32-AC91-0D8D88400F68}.Debug|Any CPU.ActiveCfg = Debug|Any CPU
		{83DFA82B-83D2-4F32-AC91-0D8D88400F68}.Debug|Any CPU.Build.0 = Debug|Any CPU
		{83DFA82B-83D2-4F32-AC91-0D8D88400F68}.Release|Any CPU.ActiveCfg = Release|Any CPU
		{83DFA82B-83D2-4F32-AC91-0D8D88400F68}.Release|Any CPU.Build.0 = Release|Any CPU
		{E4190AB8-D0B5-4318-A576-BD5D75B64D1D}.Debug|Any CPU.ActiveCfg = Debug|Any CPU
		{E4190AB8-D0B5-4318-A576-BD5D75B64D1D}.Debug|Any CPU.Build.0 = Debug|Any CPU
		{E4190AB8-D0B5-4318-A576-BD5D75B64D1D}.Release|Any CPU.ActiveCfg = Release|Any CPU
		{E4190AB8-D0B5-4318-A576-BD5D75B64D1D}.Release|Any CPU.Build.0 = Release|Any CPU
		{684F998A-229B-46F2-B31D-0F0990FD024D}.Debug|Any CPU.ActiveCfg = Debug|Any CPU
		{684F998A-229B-46F2-B31D-0F0990FD024D}.Debug|Any CPU.Build.0 = Debug|Any CPU
		{684F998A-229B-46F2-B31D-0F0990FD024D}.Release|Any CPU.ActiveCfg = Release|Any CPU
		{684F998A-229B-46F2-B31D-0F0990FD024D}.Release|Any CPU.Build.0 = Release|Any CPU
		{A66F882A-58CF-49EB-A112-FEEEF1AEC414}.Debug|Any CPU.ActiveCfg = Debug|Any CPU
		{A66F882A-58CF-49EB-A112-FEEEF1AEC414}.Debug|Any CPU.Build.0 = Debug|Any CPU
		{A66F882A-58CF-49EB-A112-FEEEF1AEC414}.Release|Any CPU.ActiveCfg = Release|Any CPU
		{A66F882A-58CF-49EB-A112-FEEEF1AEC414}.Release|Any CPU.Build.0 = Release|Any CPU
		{96D1E73D-3DFA-4D2C-9110-C92F877A8FAF}.Debug|Any CPU.ActiveCfg = Debug|Any CPU
		{96D1E73D-3DFA-4D2C-9110-C92F877A8FAF}.Debug|Any CPU.Build.0 = Debug|Any CPU
		{96D1E73D-3DFA-4D2C-9110-C92F877A8FAF}.Release|Any CPU.ActiveCfg = Release|Any CPU
		{96D1E73D-3DFA-4D2C-9110-C92F877A8FAF}.Release|Any CPU.Build.0 = Release|Any CPU
		{58D28253-98D1-4D02-B189-D780B3C26176}.Debug|Any CPU.ActiveCfg = Debug|Any CPU
		{58D28253-98D1-4D02-B189-D780B3C26176}.Debug|Any CPU.Build.0 = Debug|Any CPU
		{58D28253-98D1-4D02-B189-D780B3C26176}.Release|Any CPU.ActiveCfg = Release|Any CPU
		{58D28253-98D1-4D02-B189-D780B3C26176}.Release|Any CPU.Build.0 = Release|Any CPU
		{5CD32007-E0EC-4359-BD85-8C2F5141FF46}.Debug|Any CPU.ActiveCfg = Debug|Any CPU
		{5CD32007-E0EC-4359-BD85-8C2F5141FF46}.Debug|Any CPU.Build.0 = Debug|Any CPU
		{5CD32007-E0EC-4359-BD85-8C2F5141FF46}.Release|Any CPU.ActiveCfg = Release|Any CPU
		{5CD32007-E0EC-4359-BD85-8C2F5141FF46}.Release|Any CPU.Build.0 = Release|Any CPU
		{90C9F655-A05C-4B45-9F9C-CD825E4CC526}.Debug|Any CPU.ActiveCfg = Debug|Any CPU
		{90C9F655-A05C-4B45-9F9C-CD825E4CC526}.Debug|Any CPU.Build.0 = Debug|Any CPU
		{90C9F655-A05C-4B45-9F9C-CD825E4CC526}.Release|Any CPU.ActiveCfg = Release|Any CPU
		{90C9F655-A05C-4B45-9F9C-CD825E4CC526}.Release|Any CPU.Build.0 = Release|Any CPU
		{C92C1EEB-BF28-41EB-AAEC-683FEC588A8A}.Debug|Any CPU.ActiveCfg = Debug|Any CPU
		{C92C1EEB-BF28-41EB-AAEC-683FEC588A8A}.Debug|Any CPU.Build.0 = Debug|Any CPU
		{C92C1EEB-BF28-41EB-AAEC-683FEC588A8A}.Release|Any CPU.ActiveCfg = Release|Any CPU
		{C92C1EEB-BF28-41EB-AAEC-683FEC588A8A}.Release|Any CPU.Build.0 = Release|Any CPU
		{3F38CE49-2E28-437B-B499-4DFCD305B12F}.Debug|Any CPU.ActiveCfg = Debug|Any CPU
		{3F38CE49-2E28-437B-B499-4DFCD305B12F}.Debug|Any CPU.Build.0 = Debug|Any CPU
		{3F38CE49-2E28-437B-B499-4DFCD305B12F}.Release|Any CPU.ActiveCfg = Release|Any CPU
		{3F38CE49-2E28-437B-B499-4DFCD305B12F}.Release|Any CPU.Build.0 = Release|Any CPU
		{F2F2D1F0-CDFD-4C3C-8ECC-66267B093226}.Debug|Any CPU.ActiveCfg = Debug|Any CPU
		{F2F2D1F0-CDFD-4C3C-8ECC-66267B093226}.Debug|Any CPU.Build.0 = Debug|Any CPU
		{F2F2D1F0-CDFD-4C3C-8ECC-66267B093226}.Release|Any CPU.ActiveCfg = Release|Any CPU
		{F2F2D1F0-CDFD-4C3C-8ECC-66267B093226}.Release|Any CPU.Build.0 = Release|Any CPU
		{BC5BE4D4-846D-4C4E-AF8B-87692461FB16}.Debug|Any CPU.ActiveCfg = Debug|Any CPU
		{BC5BE4D4-846D-4C4E-AF8B-87692461FB16}.Debug|Any CPU.Build.0 = Debug|Any CPU
		{BC5BE4D4-846D-4C4E-AF8B-87692461FB16}.Release|Any CPU.ActiveCfg = Release|Any CPU
		{BC5BE4D4-846D-4C4E-AF8B-87692461FB16}.Release|Any CPU.Build.0 = Release|Any CPU
		{17D22D93-03F6-450D-A927-2230D95426C5}.Debug|Any CPU.ActiveCfg = Debug|Any CPU
		{17D22D93-03F6-450D-A927-2230D95426C5}.Debug|Any CPU.Build.0 = Debug|Any CPU
		{17D22D93-03F6-450D-A927-2230D95426C5}.Release|Any CPU.ActiveCfg = Release|Any CPU
		{17D22D93-03F6-450D-A927-2230D95426C5}.Release|Any CPU.Build.0 = Release|Any CPU
		{F51F0455-EF9C-444A-AA32-29A98500761B}.Debug|Any CPU.ActiveCfg = Debug|Any CPU
		{F51F0455-EF9C-444A-AA32-29A98500761B}.Debug|Any CPU.Build.0 = Debug|Any CPU
		{F51F0455-EF9C-444A-AA32-29A98500761B}.Release|Any CPU.ActiveCfg = Release|Any CPU
		{F51F0455-EF9C-444A-AA32-29A98500761B}.Release|Any CPU.Build.0 = Release|Any CPU
		{54906104-EC84-4528-A360-F2D08731C79E}.Debug|Any CPU.ActiveCfg = Debug|Any CPU
		{54906104-EC84-4528-A360-F2D08731C79E}.Debug|Any CPU.Build.0 = Debug|Any CPU
		{54906104-EC84-4528-A360-F2D08731C79E}.Release|Any CPU.ActiveCfg = Release|Any CPU
		{54906104-EC84-4528-A360-F2D08731C79E}.Release|Any CPU.Build.0 = Release|Any CPU
		{36B8162D-C8EC-4AD8-A37F-D9DD95047743}.Debug|Any CPU.ActiveCfg = Debug|Any CPU
		{36B8162D-C8EC-4AD8-A37F-D9DD95047743}.Debug|Any CPU.Build.0 = Debug|Any CPU
		{36B8162D-C8EC-4AD8-A37F-D9DD95047743}.Release|Any CPU.ActiveCfg = Release|Any CPU
		{36B8162D-C8EC-4AD8-A37F-D9DD95047743}.Release|Any CPU.Build.0 = Release|Any CPU
		{804DD0A6-4AC0-4B96-BEE7-EB27F510AA4E}.Debug|Any CPU.ActiveCfg = Debug|Any CPU
		{804DD0A6-4AC0-4B96-BEE7-EB27F510AA4E}.Debug|Any CPU.Build.0 = Debug|Any CPU
		{804DD0A6-4AC0-4B96-BEE7-EB27F510AA4E}.Release|Any CPU.ActiveCfg = Release|Any CPU
		{804DD0A6-4AC0-4B96-BEE7-EB27F510AA4E}.Release|Any CPU.Build.0 = Release|Any CPU
		{2489D856-28D5-4C90-868D-50D9DB675DCC}.Debug|Any CPU.ActiveCfg = Debug|Any CPU
		{2489D856-28D5-4C90-868D-50D9DB675DCC}.Debug|Any CPU.Build.0 = Debug|Any CPU
		{2489D856-28D5-4C90-868D-50D9DB675DCC}.Release|Any CPU.ActiveCfg = Release|Any CPU
		{2489D856-28D5-4C90-868D-50D9DB675DCC}.Release|Any CPU.Build.0 = Release|Any CPU
		{02685620-C17A-4E0E-8481-05781D88979C}.Debug|Any CPU.ActiveCfg = Debug|Any CPU
		{02685620-C17A-4E0E-8481-05781D88979C}.Debug|Any CPU.Build.0 = Debug|Any CPU
		{02685620-C17A-4E0E-8481-05781D88979C}.Release|Any CPU.ActiveCfg = Release|Any CPU
		{02685620-C17A-4E0E-8481-05781D88979C}.Release|Any CPU.Build.0 = Release|Any CPU
		{CA609DE3-947C-4776-915B-3F30C7E828B7}.Debug|Any CPU.ActiveCfg = Debug|Any CPU
		{CA609DE3-947C-4776-915B-3F30C7E828B7}.Debug|Any CPU.Build.0 = Debug|Any CPU
		{CA609DE3-947C-4776-915B-3F30C7E828B7}.Release|Any CPU.ActiveCfg = Release|Any CPU
		{CA609DE3-947C-4776-915B-3F30C7E828B7}.Release|Any CPU.Build.0 = Release|Any CPU
		{EA89FABE-13A0-490C-86D0-37AB40E73048}.Debug|Any CPU.ActiveCfg = Debug|Any CPU
		{EA89FABE-13A0-490C-86D0-37AB40E73048}.Debug|Any CPU.Build.0 = Debug|Any CPU
		{EA89FABE-13A0-490C-86D0-37AB40E73048}.Release|Any CPU.ActiveCfg = Release|Any CPU
		{EA89FABE-13A0-490C-86D0-37AB40E73048}.Release|Any CPU.Build.0 = Release|Any CPU
		{2AE36267-B501-4DCF-B2BF-FD517BCDA61F}.Debug|Any CPU.ActiveCfg = Debug|Any CPU
		{2AE36267-B501-4DCF-B2BF-FD517BCDA61F}.Debug|Any CPU.Build.0 = Debug|Any CPU
		{2AE36267-B501-4DCF-B2BF-FD517BCDA61F}.Release|Any CPU.ActiveCfg = Release|Any CPU
		{2AE36267-B501-4DCF-B2BF-FD517BCDA61F}.Release|Any CPU.Build.0 = Release|Any CPU
		{18F48BAA-01C0-438F-A531-FE390E6A25DA}.Debug|Any CPU.ActiveCfg = Debug|Any CPU
		{18F48BAA-01C0-438F-A531-FE390E6A25DA}.Debug|Any CPU.Build.0 = Debug|Any CPU
		{18F48BAA-01C0-438F-A531-FE390E6A25DA}.Release|Any CPU.ActiveCfg = Release|Any CPU
		{18F48BAA-01C0-438F-A531-FE390E6A25DA}.Release|Any CPU.Build.0 = Release|Any CPU
		{A9FDF25F-FC1E-424E-9FF7-DFF4697FDDCC}.Debug|Any CPU.ActiveCfg = Debug|Any CPU
		{A9FDF25F-FC1E-424E-9FF7-DFF4697FDDCC}.Debug|Any CPU.Build.0 = Debug|Any CPU
		{A9FDF25F-FC1E-424E-9FF7-DFF4697FDDCC}.Release|Any CPU.ActiveCfg = Release|Any CPU
		{A9FDF25F-FC1E-424E-9FF7-DFF4697FDDCC}.Release|Any CPU.Build.0 = Release|Any CPU
		{D7E3C3F3-E574-4399-911E-7E635A431DB9}.Debug|Any CPU.ActiveCfg = Debug|Any CPU
		{D7E3C3F3-E574-4399-911E-7E635A431DB9}.Debug|Any CPU.Build.0 = Debug|Any CPU
		{D7E3C3F3-E574-4399-911E-7E635A431DB9}.Release|Any CPU.ActiveCfg = Release|Any CPU
		{D7E3C3F3-E574-4399-911E-7E635A431DB9}.Release|Any CPU.Build.0 = Release|Any CPU
		{B5C9D135-F979-47D7-A2E3-D8BE974EA55B}.Debug|Any CPU.ActiveCfg = Debug|Any CPU
		{B5C9D135-F979-47D7-A2E3-D8BE974EA55B}.Debug|Any CPU.Build.0 = Debug|Any CPU
		{B5C9D135-F979-47D7-A2E3-D8BE974EA55B}.Release|Any CPU.ActiveCfg = Release|Any CPU
		{B5C9D135-F979-47D7-A2E3-D8BE974EA55B}.Release|Any CPU.Build.0 = Release|Any CPU
		{78A15830-6E91-4058-9F8F-82EEF3076AC4}.Debug|Any CPU.ActiveCfg = Debug|Any CPU
		{78A15830-6E91-4058-9F8F-82EEF3076AC4}.Debug|Any CPU.Build.0 = Debug|Any CPU
		{78A15830-6E91-4058-9F8F-82EEF3076AC4}.Release|Any CPU.ActiveCfg = Release|Any CPU
		{78A15830-6E91-4058-9F8F-82EEF3076AC4}.Release|Any CPU.Build.0 = Release|Any CPU
		{BA727009-2031-48C3-BB6D-66ACABB9ABAB}.Debug|Any CPU.ActiveCfg = Debug|Any CPU
		{BA727009-2031-48C3-BB6D-66ACABB9ABAB}.Debug|Any CPU.Build.0 = Debug|Any CPU
		{BA727009-2031-48C3-BB6D-66ACABB9ABAB}.Release|Any CPU.ActiveCfg = Release|Any CPU
		{BA727009-2031-48C3-BB6D-66ACABB9ABAB}.Release|Any CPU.Build.0 = Release|Any CPU
		{9984A6AA-B9A0-4AD5-A827-72B030D00D69}.Debug|Any CPU.ActiveCfg = Debug|Any CPU
		{9984A6AA-B9A0-4AD5-A827-72B030D00D69}.Debug|Any CPU.Build.0 = Debug|Any CPU
		{9984A6AA-B9A0-4AD5-A827-72B030D00D69}.Release|Any CPU.ActiveCfg = Release|Any CPU
		{9984A6AA-B9A0-4AD5-A827-72B030D00D69}.Release|Any CPU.Build.0 = Release|Any CPU
		{CEA5F811-C712-47E5-9984-F32D0CD316E7}.Debug|Any CPU.ActiveCfg = Debug|Any CPU
		{CEA5F811-C712-47E5-9984-F32D0CD316E7}.Debug|Any CPU.Build.0 = Debug|Any CPU
		{CEA5F811-C712-47E5-9984-F32D0CD316E7}.Release|Any CPU.ActiveCfg = Release|Any CPU
		{CEA5F811-C712-47E5-9984-F32D0CD316E7}.Release|Any CPU.Build.0 = Release|Any CPU
		{EB9BC3A0-BF3D-47B2-86D5-7DBC8B7114E4}.Debug|Any CPU.ActiveCfg = Debug|Any CPU
		{EB9BC3A0-BF3D-47B2-86D5-7DBC8B7114E4}.Debug|Any CPU.Build.0 = Debug|Any CPU
		{EB9BC3A0-BF3D-47B2-86D5-7DBC8B7114E4}.Release|Any CPU.ActiveCfg = Release|Any CPU
		{EB9BC3A0-BF3D-47B2-86D5-7DBC8B7114E4}.Release|Any CPU.Build.0 = Release|Any CPU
		{80D7637E-0C97-49DA-A345-397FCD5E01DD}.Debug|Any CPU.ActiveCfg = Debug|Any CPU
		{80D7637E-0C97-49DA-A345-397FCD5E01DD}.Debug|Any CPU.Build.0 = Debug|Any CPU
		{80D7637E-0C97-49DA-A345-397FCD5E01DD}.Release|Any CPU.ActiveCfg = Release|Any CPU
		{80D7637E-0C97-49DA-A345-397FCD5E01DD}.Release|Any CPU.Build.0 = Release|Any CPU
		{7803AD13-2788-4F24-8C72-EE9031DE62F2}.Debug|Any CPU.ActiveCfg = Debug|Any CPU
		{7803AD13-2788-4F24-8C72-EE9031DE62F2}.Debug|Any CPU.Build.0 = Debug|Any CPU
		{7803AD13-2788-4F24-8C72-EE9031DE62F2}.Release|Any CPU.ActiveCfg = Release|Any CPU
		{7803AD13-2788-4F24-8C72-EE9031DE62F2}.Release|Any CPU.Build.0 = Release|Any CPU
		{4EB2F5CF-E462-48C6-80E5-C19E86AC8492}.Debug|Any CPU.ActiveCfg = Debug|Any CPU
		{4EB2F5CF-E462-48C6-80E5-C19E86AC8492}.Debug|Any CPU.Build.0 = Debug|Any CPU
		{4EB2F5CF-E462-48C6-80E5-C19E86AC8492}.Release|Any CPU.ActiveCfg = Release|Any CPU
		{4EB2F5CF-E462-48C6-80E5-C19E86AC8492}.Release|Any CPU.Build.0 = Release|Any CPU
		{4FBEEC86-30E4-4B4D-BCFC-98ACC5B60E08}.Debug|Any CPU.ActiveCfg = Debug|Any CPU
		{4FBEEC86-30E4-4B4D-BCFC-98ACC5B60E08}.Debug|Any CPU.Build.0 = Debug|Any CPU
		{4FBEEC86-30E4-4B4D-BCFC-98ACC5B60E08}.Release|Any CPU.ActiveCfg = Release|Any CPU
		{4FBEEC86-30E4-4B4D-BCFC-98ACC5B60E08}.Release|Any CPU.Build.0 = Release|Any CPU
		{90D89125-D32B-45EC-898F-0CF3C3AB4D80}.Debug|Any CPU.ActiveCfg = Debug|Any CPU
		{90D89125-D32B-45EC-898F-0CF3C3AB4D80}.Debug|Any CPU.Build.0 = Debug|Any CPU
		{90D89125-D32B-45EC-898F-0CF3C3AB4D80}.Release|Any CPU.ActiveCfg = Release|Any CPU
		{90D89125-D32B-45EC-898F-0CF3C3AB4D80}.Release|Any CPU.Build.0 = Release|Any CPU
		{8C4DF376-7295-405A-8586-8051CED5BC74}.Debug|Any CPU.ActiveCfg = Debug|Any CPU
		{8C4DF376-7295-405A-8586-8051CED5BC74}.Debug|Any CPU.Build.0 = Debug|Any CPU
		{8C4DF376-7295-405A-8586-8051CED5BC74}.Release|Any CPU.ActiveCfg = Release|Any CPU
		{8C4DF376-7295-405A-8586-8051CED5BC74}.Release|Any CPU.Build.0 = Release|Any CPU
		{EE276668-D63C-405D-9141-3520CE4E1062}.Debug|Any CPU.ActiveCfg = Debug|Any CPU
		{EE276668-D63C-405D-9141-3520CE4E1062}.Debug|Any CPU.Build.0 = Debug|Any CPU
		{EE276668-D63C-405D-9141-3520CE4E1062}.Release|Any CPU.ActiveCfg = Release|Any CPU
		{EE276668-D63C-405D-9141-3520CE4E1062}.Release|Any CPU.Build.0 = Release|Any CPU
		{1A47806D-F5E9-47E9-9D42-28FC20A401AD}.Debug|Any CPU.ActiveCfg = Debug|Any CPU
		{1A47806D-F5E9-47E9-9D42-28FC20A401AD}.Debug|Any CPU.Build.0 = Debug|Any CPU
		{1A47806D-F5E9-47E9-9D42-28FC20A401AD}.Release|Any CPU.ActiveCfg = Release|Any CPU
		{1A47806D-F5E9-47E9-9D42-28FC20A401AD}.Release|Any CPU.Build.0 = Release|Any CPU
		{8A705373-1E16-479B-AF35-1A110982254D}.Debug|Any CPU.ActiveCfg = Debug|Any CPU
		{8A705373-1E16-479B-AF35-1A110982254D}.Debug|Any CPU.Build.0 = Debug|Any CPU
		{8A705373-1E16-479B-AF35-1A110982254D}.Release|Any CPU.ActiveCfg = Release|Any CPU
		{8A705373-1E16-479B-AF35-1A110982254D}.Release|Any CPU.Build.0 = Release|Any CPU
		{8660A1ED-D928-425F-83EC-9156B86D66CF}.Debug|Any CPU.ActiveCfg = Debug|Any CPU
		{8660A1ED-D928-425F-83EC-9156B86D66CF}.Debug|Any CPU.Build.0 = Debug|Any CPU
		{8660A1ED-D928-425F-83EC-9156B86D66CF}.Release|Any CPU.ActiveCfg = Release|Any CPU
		{8660A1ED-D928-425F-83EC-9156B86D66CF}.Release|Any CPU.Build.0 = Release|Any CPU
		{7110189D-C5B0-476D-B31D-3E75A7D77967}.Debug|Any CPU.ActiveCfg = Debug|Any CPU
		{7110189D-C5B0-476D-B31D-3E75A7D77967}.Debug|Any CPU.Build.0 = Debug|Any CPU
		{7110189D-C5B0-476D-B31D-3E75A7D77967}.Release|Any CPU.ActiveCfg = Release|Any CPU
		{7110189D-C5B0-476D-B31D-3E75A7D77967}.Release|Any CPU.Build.0 = Release|Any CPU
		{EA1F739E-DA27-4FDE-BFB8-D4E9EBA89B44}.Debug|Any CPU.ActiveCfg = Debug|Any CPU
		{EA1F739E-DA27-4FDE-BFB8-D4E9EBA89B44}.Debug|Any CPU.Build.0 = Debug|Any CPU
		{EA1F739E-DA27-4FDE-BFB8-D4E9EBA89B44}.Release|Any CPU.ActiveCfg = Release|Any CPU
		{EA1F739E-DA27-4FDE-BFB8-D4E9EBA89B44}.Release|Any CPU.Build.0 = Release|Any CPU
		{EB4CCCD3-3EAF-40C4-8765-1521217CFC23}.Debug|Any CPU.ActiveCfg = Debug|Any CPU
		{EB4CCCD3-3EAF-40C4-8765-1521217CFC23}.Debug|Any CPU.Build.0 = Debug|Any CPU
		{EB4CCCD3-3EAF-40C4-8765-1521217CFC23}.Release|Any CPU.ActiveCfg = Release|Any CPU
		{EB4CCCD3-3EAF-40C4-8765-1521217CFC23}.Release|Any CPU.Build.0 = Release|Any CPU
		{6FCB9C43-96E4-491D-A6AE-3CD753D58786}.Debug|Any CPU.ActiveCfg = Debug|Any CPU
		{6FCB9C43-96E4-491D-A6AE-3CD753D58786}.Debug|Any CPU.Build.0 = Debug|Any CPU
		{6FCB9C43-96E4-491D-A6AE-3CD753D58786}.Release|Any CPU.ActiveCfg = Release|Any CPU
		{6FCB9C43-96E4-491D-A6AE-3CD753D58786}.Release|Any CPU.Build.0 = Release|Any CPU
		{0E071CD8-ACCB-40AF-8533-945E1DF17042}.Debug|Any CPU.ActiveCfg = Debug|Any CPU
		{0E071CD8-ACCB-40AF-8533-945E1DF17042}.Debug|Any CPU.Build.0 = Debug|Any CPU
		{0E071CD8-ACCB-40AF-8533-945E1DF17042}.Release|Any CPU.ActiveCfg = Release|Any CPU
		{0E071CD8-ACCB-40AF-8533-945E1DF17042}.Release|Any CPU.Build.0 = Release|Any CPU
		{93CDFED8-F231-4E91-8347-33D53CD40E2E}.Debug|Any CPU.ActiveCfg = Debug|Any CPU
		{93CDFED8-F231-4E91-8347-33D53CD40E2E}.Debug|Any CPU.Build.0 = Debug|Any CPU
		{93CDFED8-F231-4E91-8347-33D53CD40E2E}.Release|Any CPU.ActiveCfg = Release|Any CPU
		{93CDFED8-F231-4E91-8347-33D53CD40E2E}.Release|Any CPU.Build.0 = Release|Any CPU
		{FC708CE9-2034-4836-A35D-FBCB61442B0C}.Debug|Any CPU.ActiveCfg = Debug|Any CPU
		{FC708CE9-2034-4836-A35D-FBCB61442B0C}.Debug|Any CPU.Build.0 = Debug|Any CPU
		{FC708CE9-2034-4836-A35D-FBCB61442B0C}.Release|Any CPU.ActiveCfg = Release|Any CPU
		{FC708CE9-2034-4836-A35D-FBCB61442B0C}.Release|Any CPU.Build.0 = Release|Any CPU
		{56622F07-5A2C-4ECD-AA50-0C8B40526CD8}.Debug|Any CPU.ActiveCfg = Debug|Any CPU
		{56622F07-5A2C-4ECD-AA50-0C8B40526CD8}.Debug|Any CPU.Build.0 = Debug|Any CPU
		{56622F07-5A2C-4ECD-AA50-0C8B40526CD8}.Release|Any CPU.ActiveCfg = Release|Any CPU
		{56622F07-5A2C-4ECD-AA50-0C8B40526CD8}.Release|Any CPU.Build.0 = Release|Any CPU
		{84592B77-7A1D-448C-A96E-45A022E821E3}.Debug|Any CPU.ActiveCfg = Debug|Any CPU
		{84592B77-7A1D-448C-A96E-45A022E821E3}.Debug|Any CPU.Build.0 = Debug|Any CPU
		{84592B77-7A1D-448C-A96E-45A022E821E3}.Release|Any CPU.ActiveCfg = Release|Any CPU
		{84592B77-7A1D-448C-A96E-45A022E821E3}.Release|Any CPU.Build.0 = Release|Any CPU
		{B2F14A37-9DC1-4A37-97C8-0367C6B1FEFF}.Debug|Any CPU.ActiveCfg = Debug|Any CPU
		{B2F14A37-9DC1-4A37-97C8-0367C6B1FEFF}.Debug|Any CPU.Build.0 = Debug|Any CPU
		{B2F14A37-9DC1-4A37-97C8-0367C6B1FEFF}.Release|Any CPU.ActiveCfg = Release|Any CPU
		{B2F14A37-9DC1-4A37-97C8-0367C6B1FEFF}.Release|Any CPU.Build.0 = Release|Any CPU
		{A4E3BD5D-1242-4EED-85C7-F19A4E9DFA1C}.Debug|Any CPU.ActiveCfg = Debug|Any CPU
		{A4E3BD5D-1242-4EED-85C7-F19A4E9DFA1C}.Debug|Any CPU.Build.0 = Debug|Any CPU
		{A4E3BD5D-1242-4EED-85C7-F19A4E9DFA1C}.Release|Any CPU.ActiveCfg = Release|Any CPU
		{A4E3BD5D-1242-4EED-85C7-F19A4E9DFA1C}.Release|Any CPU.Build.0 = Release|Any CPU
		{38769531-5C00-4F26-AE48-843971225A5D}.Debug|Any CPU.ActiveCfg = Debug|Any CPU
		{38769531-5C00-4F26-AE48-843971225A5D}.Debug|Any CPU.Build.0 = Debug|Any CPU
		{38769531-5C00-4F26-AE48-843971225A5D}.Release|Any CPU.ActiveCfg = Release|Any CPU
		{38769531-5C00-4F26-AE48-843971225A5D}.Release|Any CPU.Build.0 = Release|Any CPU
		{BDCEE247-8560-42E5-9898-B39FADCA0C01}.Debug|Any CPU.ActiveCfg = Debug|Any CPU
		{BDCEE247-8560-42E5-9898-B39FADCA0C01}.Debug|Any CPU.Build.0 = Debug|Any CPU
		{BDCEE247-8560-42E5-9898-B39FADCA0C01}.Release|Any CPU.ActiveCfg = Release|Any CPU
		{BDCEE247-8560-42E5-9898-B39FADCA0C01}.Release|Any CPU.Build.0 = Release|Any CPU
		{BD890D9D-0A76-4061-94A3-614D11EF89F7}.Debug|Any CPU.ActiveCfg = Debug|Any CPU
		{BD890D9D-0A76-4061-94A3-614D11EF89F7}.Debug|Any CPU.Build.0 = Debug|Any CPU
		{BD890D9D-0A76-4061-94A3-614D11EF89F7}.Release|Any CPU.ActiveCfg = Release|Any CPU
		{BD890D9D-0A76-4061-94A3-614D11EF89F7}.Release|Any CPU.Build.0 = Release|Any CPU
		{C9DDBACA-4F19-4C02-AD9B-BE100BD6DBFA}.Debug|Any CPU.ActiveCfg = Debug|Any CPU
		{C9DDBACA-4F19-4C02-AD9B-BE100BD6DBFA}.Debug|Any CPU.Build.0 = Debug|Any CPU
		{C9DDBACA-4F19-4C02-AD9B-BE100BD6DBFA}.Release|Any CPU.ActiveCfg = Release|Any CPU
		{C9DDBACA-4F19-4C02-AD9B-BE100BD6DBFA}.Release|Any CPU.Build.0 = Release|Any CPU
		{F751A9A5-BDE9-4D1B-BD6C-95E870F3113C}.Debug|Any CPU.ActiveCfg = Debug|Any CPU
		{F751A9A5-BDE9-4D1B-BD6C-95E870F3113C}.Debug|Any CPU.Build.0 = Debug|Any CPU
		{F751A9A5-BDE9-4D1B-BD6C-95E870F3113C}.Release|Any CPU.ActiveCfg = Release|Any CPU
		{F751A9A5-BDE9-4D1B-BD6C-95E870F3113C}.Release|Any CPU.Build.0 = Release|Any CPU
		{E3ECE838-7B07-4F38-9FCE-4A90A6D5EA96}.Debug|Any CPU.ActiveCfg = Debug|Any CPU
		{E3ECE838-7B07-4F38-9FCE-4A90A6D5EA96}.Debug|Any CPU.Build.0 = Debug|Any CPU
		{E3ECE838-7B07-4F38-9FCE-4A90A6D5EA96}.Release|Any CPU.ActiveCfg = Release|Any CPU
		{E3ECE838-7B07-4F38-9FCE-4A90A6D5EA96}.Release|Any CPU.Build.0 = Release|Any CPU
		{69EC446C-0AC0-49B8-992E-92217216347E}.Debug|Any CPU.ActiveCfg = Debug|Any CPU
		{69EC446C-0AC0-49B8-992E-92217216347E}.Debug|Any CPU.Build.0 = Debug|Any CPU
		{69EC446C-0AC0-49B8-992E-92217216347E}.Release|Any CPU.ActiveCfg = Release|Any CPU
		{69EC446C-0AC0-49B8-992E-92217216347E}.Release|Any CPU.Build.0 = Release|Any CPU
		{2699A659-0D62-40F5-B234-00D01D0860FB}.Debug|Any CPU.ActiveCfg = Debug|Any CPU
		{2699A659-0D62-40F5-B234-00D01D0860FB}.Debug|Any CPU.Build.0 = Debug|Any CPU
		{2699A659-0D62-40F5-B234-00D01D0860FB}.Release|Any CPU.ActiveCfg = Release|Any CPU
		{2699A659-0D62-40F5-B234-00D01D0860FB}.Release|Any CPU.Build.0 = Release|Any CPU
		{36DC6A8F-3840-4403-B091-DC3A3BEE27C2}.Debug|Any CPU.ActiveCfg = Debug|Any CPU
		{36DC6A8F-3840-4403-B091-DC3A3BEE27C2}.Debug|Any CPU.Build.0 = Debug|Any CPU
		{36DC6A8F-3840-4403-B091-DC3A3BEE27C2}.Release|Any CPU.ActiveCfg = Release|Any CPU
		{36DC6A8F-3840-4403-B091-DC3A3BEE27C2}.Release|Any CPU.Build.0 = Release|Any CPU
		{58B8B9FC-690A-44B0-9C5D-EBF76879A105}.Debug|Any CPU.ActiveCfg = Debug|Any CPU
		{58B8B9FC-690A-44B0-9C5D-EBF76879A105}.Debug|Any CPU.Build.0 = Debug|Any CPU
		{58B8B9FC-690A-44B0-9C5D-EBF76879A105}.Release|Any CPU.ActiveCfg = Release|Any CPU
		{58B8B9FC-690A-44B0-9C5D-EBF76879A105}.Release|Any CPU.Build.0 = Release|Any CPU
		{5A38231C-4CE6-47B4-AD93-004C23005F1B}.Debug|Any CPU.ActiveCfg = Debug|Any CPU
		{5A38231C-4CE6-47B4-AD93-004C23005F1B}.Debug|Any CPU.Build.0 = Debug|Any CPU
		{5A38231C-4CE6-47B4-AD93-004C23005F1B}.Release|Any CPU.ActiveCfg = Release|Any CPU
		{5A38231C-4CE6-47B4-AD93-004C23005F1B}.Release|Any CPU.Build.0 = Release|Any CPU
		{FB62966A-E1A2-49CE-A4E4-AFB4E0E88F42}.Debug|Any CPU.ActiveCfg = Debug|Any CPU
		{FB62966A-E1A2-49CE-A4E4-AFB4E0E88F42}.Debug|Any CPU.Build.0 = Debug|Any CPU
		{FB62966A-E1A2-49CE-A4E4-AFB4E0E88F42}.Release|Any CPU.ActiveCfg = Release|Any CPU
		{FB62966A-E1A2-49CE-A4E4-AFB4E0E88F42}.Release|Any CPU.Build.0 = Release|Any CPU
		{72E51AC7-6881-453B-9E85-7119A7248A67}.Debug|Any CPU.ActiveCfg = Debug|Any CPU
		{72E51AC7-6881-453B-9E85-7119A7248A67}.Debug|Any CPU.Build.0 = Debug|Any CPU
		{72E51AC7-6881-453B-9E85-7119A7248A67}.Release|Any CPU.ActiveCfg = Release|Any CPU
		{72E51AC7-6881-453B-9E85-7119A7248A67}.Release|Any CPU.Build.0 = Release|Any CPU
		{5E64DBE3-C3B4-4678-AA9E-0DB621598A1B}.Debug|Any CPU.ActiveCfg = Debug|Any CPU
		{5E64DBE3-C3B4-4678-AA9E-0DB621598A1B}.Debug|Any CPU.Build.0 = Debug|Any CPU
		{5E64DBE3-C3B4-4678-AA9E-0DB621598A1B}.Release|Any CPU.ActiveCfg = Release|Any CPU
		{5E64DBE3-C3B4-4678-AA9E-0DB621598A1B}.Release|Any CPU.Build.0 = Release|Any CPU
		{568DB9C0-BFB5-4564-A7FE-749C1C92740D}.Debug|Any CPU.ActiveCfg = Debug|Any CPU
		{568DB9C0-BFB5-4564-A7FE-749C1C92740D}.Debug|Any CPU.Build.0 = Debug|Any CPU
		{568DB9C0-BFB5-4564-A7FE-749C1C92740D}.Release|Any CPU.ActiveCfg = Release|Any CPU
		{568DB9C0-BFB5-4564-A7FE-749C1C92740D}.Release|Any CPU.Build.0 = Release|Any CPU
		{AB1722E6-CE6F-4011-9CB6-B0B5125DD824}.Debug|Any CPU.ActiveCfg = Debug|Any CPU
		{AB1722E6-CE6F-4011-9CB6-B0B5125DD824}.Debug|Any CPU.Build.0 = Debug|Any CPU
		{AB1722E6-CE6F-4011-9CB6-B0B5125DD824}.Release|Any CPU.ActiveCfg = Release|Any CPU
		{AB1722E6-CE6F-4011-9CB6-B0B5125DD824}.Release|Any CPU.Build.0 = Release|Any CPU
		{35EDA63A-412D-43B8-876B-E9CA47A7EAA7}.Debug|Any CPU.ActiveCfg = Debug|Any CPU
		{35EDA63A-412D-43B8-876B-E9CA47A7EAA7}.Debug|Any CPU.Build.0 = Debug|Any CPU
		{35EDA63A-412D-43B8-876B-E9CA47A7EAA7}.Release|Any CPU.ActiveCfg = Release|Any CPU
		{35EDA63A-412D-43B8-876B-E9CA47A7EAA7}.Release|Any CPU.Build.0 = Release|Any CPU
		{3392E652-7CE0-45CA-8B86-54CD2A7B6777}.Debug|Any CPU.ActiveCfg = Debug|Any CPU
		{3392E652-7CE0-45CA-8B86-54CD2A7B6777}.Debug|Any CPU.Build.0 = Debug|Any CPU
		{3392E652-7CE0-45CA-8B86-54CD2A7B6777}.Release|Any CPU.ActiveCfg = Release|Any CPU
		{3392E652-7CE0-45CA-8B86-54CD2A7B6777}.Release|Any CPU.Build.0 = Release|Any CPU
		{8AA8287C-CE6F-44FF-B9FF-C02F8ADB0A18}.Debug|Any CPU.ActiveCfg = Debug|Any CPU
		{8AA8287C-CE6F-44FF-B9FF-C02F8ADB0A18}.Debug|Any CPU.Build.0 = Debug|Any CPU
		{8AA8287C-CE6F-44FF-B9FF-C02F8ADB0A18}.Release|Any CPU.ActiveCfg = Release|Any CPU
		{8AA8287C-CE6F-44FF-B9FF-C02F8ADB0A18}.Release|Any CPU.Build.0 = Release|Any CPU
		{016E0531-DC64-4DF4-8087-4AA83A5F8894}.Debug|Any CPU.ActiveCfg = Debug|Any CPU
		{016E0531-DC64-4DF4-8087-4AA83A5F8894}.Debug|Any CPU.Build.0 = Debug|Any CPU
		{016E0531-DC64-4DF4-8087-4AA83A5F8894}.Release|Any CPU.ActiveCfg = Release|Any CPU
		{016E0531-DC64-4DF4-8087-4AA83A5F8894}.Release|Any CPU.Build.0 = Release|Any CPU
		{2488803A-C7DE-4D91-B2AA-5D758D36ACC2}.Debug|Any CPU.ActiveCfg = Debug|Any CPU
		{2488803A-C7DE-4D91-B2AA-5D758D36ACC2}.Debug|Any CPU.Build.0 = Debug|Any CPU
		{2488803A-C7DE-4D91-B2AA-5D758D36ACC2}.Release|Any CPU.ActiveCfg = Release|Any CPU
		{2488803A-C7DE-4D91-B2AA-5D758D36ACC2}.Release|Any CPU.Build.0 = Release|Any CPU
		{6BA9CD31-5DCA-4CA2-AD81-376BD11E2857}.Debug|Any CPU.ActiveCfg = Debug|Any CPU
		{6BA9CD31-5DCA-4CA2-AD81-376BD11E2857}.Debug|Any CPU.Build.0 = Debug|Any CPU
		{6BA9CD31-5DCA-4CA2-AD81-376BD11E2857}.Release|Any CPU.ActiveCfg = Release|Any CPU
		{6BA9CD31-5DCA-4CA2-AD81-376BD11E2857}.Release|Any CPU.Build.0 = Release|Any CPU
		{930D1453-D580-41EB-9371-7F12641C24FC}.Debug|Any CPU.ActiveCfg = Debug|Any CPU
		{930D1453-D580-41EB-9371-7F12641C24FC}.Debug|Any CPU.Build.0 = Debug|Any CPU
		{930D1453-D580-41EB-9371-7F12641C24FC}.Release|Any CPU.ActiveCfg = Release|Any CPU
		{930D1453-D580-41EB-9371-7F12641C24FC}.Release|Any CPU.Build.0 = Release|Any CPU
		{0E38424E-57DA-4C59-98C9-2996B1F5CC51}.Debug|Any CPU.ActiveCfg = Debug|Any CPU
		{0E38424E-57DA-4C59-98C9-2996B1F5CC51}.Debug|Any CPU.Build.0 = Debug|Any CPU
		{0E38424E-57DA-4C59-98C9-2996B1F5CC51}.Release|Any CPU.ActiveCfg = Release|Any CPU
		{0E38424E-57DA-4C59-98C9-2996B1F5CC51}.Release|Any CPU.Build.0 = Release|Any CPU
		{7A9738DB-0680-4501-BA80-09E697C17C7D}.Debug|Any CPU.ActiveCfg = Debug|Any CPU
		{7A9738DB-0680-4501-BA80-09E697C17C7D}.Debug|Any CPU.Build.0 = Debug|Any CPU
		{7A9738DB-0680-4501-BA80-09E697C17C7D}.Release|Any CPU.ActiveCfg = Release|Any CPU
		{7A9738DB-0680-4501-BA80-09E697C17C7D}.Release|Any CPU.Build.0 = Release|Any CPU
		{A81E6041-F06B-4B3F-A16B-61F054163358}.Debug|Any CPU.ActiveCfg = Debug|Any CPU
		{A81E6041-F06B-4B3F-A16B-61F054163358}.Debug|Any CPU.Build.0 = Debug|Any CPU
		{A81E6041-F06B-4B3F-A16B-61F054163358}.Release|Any CPU.ActiveCfg = Release|Any CPU
		{A81E6041-F06B-4B3F-A16B-61F054163358}.Release|Any CPU.Build.0 = Release|Any CPU
	EndGlobalSection
	GlobalSection(SolutionProperties) = preSolution
		HideSolutionNode = FALSE
	EndGlobalSection
	GlobalSection(ExtensibilityGlobals) = postSolution
		SolutionGuid = {87070BFC-4BF7-4735-A493-65BC159A4BA7}
	EndGlobalSection
EndGlobal
