
Microsoft Visual Studio Solution File, Format Version 12.00
# Visual Studio Version 17
VisualStudioVersion = 17.2.32630.192
MinimumVisualStudioVersion = 10.0.40219.1
Project("{9A19103F-16F7-4668-BE54-9A1E7A4F7556}") = "R5T.O0014.Construction", "R5T.O0014.Construction\R5T.O0014.Construction.csproj", "{731806E1-D0E3-49CC-AB52-01FF4C67DC6D}"
EndProject
Project("{9A19103F-16F7-4668-BE54-9A1E7A4F7556}") = "R5T.O0014", "R5T.O0014\R5T.O0014.csproj", "{92298D59-60A6-4F7A-8E27-59697C047BF8}"
EndProject
Project("{2150E333-8FDC-42A3-9474-1A3956D46DE8}") = "_Dependencies", "_Dependencies", "{4C1BAF22-14D0-4811-9843-34130C6880BE}"
EndProject
Project("{9A19103F-16F7-4668-BE54-9A1E7A4F7556}") = "R5T.F0000", "..\..\R5T.F0000\source\R5T.F0000\R5T.F0000.csproj", "{07335152-3FC9-4AED-A271-BC3DA16731EA}"
EndProject
Project("{9A19103F-16F7-4668-BE54-9A1E7A4F7556}") = "R5T.F0002", "..\..\R5T.F0002\source\R5T.F0002\R5T.F0002.csproj", "{CDCBC1D9-8017-47D4-AF0E-38B65B1A09D4}"
EndProject
Project("{9A19103F-16F7-4668-BE54-9A1E7A4F7556}") = "R5T.F0120", "..\..\R5T.F0120\source\R5T.F0120\R5T.F0120.csproj", "{122524B2-0AC8-45E1-BE68-6DD09AEF7217}"
EndProject
Project("{9A19103F-16F7-4668-BE54-9A1E7A4F7556}") = "R5T.F0124", "..\..\R5T.F0124\source\R5T.F0124\R5T.F0124.csproj", "{CE0A6BE5-A24F-4EA4-9598-DD6ED834B2F3}"
EndProject
Project("{9A19103F-16F7-4668-BE54-9A1E7A4F7556}") = "R5T.F0125", "..\..\R5T.F0125\source\R5T.F0125\R5T.F0125.csproj", "{A2D75E78-2785-4783-84A8-E9EC3EE7A4BB}"
EndProject
Project("{9A19103F-16F7-4668-BE54-9A1E7A4F7556}") = "R5T.F0133", "..\..\R5T.F0133\source\R5T.F0133\R5T.F0133.csproj", "{D6A18356-F995-49E0-9709-E339C0BB21E8}"
EndProject
Project("{9A19103F-16F7-4668-BE54-9A1E7A4F7556}") = "R5T.F0134", "..\..\R5T.F0134\source\R5T.F0134\R5T.F0134.csproj", "{58294FB2-9211-4B32-9A19-F78E276A02CA}"
EndProject
Project("{9A19103F-16F7-4668-BE54-9A1E7A4F7556}") = "R5T.L0030.T000", "..\..\R5T.L0030\source\R5T.L0030.T000\R5T.L0030.T000.csproj", "{0FF671E8-5F90-47BF-9D74-6D8E3D256CA8}"
EndProject
Project("{9A19103F-16F7-4668-BE54-9A1E7A4F7556}") = "R5T.L0030", "..\..\R5T.L0030\source\R5T.L0030\R5T.L0030.csproj", "{9F01060B-60F2-4B7C-A84A-1B7514FEAE55}"
EndProject
Project("{9A19103F-16F7-4668-BE54-9A1E7A4F7556}") = "R5T.L0034", "..\..\R5T.L0034\source\R5T.L0034\R5T.L0034.csproj", "{1D323A48-68CF-49A9-97E4-94C121F173E7}"
EndProject
Project("{9A19103F-16F7-4668-BE54-9A1E7A4F7556}") = "R5T.L0035", "..\..\R5T.L0035\source\R5T.L0035\R5T.L0035.csproj", "{DBC3A657-D0B1-4F02-AD16-A264397D3526}"
EndProject
Project("{9A19103F-16F7-4668-BE54-9A1E7A4F7556}") = "R5T.L0043.F000", "..\..\R5T.L0043\source\R5T.L0043.F000\R5T.L0043.F000.csproj", "{0DE21104-47C3-4596-B25F-CF6DF77CFA1A}"
EndProject
Project("{9A19103F-16F7-4668-BE54-9A1E7A4F7556}") = "R5T.L0043.O001", "..\..\R5T.L0043\source\R5T.L0043.O001\R5T.L0043.O001.csproj", "{CC9400CC-B97F-4C95-8A45-3A8312EE001C}"
EndProject
Project("{9A19103F-16F7-4668-BE54-9A1E7A4F7556}") = "R5T.L0043.O002", "..\..\R5T.L0043\source\R5T.L0043.O002\R5T.L0043.O002.csproj", "{42949BDE-2752-4F70-9B23-9CBBAEEF13A8}"
EndProject
Project("{9A19103F-16F7-4668-BE54-9A1E7A4F7556}") = "R5T.L0043.T000", "..\..\R5T.L0043\source\R5T.L0043.T000\R5T.L0043.T000.csproj", "{0D837E04-83AD-4996-BA8D-2E37933B9795}"
EndProject
Project("{9A19103F-16F7-4668-BE54-9A1E7A4F7556}") = "R5T.L0043.Z000", "..\..\R5T.L0043\source\R5T.L0043.Z000\R5T.L0043.Z000.csproj", "{37019D1E-00DC-4547-8EA5-1D96DA9EE190}"
EndProject
Project("{9A19103F-16F7-4668-BE54-9A1E7A4F7556}") = "R5T.L0043.Z002", "..\..\R5T.L0043\source\R5T.L0043.Z002\R5T.L0043.Z002.csproj", "{E04C57A1-20D6-4FAE-B7F3-3C4F6217D3F6}"
EndProject
Project("{9A19103F-16F7-4668-BE54-9A1E7A4F7556}") = "R5T.L0044.O001", "..\..\R5T.L0044\source\R5T.L0044.O001\R5T.L0044.O001.csproj", "{630522B9-525B-43E1-BE6D-1E89ADC9B694}"
EndProject
Project("{9A19103F-16F7-4668-BE54-9A1E7A4F7556}") = "R5T.L0044.T000", "..\..\R5T.L0044\source\R5T.L0044.T000\R5T.L0044.T000.csproj", "{22091A07-9733-4FBF-9485-8BF30CBF6379}"
EndProject
Project("{9A19103F-16F7-4668-BE54-9A1E7A4F7556}") = "R5T.L0044.X000", "..\..\R5T.L0044\source\R5T.L0044.X000\R5T.L0044.X000.csproj", "{8C16A494-E9DC-4D18-A33C-C376325A5C62}"
EndProject
Project("{9A19103F-16F7-4668-BE54-9A1E7A4F7556}") = "R5T.L0044.Z001", "..\..\R5T.L0044\source\R5T.L0044.Z001\R5T.L0044.Z001.csproj", "{4BF6F424-E1AD-43FB-BE3A-B78AC975D831}"
EndProject
Project("{9A19103F-16F7-4668-BE54-9A1E7A4F7556}") = "R5T.L0044", "..\..\R5T.L0044\source\R5T.L0044\R5T.L0044.csproj", "{0CF733E7-8457-4D7A-AF0B-E7476622A105}"
EndProject
Project("{9A19103F-16F7-4668-BE54-9A1E7A4F7556}") = "R5T.L0045.O001", "..\..\R5T.L0045\source\R5T.L0045.O001\R5T.L0045.O001.csproj", "{7CB754B2-3ED0-4C96-A542-6BDA26431C31}"
EndProject
Project("{9A19103F-16F7-4668-BE54-9A1E7A4F7556}") = "R5T.L0045.T000", "..\..\R5T.L0045\source\R5T.L0045.T000\R5T.L0045.T000.csproj", "{CAB9EBC4-8E39-44C2-A1DA-3E738629DFD9}"
EndProject
Project("{9A19103F-16F7-4668-BE54-9A1E7A4F7556}") = "R5T.L0045.X000", "..\..\R5T.L0045\source\R5T.L0045.X000\R5T.L0045.X000.csproj", "{CC210F24-F465-4522-B293-7862EA4BD47F}"
EndProject
Project("{9A19103F-16F7-4668-BE54-9A1E7A4F7556}") = "R5T.L0045", "..\..\R5T.L0045\source\R5T.L0045\R5T.L0045.csproj", "{0E9115B0-B343-4522-BABC-17F3E419657B}"
EndProject
Project("{9A19103F-16F7-4668-BE54-9A1E7A4F7556}") = "R5T.L0046.O001", "..\..\R5T.L0046\source\R5T.L0046.O001\R5T.L0046.O001.csproj", "{F78DE5D3-BEBD-4AD4-94A0-F7271C9C78EC}"
EndProject
Project("{9A19103F-16F7-4668-BE54-9A1E7A4F7556}") = "R5T.L0046.T000", "..\..\R5T.L0046\source\R5T.L0046.T000\R5T.L0046.T000.csproj", "{7E4FBBE8-D470-4D0B-BE1C-A2C79D26AC47}"
EndProject
Project("{9A19103F-16F7-4668-BE54-9A1E7A4F7556}") = "R5T.L0046.X000", "..\..\R5T.L0046\source\R5T.L0046.X000\R5T.L0046.X000.csproj", "{A2FF5D1B-C440-41EE-A9B2-D68331177A43}"
EndProject
Project("{9A19103F-16F7-4668-BE54-9A1E7A4F7556}") = "R5T.L0046", "..\..\R5T.L0046\source\R5T.L0046\R5T.L0046.csproj", "{7B7C7F2F-E8D1-4BFF-9B1F-AE5A0128DE7E}"
EndProject
Project("{9A19103F-16F7-4668-BE54-9A1E7A4F7556}") = "R5T.O0007", "..\..\R5T.O0007\source\R5T.O0007\R5T.O0007.csproj", "{54FDA7E7-B25B-4AE8-8503-EC5FBBC7F6D7}"
EndProject
Project("{9A19103F-16F7-4668-BE54-9A1E7A4F7556}") = "R5T.O0015", "..\..\R5T.O0015\source\R5T.O0015\R5T.O0015.csproj", "{C52188FD-AEE2-4B65-A122-4AF42DE9FA5A}"
EndProject
Project("{9A19103F-16F7-4668-BE54-9A1E7A4F7556}") = "R5T.T0131", "..\..\R5T.T0131\source\R5T.T0131\R5T.T0131.csproj", "{5FE012C0-8FF2-403F-A468-4F5E87B89681}"
EndProject
Project("{9A19103F-16F7-4668-BE54-9A1E7A4F7556}") = "R5T.T0132", "..\..\R5T.T0132\source\R5T.T0132\R5T.T0132.csproj", "{DE295289-FFEC-46AF-B75F-72BC330B1E21}"
EndProject
Project("{9A19103F-16F7-4668-BE54-9A1E7A4F7556}") = "R5T.T0142", "..\..\R5T.T0142\source\R5T.T0142\R5T.T0142.csproj", "{F701C763-13C3-42DC-8822-32B7DCEFCE37}"
EndProject
Project("{9A19103F-16F7-4668-BE54-9A1E7A4F7556}") = "R5T.T0143", "..\..\R5T.T0143\source\R5T.T0143\R5T.T0143.csproj", "{F000961F-3F12-44A7-AEA8-B32CB672F1B9}"
EndProject
Project("{9A19103F-16F7-4668-BE54-9A1E7A4F7556}") = "R5T.T0156", "..\..\R5T.T0156\source\R5T.T0156\R5T.T0156.csproj", "{67DF4524-E7F7-4B73-96F4-D95CB1CABD41}"
EndProject
Project("{9A19103F-16F7-4668-BE54-9A1E7A4F7556}") = "R5T.T0174", "..\..\R5T.T0174\source\R5T.T0174\R5T.T0174.csproj", "{09409DA7-4324-45DF-8113-1E5538652879}"
EndProject
Project("{9A19103F-16F7-4668-BE54-9A1E7A4F7556}") = "R5T.T0176", "..\..\R5T.T0176\source\R5T.T0176\R5T.T0176.csproj", "{65D4C621-428D-4F44-B272-411559EE4420}"
EndProject
Project("{9A19103F-16F7-4668-BE54-9A1E7A4F7556}") = "R5T.T0177", "..\..\R5T.T0177\source\R5T.T0177\R5T.T0177.csproj", "{BF0DB9CE-472D-4032-B475-E80B9A838137}"
EndProject
Project("{9A19103F-16F7-4668-BE54-9A1E7A4F7556}") = "R5T.T0178", "..\..\R5T.T0178\source\R5T.T0178\R5T.T0178.csproj", "{475C86E0-5794-4576-9303-2B882FC23B69}"
EndProject
Project("{9A19103F-16F7-4668-BE54-9A1E7A4F7556}") = "R5T.T0179", "..\..\R5T.T0179\source\R5T.T0179\R5T.T0179.csproj", "{1865808F-8C8E-469C-8073-74828CA78DEE}"
EndProject
Project("{9A19103F-16F7-4668-BE54-9A1E7A4F7556}") = "R5T.T0180", "..\..\R5T.T0180\source\R5T.T0180\R5T.T0180.csproj", "{A3CE856E-CD75-47DF-A079-A19E03794BFB}"
EndProject
Project("{9A19103F-16F7-4668-BE54-9A1E7A4F7556}") = "R5T.T0181", "..\..\R5T.T0181\source\R5T.T0181\R5T.T0181.csproj", "{25C8965C-8FBD-4078-9BBD-13D320778F12}"
EndProject
Project("{9A19103F-16F7-4668-BE54-9A1E7A4F7556}") = "R5T.T0184", "..\..\R5T.T0184\source\R5T.T0184\R5T.T0184.csproj", "{55C2D88B-15F0-488A-A28A-C5DA3C36EB16}"
EndProject
Project("{9A19103F-16F7-4668-BE54-9A1E7A4F7556}") = "R5T.T0185", "..\..\R5T.T0185\source\R5T.T0185\R5T.T0185.csproj", "{27188F65-0E27-4B59-B317-FB83B33CB27C}"
EndProject
Project("{9A19103F-16F7-4668-BE54-9A1E7A4F7556}") = "R5T.T0186", "..\..\R5T.T0186\source\R5T.T0186\R5T.T0186.csproj", "{7AFF5E78-1AC4-4819-8A54-76650456D27A}"
EndProject
Project("{9A19103F-16F7-4668-BE54-9A1E7A4F7556}") = "R5T.T0187", "..\..\R5T.T0187\source\R5T.T0187\R5T.T0187.csproj", "{7D960CCD-F562-4651-A94A-E975767AA9A8}"
EndProject
Project("{9A19103F-16F7-4668-BE54-9A1E7A4F7556}") = "R5T.T0197", "..\..\R5T.T0197\source\R5T.T0197\R5T.T0197.csproj", "{0FD93865-3D65-4A28-BA62-D936D345E6DD}"
EndProject
Project("{9A19103F-16F7-4668-BE54-9A1E7A4F7556}") = "R5T.T0203", "..\..\R5T.T0203\source\R5T.T0203\R5T.T0203.csproj", "{18C9049A-BCA2-482D-998F-5F41C0C39171}"
EndProject
Project("{9A19103F-16F7-4668-BE54-9A1E7A4F7556}") = "R5T.T0204", "..\..\R5T.T0204\source\R5T.T0204\R5T.T0204.csproj", "{29DCDFE5-B551-4F65-B8B8-B8EEC0372E11}"
EndProject
Project("{9A19103F-16F7-4668-BE54-9A1E7A4F7556}") = "R5T.T0207", "..\..\R5T.T0207\source\R5T.T0207\R5T.T0207.csproj", "{BBC6CE6C-E411-4F65-A583-EA13D0AFAEBB}"
EndProject
Project("{9A19103F-16F7-4668-BE54-9A1E7A4F7556}") = "R5T.Y0000", "..\..\R5T.Y0000\source\R5T.Y0000\R5T.Y0000.csproj", "{6043180F-2999-482B-9A45-717F4AC52D41}"
EndProject
Project("{9A19103F-16F7-4668-BE54-9A1E7A4F7556}") = "R5T.Z0000", "..\..\R5T.Z0000\source\R5T.Z0000\R5T.Z0000.csproj", "{6C0B9B73-76DF-46F9-AEA7-C38501BD45EB}"
EndProject
Project("{9A19103F-16F7-4668-BE54-9A1E7A4F7556}") = "R5T.Z0047", "..\..\R5T.Z0047\source\R5T.Z0047\R5T.Z0047.csproj", "{F9A10507-1A4E-4641-87F2-D1E77B630C80}"
EndProject
Project("{9A19103F-16F7-4668-BE54-9A1E7A4F7556}") = "R5T.F0016.F001", "..\..\R5T.F0016\source\R5T.F0016.F001\R5T.F0016.F001.csproj", "{F7F90979-3E2F-4127-9AC2-00B16E5EF273}"
EndProject
Project("{9A19103F-16F7-4668-BE54-9A1E7A4F7556}") = "R5T.F0016", "..\..\R5T.F0016\source\R5T.F0016\R5T.F0016.csproj", "{B0E17303-0689-4F79-AFEF-80460B7B43E7}"
EndProject
Project("{9A19103F-16F7-4668-BE54-9A1E7A4F7556}") = "R5T.F0019", "..\..\R5T.F0019\source\R5T.F0019\R5T.F0019.csproj", "{1649D104-43C5-413F-84E9-BF1071295876}"
EndProject
Project("{9A19103F-16F7-4668-BE54-9A1E7A4F7556}") = "R5T.F0020", "..\..\R5T.F0020\source\R5T.F0020\R5T.F0020.csproj", "{FC4E4A93-6F92-4B90-AFA6-CD4D1A4CD78C}"
EndProject
Project("{9A19103F-16F7-4668-BE54-9A1E7A4F7556}") = "R5T.F0024.T001", "..\..\R5T.F0024\source\R5T.F0024.T001\R5T.F0024.T001.csproj", "{ED016251-880C-4B12-9CE9-D20EBCB718D1}"
EndProject
Project("{9A19103F-16F7-4668-BE54-9A1E7A4F7556}") = "R5T.F0024", "..\..\R5T.F0024\source\R5T.F0024\R5T.F0024.csproj", "{606A66EF-AA74-4036-86C7-0C075D62DCC5}"
EndProject
Project("{9A19103F-16F7-4668-BE54-9A1E7A4F7556}") = "R5T.F0032", "..\..\R5T.F0032\source\R5T.F0032\R5T.F0032.csproj", "{A63C25A5-A9ED-40DA-9CA7-CD56CD984950}"
EndProject
Project("{9A19103F-16F7-4668-BE54-9A1E7A4F7556}") = "R5T.F0040.F000", "..\..\R5T.F0040\source\R5T.F0040.F000\R5T.F0040.F000.csproj", "{13391D28-2DF5-42E3-982C-3928FBF6BEBF}"
EndProject
Project("{9A19103F-16F7-4668-BE54-9A1E7A4F7556}") = "R5T.F0041", "..\..\R5T.F0041\source\R5T.F0041\R5T.F0041.csproj", "{3BAD851B-FADD-49F3-A4B6-59E4773A60DF}"
EndProject
Project("{9A19103F-16F7-4668-BE54-9A1E7A4F7556}") = "R5T.F0042.F001", "..\..\R5T.F0042\source\R5T.F0042.F001\R5T.F0042.F001.csproj", "{559A1136-D31D-4C49-BEF3-12EB0DAA01C8}"
EndProject
Project("{9A19103F-16F7-4668-BE54-9A1E7A4F7556}") = "R5T.F0042", "..\..\R5T.F0042\source\R5T.F0042\R5T.F0042.csproj", "{DBEEC7DE-D6A3-4F9B-A5F9-FE4CCFD5345F}"
EndProject
Project("{9A19103F-16F7-4668-BE54-9A1E7A4F7556}") = "R5T.F0044", "..\..\R5T.F0044\source\R5T.F0044\R5T.F0044.csproj", "{3FEB646B-FDC7-4BEC-A52E-EC1D2E3EDC85}"
EndProject
Project("{9A19103F-16F7-4668-BE54-9A1E7A4F7556}") = "R5T.F0046", "..\..\R5T.F0046\source\R5T.F0046\R5T.F0046.csproj", "{18CBCDE5-B7FE-42AD-A164-85066CD54BFF}"
EndProject
Project("{9A19103F-16F7-4668-BE54-9A1E7A4F7556}") = "R5T.F0047", "..\..\R5T.F0047\source\R5T.F0047\R5T.F0047.csproj", "{EB6FF12C-4CAB-4ABC-8B45-78D0D2882742}"
EndProject
Project("{9A19103F-16F7-4668-BE54-9A1E7A4F7556}") = "R5T.F0050", "..\..\R5T.F0050\source\R5T.F0050\R5T.F0050.csproj", "{071EC44A-0E21-495E-83DA-0CAB3100B1AD}"
EndProject
Project("{9A19103F-16F7-4668-BE54-9A1E7A4F7556}") = "R5T.F0051", "..\..\R5T.F0051\source\R5T.F0051\R5T.F0051.csproj", "{FADF6634-3396-49F4-B735-46FC6A701A97}"
EndProject
Project("{9A19103F-16F7-4668-BE54-9A1E7A4F7556}") = "R5T.F0052", "..\..\R5T.F0052\source\R5T.F0052\R5T.F0052.csproj", "{77CE3D42-AEB7-4816-93AC-6189E94D3E88}"
EndProject
Project("{9A19103F-16F7-4668-BE54-9A1E7A4F7556}") = "R5T.F0053", "..\..\R5T.F0053\source\R5T.F0053\R5T.F0053.csproj", "{A42A1940-B9A0-4920-9461-44397A40AE49}"
EndProject
Project("{9A19103F-16F7-4668-BE54-9A1E7A4F7556}") = "R5T.F0054", "..\..\R5T.F0054\source\R5T.F0054\R5T.F0054.csproj", "{5FFF290A-896A-4BEE-8462-CAFFE3806B4D}"
EndProject
Project("{9A19103F-16F7-4668-BE54-9A1E7A4F7556}") = "R5T.F0056", "..\..\R5T.F0056\source\R5T.F0056\R5T.F0056.csproj", "{2A3493EA-537C-47D9-98D5-E25A025F958D}"
EndProject
Project("{9A19103F-16F7-4668-BE54-9A1E7A4F7556}") = "R5T.F0057", "..\..\R5T.F0057\source\R5T.F0057\R5T.F0057.csproj", "{47CB5776-920A-4F9B-8060-7FDDE688657E}"
EndProject
Project("{9A19103F-16F7-4668-BE54-9A1E7A4F7556}") = "R5T.F0063.F001", "..\..\R5T.F0063\source\R5T.F0063.F001\R5T.F0063.F001.csproj", "{74816622-8A9D-4701-85D5-D33464833BCE}"
EndProject
Project("{9A19103F-16F7-4668-BE54-9A1E7A4F7556}") = "R5T.F0063", "..\..\R5T.F0063\source\R5T.F0063\R5T.F0063.csproj", "{94D31B71-C576-4DEC-9B43-54E3ECAE5D21}"
EndProject
Project("{9A19103F-16F7-4668-BE54-9A1E7A4F7556}") = "R5T.F0078", "..\..\R5T.F0078\source\R5T.F0078\R5T.F0078.csproj", "{9F3F4F41-F8AA-4AB2-8A04-E545B5F195BB}"
EndProject
Project("{9A19103F-16F7-4668-BE54-9A1E7A4F7556}") = "R5T.F0079", "..\..\R5T.F0079\source\R5T.F0079\R5T.F0079.csproj", "{0FDBA88C-ACC8-40FB-AA4F-A06930F4B350}"
EndProject
Project("{9A19103F-16F7-4668-BE54-9A1E7A4F7556}") = "R5T.F0083.R001", "..\..\R5T.F0083\source\R5T.F0083.R001\R5T.F0083.R001.csproj", "{1F15A4A0-579C-47AB-97C9-BB0116C0C6D8}"
EndProject
Project("{9A19103F-16F7-4668-BE54-9A1E7A4F7556}") = "R5T.F0083", "..\..\R5T.F0083\source\R5T.F0083\R5T.F0083.csproj", "{9F5F8539-D71D-41F9-9BDA-ED6B284A65BE}"
EndProject
Project("{9A19103F-16F7-4668-BE54-9A1E7A4F7556}") = "R5T.F0086", "..\..\R5T.F0086\source\R5T.F0086\R5T.F0086.csproj", "{59C32948-6B07-441B-81F5-387D4DE03D61}"
EndProject
Project("{9A19103F-16F7-4668-BE54-9A1E7A4F7556}") = "R5T.F0091", "..\..\R5T.F0091\source\R5T.F0091\R5T.F0091.csproj", "{E4B6F174-0F47-4694-AF7E-3BB4B26087CE}"
EndProject
Project("{9A19103F-16F7-4668-BE54-9A1E7A4F7556}") = "R5T.F0129", "..\..\R5T.F0129\source\R5T.F0129\R5T.F0129.csproj", "{30FCF77F-224F-4BCC-B847-7688512CF708}"
EndProject
Project("{9A19103F-16F7-4668-BE54-9A1E7A4F7556}") = "R5T.F0130", "..\..\R5T.F0130\source\R5T.F0130\R5T.F0130.csproj", "{44E878C6-0083-4ED9-AD32-0EB939B12BE1}"
EndProject
Project("{9A19103F-16F7-4668-BE54-9A1E7A4F7556}") = "R5T.F0131", "..\..\R5T.F0131\source\R5T.F0131\R5T.F0131.csproj", "{E91B9FB8-6E4A-4AB8-B3B8-0646CB9E33B6}"
EndProject
Project("{9A19103F-16F7-4668-BE54-9A1E7A4F7556}") = "R5T.F0132", "..\..\R5T.F0132\source\R5T.F0132\R5T.F0132.csproj", "{FCEE7D21-E3FC-4276-865B-A5EE37A1AC03}"
EndProject
Project("{9A19103F-16F7-4668-BE54-9A1E7A4F7556}") = "R5T.L0001.Y000", "..\..\R5T.L0001\source\R5T.L0001.Y000\R5T.L0001.Y000.csproj", "{8646F845-B414-4171-A532-B56E70C43143}"
EndProject
Project("{9A19103F-16F7-4668-BE54-9A1E7A4F7556}") = "R5T.L0001.Z000", "..\..\R5T.L0001\source\R5T.L0001.Z000\R5T.L0001.Z000.csproj", "{B286699E-7948-4FA6-B7B0-270A324C492E}"
EndProject
Project("{9A19103F-16F7-4668-BE54-9A1E7A4F7556}") = "R5T.L0001", "..\..\R5T.L0001\source\R5T.L0001\R5T.L0001.csproj", "{17FE06E2-316B-4476-9996-6DA614E5CF08}"
EndProject
Project("{9A19103F-16F7-4668-BE54-9A1E7A4F7556}") = "R5T.L0031.T000", "..\..\R5T.L0031\source\R5T.L0031.T000\R5T.L0031.T000.csproj", "{2FA1AFF4-3914-4696-8ABC-C4C17B49CD9F}"
EndProject
Project("{9A19103F-16F7-4668-BE54-9A1E7A4F7556}") = "R5T.L0031", "..\..\R5T.L0031\source\R5T.L0031\R5T.L0031.csproj", "{F6DD52EA-4943-43FB-B8AF-E653D01696AD}"
EndProject
Project("{9A19103F-16F7-4668-BE54-9A1E7A4F7556}") = "R5T.L0032.T000", "..\..\R5T.L0032\source\R5T.L0032.T000\R5T.L0032.T000.csproj", "{06D6ADDD-B6F6-4ED4-964E-48BE44B72968}"
EndProject
Project("{9A19103F-16F7-4668-BE54-9A1E7A4F7556}") = "R5T.L0032.Z000", "..\..\R5T.L0032\source\R5T.L0032.Z000\R5T.L0032.Z000.csproj", "{8322A158-3BAE-4110-97D2-E7F9BB9181A7}"
EndProject
Project("{9A19103F-16F7-4668-BE54-9A1E7A4F7556}") = "R5T.L0032", "..\..\R5T.L0032\source\R5T.L0032\R5T.L0032.csproj", "{63D502F7-089C-40D4-88C8-6BE585815CFE}"
EndProject
Project("{9A19103F-16F7-4668-BE54-9A1E7A4F7556}") = "R5T.L0033.T000", "..\..\R5T.L0033\source\R5T.L0033.T000\R5T.L0033.T000.csproj", "{25CDE524-E239-4A18-8493-19F5BB1C6ECE}"
EndProject
Project("{9A19103F-16F7-4668-BE54-9A1E7A4F7556}") = "R5T.L0033", "..\..\R5T.L0033\source\R5T.L0033\R5T.L0033.csproj", "{CA98BA58-D1A1-4113-9CBE-3944E381940A}"
EndProject
Project("{9A19103F-16F7-4668-BE54-9A1E7A4F7556}") = "R5T.L0039.F000", "..\..\R5T.L0039\source\R5T.L0039.F000\R5T.L0039.F000.csproj", "{65FEF3D3-4005-4C2D-AA9B-A55303C78599}"
EndProject
Project("{9A19103F-16F7-4668-BE54-9A1E7A4F7556}") = "R5T.L0039.O000", "..\..\R5T.L0039\source\R5T.L0039.O000\R5T.L0039.O000.csproj", "{88D5E004-A52A-437A-895A-CB66FEDD990C}"
EndProject
Project("{9A19103F-16F7-4668-BE54-9A1E7A4F7556}") = "R5T.L0039.O001", "..\..\R5T.L0039\source\R5T.L0039.O001\R5T.L0039.O001.csproj", "{580D75DB-3228-4B68-8281-9D0A110AB618}"
EndProject
Project("{9A19103F-16F7-4668-BE54-9A1E7A4F7556}") = "R5T.L0039.T000", "..\..\R5T.L0039\source\R5T.L0039.T000\R5T.L0039.T000.csproj", "{0A91DAD1-9525-4316-AB94-9AE5B6737D12}"
EndProject
Project("{9A19103F-16F7-4668-BE54-9A1E7A4F7556}") = "R5T.L0039", "..\..\R5T.L0039\source\R5T.L0039\R5T.L0039.csproj", "{C25B8ED6-CB2E-4728-BAF5-8D059E8BCC0E}"
EndProject
Project("{9A19103F-16F7-4668-BE54-9A1E7A4F7556}") = "R5T.L0040.F000", "..\..\R5T.L0040\source\R5T.L0040.F000\R5T.L0040.F000.csproj", "{5977CC07-486F-4BEB-93C1-FB9DF002DB3F}"
EndProject
Project("{9A19103F-16F7-4668-BE54-9A1E7A4F7556}") = "R5T.L0040.O001", "..\..\R5T.L0040\source\R5T.L0040.O001\R5T.L0040.O001.csproj", "{307A9F1F-D400-4B8E-8E34-E7DDBAB3DA24}"
EndProject
Project("{9A19103F-16F7-4668-BE54-9A1E7A4F7556}") = "R5T.L0040.O002", "..\..\R5T.L0040\source\R5T.L0040.O002\R5T.L0040.O002.csproj", "{21AA603C-90BC-4F81-AEE0-4B11F35AD912}"
EndProject
Project("{9A19103F-16F7-4668-BE54-9A1E7A4F7556}") = "R5T.L0040.T000", "..\..\R5T.L0040\source\R5T.L0040.T000\R5T.L0040.T000.csproj", "{D092AB35-6EE4-45E4-8691-D363ACB7FDD9}"
EndProject
Project("{9A19103F-16F7-4668-BE54-9A1E7A4F7556}") = "R5T.L0040", "..\..\R5T.L0040\source\R5T.L0040\R5T.L0040.csproj", "{A92C45A6-32DE-47FF-ADCC-D933A6F627AD}"
EndProject
Project("{9A19103F-16F7-4668-BE54-9A1E7A4F7556}") = "R5T.NG0005", "..\..\R5T.NG0005\source\R5T.NG0005\R5T.NG0005.csproj", "{023F9EE2-9D5D-4A17-9239-CEDC56FC3FE0}"
EndProject
Project("{9A19103F-16F7-4668-BE54-9A1E7A4F7556}") = "R5T.NG0006", "..\..\R5T.NG0006\source\R5T.NG0006\R5T.NG0006.csproj", "{589CE99D-EF1F-4702-8354-35B79C756A6B}"
EndProject
Project("{9A19103F-16F7-4668-BE54-9A1E7A4F7556}") = "R5T.NG0008", "..\..\R5T.NG0008\source\R5T.NG0008\R5T.NG0008.csproj", "{CD463345-3D71-4FA9-96E5-C4D79C9FAEC2}"
EndProject
Project("{9A19103F-16F7-4668-BE54-9A1E7A4F7556}") = "R5T.NG0009", "..\..\R5T.NG0009\source\R5T.NG0009\R5T.NG0009.csproj", "{2902808C-DD58-44D0-90D8-B5B4B83B7C88}"
EndProject
Project("{9A19103F-16F7-4668-BE54-9A1E7A4F7556}") = "R5T.NG0014", "..\..\R5T.NG0014\source\R5T.NG0014\R5T.NG0014.csproj", "{EE34FCFE-4808-48D8-AC7E-7DBDCCC5AE84}"
EndProject
Project("{9A19103F-16F7-4668-BE54-9A1E7A4F7556}") = "R5T.O0003", "..\..\R5T.O0003\source\R5T.O0003\R5T.O0003.csproj", "{904BDEC3-722A-4E53-81A0-56F1EDEFC431}"
EndProject
Project("{9A19103F-16F7-4668-BE54-9A1E7A4F7556}") = "R5T.O0004", "..\..\R5T.O0004\source\R5T.O0004\R5T.O0004.csproj", "{9DF131A3-FCD3-44E0-93D2-FF15A9F8A01A}"
EndProject
Project("{9A19103F-16F7-4668-BE54-9A1E7A4F7556}") = "R5T.O0008", "..\..\R5T.O0008\source\R5T.O0008\R5T.O0008.csproj", "{B1FD4A71-C617-4E3C-A596-ACF117D8CAFD}"
EndProject
Project("{9A19103F-16F7-4668-BE54-9A1E7A4F7556}") = "R5T.O0010", "..\..\R5T.O0010\source\R5T.O0010\R5T.O0010.csproj", "{2DC8FAB2-B767-48EC-A3E6-C99CA03BB69E}"
EndProject
Project("{9A19103F-16F7-4668-BE54-9A1E7A4F7556}") = "R5T.O0011", "..\..\R5T.O0011\source\R5T.O0011\R5T.O0011.csproj", "{4C75F2DF-7610-4BB2-ABDF-9900F7A0856C}"
EndProject
Project("{9A19103F-16F7-4668-BE54-9A1E7A4F7556}") = "R5T.O0012", "..\..\R5T.O0012\source\R5T.O0012\R5T.O0012.csproj", "{EDC1F475-AF34-49D2-96B7-8CA7BF24A675}"
EndProject
Project("{9A19103F-16F7-4668-BE54-9A1E7A4F7556}") = "R5T.O0013", "..\..\R5T.O0013\source\R5T.O0013\R5T.O0013.csproj", "{BEE9E5E1-4B69-47E8-9DED-9AFBC3CDF778}"
EndProject
Project("{9A19103F-16F7-4668-BE54-9A1E7A4F7556}") = "R5T.T0046", "..\..\R5T.T0046\source\R5T.T0046\R5T.T0046.csproj", "{F3D85694-A567-4D87-80FE-51FAC1799E9A}"
EndProject
Project("{9A19103F-16F7-4668-BE54-9A1E7A4F7556}") = "R5T.T0137", "..\..\R5T.T0137\source\R5T.T0137\R5T.T0137.csproj", "{9F77CC7E-539D-4FA4-9C3B-33893CCFDCF4}"
EndProject
Project("{9A19103F-16F7-4668-BE54-9A1E7A4F7556}") = "R5T.T0144", "..\..\R5T.T0144\source\R5T.T0144\R5T.T0144.csproj", "{3DD72B2A-2CD1-4EC1-B0D0-529EF3DF26CA}"
EndProject
Project("{9A19103F-16F7-4668-BE54-9A1E7A4F7556}") = "R5T.T0150", "..\..\R5T.T0150\source\R5T.T0150\R5T.T0150.csproj", "{785BE1F5-B8B3-493A-B830-36A56744D166}"
EndProject
Project("{9A19103F-16F7-4668-BE54-9A1E7A4F7556}") = "R5T.T0151", "..\..\R5T.T0151\source\R5T.T0151\R5T.T0151.csproj", "{57E1058F-71B5-4B4D-85D5-D9471917D301}"
EndProject
Project("{9A19103F-16F7-4668-BE54-9A1E7A4F7556}") = "R5T.T0152", "..\..\R5T.T0152\source\R5T.T0152\R5T.T0152.csproj", "{69311077-D69E-4A1A-92E0-40ABAA5C296C}"
EndProject
Project("{9A19103F-16F7-4668-BE54-9A1E7A4F7556}") = "R5T.T0154", "..\..\R5T.T0154\source\R5T.T0154\R5T.T0154.csproj", "{5229AF45-B40A-4B0E-86DD-6537B667C1DE}"
EndProject
Project("{9A19103F-16F7-4668-BE54-9A1E7A4F7556}") = "R5T.T0158", "..\..\R5T.T0158\source\R5T.T0158\R5T.T0158.csproj", "{9707559D-6615-4B5E-A0B2-F4A172261243}"
EndProject
Project("{9A19103F-16F7-4668-BE54-9A1E7A4F7556}") = "R5T.T0159", "..\..\R5T.T0159\source\R5T.T0159\R5T.T0159.csproj", "{DC22DE65-BF0A-4FF9-BAEE-61C422146367}"
EndProject
Project("{9A19103F-16F7-4668-BE54-9A1E7A4F7556}") = "R5T.T0161", "..\..\R5T.T0161\source\R5T.T0161\R5T.T0161.csproj", "{870D5D07-F70B-41A0-B9D8-70215444AB65}"
EndProject
Project("{9A19103F-16F7-4668-BE54-9A1E7A4F7556}") = "R5T.T0172", "..\..\R5T.T0172\source\R5T.T0172\R5T.T0172.csproj", "{0EB5023B-F954-41D2-A386-18E8686568E1}"
EndProject
Project("{9A19103F-16F7-4668-BE54-9A1E7A4F7556}") = "R5T.T0188", "..\..\R5T.T0188\source\R5T.T0188\R5T.T0188.csproj", "{3F523B0E-95B5-4591-A3E1-3545CE8E73D5}"
EndProject
Project("{9A19103F-16F7-4668-BE54-9A1E7A4F7556}") = "R5T.T0193", "..\..\R5T.T0193\source\R5T.T0193\R5T.T0193.csproj", "{A88BDE23-C1DF-4977-9575-FE1F598534EE}"
EndProject
Project("{9A19103F-16F7-4668-BE54-9A1E7A4F7556}") = "R5T.T0194", "..\..\R5T.T0194\source\R5T.T0194\R5T.T0194.csproj", "{5CCB06DA-2001-4324-9488-DEC0A88F9DC9}"
EndProject
Project("{9A19103F-16F7-4668-BE54-9A1E7A4F7556}") = "R5T.T0195", "..\..\R5T.T0195\source\R5T.T0195\R5T.T0195.csproj", "{B10C26B8-3F16-4853-BA9C-F63EE2E4C759}"
EndProject
Project("{9A19103F-16F7-4668-BE54-9A1E7A4F7556}") = "R5T.T0198", "..\..\R5T.T0198\source\R5T.T0198\R5T.T0198.csproj", "{5B2F25DA-9BA5-4EFE-8901-3246DE46BEFF}"
EndProject
Project("{9A19103F-16F7-4668-BE54-9A1E7A4F7556}") = "R5T.T0201", "..\..\R5T.T0201\source\R5T.T0201\R5T.T0201.csproj", "{29C41E34-4977-4926-B736-12FD2913E8B9}"
EndProject
Project("{9A19103F-16F7-4668-BE54-9A1E7A4F7556}") = "R5T.T0202", "..\..\R5T.T0202\source\R5T.T0202\R5T.T0202.csproj", "{25C1060E-27BE-421A-92EE-C22E99E9053F}"
EndProject
Project("{9A19103F-16F7-4668-BE54-9A1E7A4F7556}") = "R5T.T0205", "..\..\R5T.T0205\source\R5T.T0205\R5T.T0205.csproj", "{4E8F7281-7874-40F3-96F9-FEB5C5137FE5}"
EndProject
Project("{9A19103F-16F7-4668-BE54-9A1E7A4F7556}") = "R5T.T0206", "..\..\R5T.T0206\source\R5T.T0206\R5T.T0206.csproj", "{60D90611-63DE-4CFB-8420-171A2AB1F91C}"
EndProject
Project("{9A19103F-16F7-4668-BE54-9A1E7A4F7556}") = "R5T.Y0004", "..\..\R5T.Y0004\source\R5T.Y0004\R5T.Y0004.csproj", "{BC037458-EF74-4A81-801B-BEA5FBE6BD80}"
EndProject
Project("{9A19103F-16F7-4668-BE54-9A1E7A4F7556}") = "R5T.Z0005", "..\..\R5T.Z0005\source\R5T.Z0005\R5T.Z0005.csproj", "{F8A9B24E-5F40-43CB-B17F-C007A3D86ADA}"
EndProject
Project("{9A19103F-16F7-4668-BE54-9A1E7A4F7556}") = "R5T.Z0009", "..\..\R5T.Z0009\source\R5T.Z0009\R5T.Z0009.csproj", "{C14AC732-5753-40B8-BC76-4A64EC615C74}"
EndProject
Project("{9A19103F-16F7-4668-BE54-9A1E7A4F7556}") = "R5T.Z0013", "..\..\R5T.Z0013\source\R5T.Z0013\R5T.Z0013.csproj", "{9980FE59-3E85-431A-8DD1-F88C8895B89F}"
EndProject
Project("{9A19103F-16F7-4668-BE54-9A1E7A4F7556}") = "R5T.Z0036", "..\..\R5T.Z0036\source\R5T.Z0036\R5T.Z0036.csproj", "{F36E65B8-4CAD-4B42-BF5F-2400B7079E65}"
EndProject
Project("{9A19103F-16F7-4668-BE54-9A1E7A4F7556}") = "R5T.Z0044.Z001", "..\..\R5T.Z0044\source\R5T.Z0044.Z001\R5T.Z0044.Z001.csproj", "{561C5F7F-3FA1-48F7-80FE-CB68A980604F}"
EndProject
Project("{9A19103F-16F7-4668-BE54-9A1E7A4F7556}") = "R5T.Z0045", "..\..\R5T.Z0045\source\R5T.Z0045\R5T.Z0045.csproj", "{9333498F-BF8F-4444-B003-793788CE69A5}"
EndProject
Project("{9A19103F-16F7-4668-BE54-9A1E7A4F7556}") = "R5T.Z0048", "..\..\R5T.Z0048\source\R5T.Z0048\R5T.Z0048.csproj", "{AD271B79-72A5-4518-B0A8-DEB0FE5EBC9B}"
EndProject
Project("{9A19103F-16F7-4668-BE54-9A1E7A4F7556}") = "R5T.Z0050", "..\..\R5T.Z0050\source\R5T.Z0050\R5T.Z0050.csproj", "{43B3E298-1EC4-4347-9CC8-5CD21774B1B5}"
EndProject
Project("{9A19103F-16F7-4668-BE54-9A1E7A4F7556}") = "R5T.Z0051", "..\..\R5T.Z0051\source\R5T.Z0051\R5T.Z0051.csproj", "{AE806C26-F8C3-46A7-8CAA-6D80B21923C2}"
EndProject
Global
	GlobalSection(NestedProjects) = preSolution
		{07335152-3FC9-4AED-A271-BC3DA16731EA} = {4C1BAF22-14D0-4811-9843-34130C6880BE}
		{CDCBC1D9-8017-47D4-AF0E-38B65B1A09D4} = {4C1BAF22-14D0-4811-9843-34130C6880BE}
		{122524B2-0AC8-45E1-BE68-6DD09AEF7217} = {4C1BAF22-14D0-4811-9843-34130C6880BE}
		{CE0A6BE5-A24F-4EA4-9598-DD6ED834B2F3} = {4C1BAF22-14D0-4811-9843-34130C6880BE}
		{A2D75E78-2785-4783-84A8-E9EC3EE7A4BB} = {4C1BAF22-14D0-4811-9843-34130C6880BE}
		{D6A18356-F995-49E0-9709-E339C0BB21E8} = {4C1BAF22-14D0-4811-9843-34130C6880BE}
		{58294FB2-9211-4B32-9A19-F78E276A02CA} = {4C1BAF22-14D0-4811-9843-34130C6880BE}
		{0FF671E8-5F90-47BF-9D74-6D8E3D256CA8} = {4C1BAF22-14D0-4811-9843-34130C6880BE}
		{9F01060B-60F2-4B7C-A84A-1B7514FEAE55} = {4C1BAF22-14D0-4811-9843-34130C6880BE}
		{1D323A48-68CF-49A9-97E4-94C121F173E7} = {4C1BAF22-14D0-4811-9843-34130C6880BE}
		{DBC3A657-D0B1-4F02-AD16-A264397D3526} = {4C1BAF22-14D0-4811-9843-34130C6880BE}
		{0DE21104-47C3-4596-B25F-CF6DF77CFA1A} = {4C1BAF22-14D0-4811-9843-34130C6880BE}
		{CC9400CC-B97F-4C95-8A45-3A8312EE001C} = {4C1BAF22-14D0-4811-9843-34130C6880BE}
		{42949BDE-2752-4F70-9B23-9CBBAEEF13A8} = {4C1BAF22-14D0-4811-9843-34130C6880BE}
		{0D837E04-83AD-4996-BA8D-2E37933B9795} = {4C1BAF22-14D0-4811-9843-34130C6880BE}
		{37019D1E-00DC-4547-8EA5-1D96DA9EE190} = {4C1BAF22-14D0-4811-9843-34130C6880BE}
		{E04C57A1-20D6-4FAE-B7F3-3C4F6217D3F6} = {4C1BAF22-14D0-4811-9843-34130C6880BE}
		{630522B9-525B-43E1-BE6D-1E89ADC9B694} = {4C1BAF22-14D0-4811-9843-34130C6880BE}
		{22091A07-9733-4FBF-9485-8BF30CBF6379} = {4C1BAF22-14D0-4811-9843-34130C6880BE}
		{8C16A494-E9DC-4D18-A33C-C376325A5C62} = {4C1BAF22-14D0-4811-9843-34130C6880BE}
		{4BF6F424-E1AD-43FB-BE3A-B78AC975D831} = {4C1BAF22-14D0-4811-9843-34130C6880BE}
		{0CF733E7-8457-4D7A-AF0B-E7476622A105} = {4C1BAF22-14D0-4811-9843-34130C6880BE}
		{7CB754B2-3ED0-4C96-A542-6BDA26431C31} = {4C1BAF22-14D0-4811-9843-34130C6880BE}
		{CAB9EBC4-8E39-44C2-A1DA-3E738629DFD9} = {4C1BAF22-14D0-4811-9843-34130C6880BE}
		{CC210F24-F465-4522-B293-7862EA4BD47F} = {4C1BAF22-14D0-4811-9843-34130C6880BE}
		{0E9115B0-B343-4522-BABC-17F3E419657B} = {4C1BAF22-14D0-4811-9843-34130C6880BE}
		{F78DE5D3-BEBD-4AD4-94A0-F7271C9C78EC} = {4C1BAF22-14D0-4811-9843-34130C6880BE}
		{7E4FBBE8-D470-4D0B-BE1C-A2C79D26AC47} = {4C1BAF22-14D0-4811-9843-34130C6880BE}
		{A2FF5D1B-C440-41EE-A9B2-D68331177A43} = {4C1BAF22-14D0-4811-9843-34130C6880BE}
		{7B7C7F2F-E8D1-4BFF-9B1F-AE5A0128DE7E} = {4C1BAF22-14D0-4811-9843-34130C6880BE}
		{54FDA7E7-B25B-4AE8-8503-EC5FBBC7F6D7} = {4C1BAF22-14D0-4811-9843-34130C6880BE}
		{C52188FD-AEE2-4B65-A122-4AF42DE9FA5A} = {4C1BAF22-14D0-4811-9843-34130C6880BE}
		{5FE012C0-8FF2-403F-A468-4F5E87B89681} = {4C1BAF22-14D0-4811-9843-34130C6880BE}
		{DE295289-FFEC-46AF-B75F-72BC330B1E21} = {4C1BAF22-14D0-4811-9843-34130C6880BE}
		{F701C763-13C3-42DC-8822-32B7DCEFCE37} = {4C1BAF22-14D0-4811-9843-34130C6880BE}
		{F000961F-3F12-44A7-AEA8-B32CB672F1B9} = {4C1BAF22-14D0-4811-9843-34130C6880BE}
		{67DF4524-E7F7-4B73-96F4-D95CB1CABD41} = {4C1BAF22-14D0-4811-9843-34130C6880BE}
		{09409DA7-4324-45DF-8113-1E5538652879} = {4C1BAF22-14D0-4811-9843-34130C6880BE}
		{65D4C621-428D-4F44-B272-411559EE4420} = {4C1BAF22-14D0-4811-9843-34130C6880BE}
		{BF0DB9CE-472D-4032-B475-E80B9A838137} = {4C1BAF22-14D0-4811-9843-34130C6880BE}
		{475C86E0-5794-4576-9303-2B882FC23B69} = {4C1BAF22-14D0-4811-9843-34130C6880BE}
		{1865808F-8C8E-469C-8073-74828CA78DEE} = {4C1BAF22-14D0-4811-9843-34130C6880BE}
		{A3CE856E-CD75-47DF-A079-A19E03794BFB} = {4C1BAF22-14D0-4811-9843-34130C6880BE}
		{25C8965C-8FBD-4078-9BBD-13D320778F12} = {4C1BAF22-14D0-4811-9843-34130C6880BE}
		{55C2D88B-15F0-488A-A28A-C5DA3C36EB16} = {4C1BAF22-14D0-4811-9843-34130C6880BE}
		{27188F65-0E27-4B59-B317-FB83B33CB27C} = {4C1BAF22-14D0-4811-9843-34130C6880BE}
		{7AFF5E78-1AC4-4819-8A54-76650456D27A} = {4C1BAF22-14D0-4811-9843-34130C6880BE}
		{7D960CCD-F562-4651-A94A-E975767AA9A8} = {4C1BAF22-14D0-4811-9843-34130C6880BE}
		{0FD93865-3D65-4A28-BA62-D936D345E6DD} = {4C1BAF22-14D0-4811-9843-34130C6880BE}
		{18C9049A-BCA2-482D-998F-5F41C0C39171} = {4C1BAF22-14D0-4811-9843-34130C6880BE}
		{29DCDFE5-B551-4F65-B8B8-B8EEC0372E11} = {4C1BAF22-14D0-4811-9843-34130C6880BE}
		{BBC6CE6C-E411-4F65-A583-EA13D0AFAEBB} = {4C1BAF22-14D0-4811-9843-34130C6880BE}
		{6043180F-2999-482B-9A45-717F4AC52D41} = {4C1BAF22-14D0-4811-9843-34130C6880BE}
		{6C0B9B73-76DF-46F9-AEA7-C38501BD45EB} = {4C1BAF22-14D0-4811-9843-34130C6880BE}
		{F9A10507-1A4E-4641-87F2-D1E77B630C80} = {4C1BAF22-14D0-4811-9843-34130C6880BE}
		{F7F90979-3E2F-4127-9AC2-00B16E5EF273} = {4C1BAF22-14D0-4811-9843-34130C6880BE}
		{B0E17303-0689-4F79-AFEF-80460B7B43E7} = {4C1BAF22-14D0-4811-9843-34130C6880BE}
		{1649D104-43C5-413F-84E9-BF1071295876} = {4C1BAF22-14D0-4811-9843-34130C6880BE}
		{FC4E4A93-6F92-4B90-AFA6-CD4D1A4CD78C} = {4C1BAF22-14D0-4811-9843-34130C6880BE}
		{ED016251-880C-4B12-9CE9-D20EBCB718D1} = {4C1BAF22-14D0-4811-9843-34130C6880BE}
		{606A66EF-AA74-4036-86C7-0C075D62DCC5} = {4C1BAF22-14D0-4811-9843-34130C6880BE}
		{A63C25A5-A9ED-40DA-9CA7-CD56CD984950} = {4C1BAF22-14D0-4811-9843-34130C6880BE}
		{13391D28-2DF5-42E3-982C-3928FBF6BEBF} = {4C1BAF22-14D0-4811-9843-34130C6880BE}
		{3BAD851B-FADD-49F3-A4B6-59E4773A60DF} = {4C1BAF22-14D0-4811-9843-34130C6880BE}
		{559A1136-D31D-4C49-BEF3-12EB0DAA01C8} = {4C1BAF22-14D0-4811-9843-34130C6880BE}
		{DBEEC7DE-D6A3-4F9B-A5F9-FE4CCFD5345F} = {4C1BAF22-14D0-4811-9843-34130C6880BE}
		{3FEB646B-FDC7-4BEC-A52E-EC1D2E3EDC85} = {4C1BAF22-14D0-4811-9843-34130C6880BE}
		{18CBCDE5-B7FE-42AD-A164-85066CD54BFF} = {4C1BAF22-14D0-4811-9843-34130C6880BE}
		{EB6FF12C-4CAB-4ABC-8B45-78D0D2882742} = {4C1BAF22-14D0-4811-9843-34130C6880BE}
		{071EC44A-0E21-495E-83DA-0CAB3100B1AD} = {4C1BAF22-14D0-4811-9843-34130C6880BE}
		{FADF6634-3396-49F4-B735-46FC6A701A97} = {4C1BAF22-14D0-4811-9843-34130C6880BE}
		{77CE3D42-AEB7-4816-93AC-6189E94D3E88} = {4C1BAF22-14D0-4811-9843-34130C6880BE}
		{A42A1940-B9A0-4920-9461-44397A40AE49} = {4C1BAF22-14D0-4811-9843-34130C6880BE}
		{5FFF290A-896A-4BEE-8462-CAFFE3806B4D} = {4C1BAF22-14D0-4811-9843-34130C6880BE}
		{2A3493EA-537C-47D9-98D5-E25A025F958D} = {4C1BAF22-14D0-4811-9843-34130C6880BE}
		{47CB5776-920A-4F9B-8060-7FDDE688657E} = {4C1BAF22-14D0-4811-9843-34130C6880BE}
		{74816622-8A9D-4701-85D5-D33464833BCE} = {4C1BAF22-14D0-4811-9843-34130C6880BE}
		{94D31B71-C576-4DEC-9B43-54E3ECAE5D21} = {4C1BAF22-14D0-4811-9843-34130C6880BE}
		{9F3F4F41-F8AA-4AB2-8A04-E545B5F195BB} = {4C1BAF22-14D0-4811-9843-34130C6880BE}
		{0FDBA88C-ACC8-40FB-AA4F-A06930F4B350} = {4C1BAF22-14D0-4811-9843-34130C6880BE}
		{1F15A4A0-579C-47AB-97C9-BB0116C0C6D8} = {4C1BAF22-14D0-4811-9843-34130C6880BE}
		{9F5F8539-D71D-41F9-9BDA-ED6B284A65BE} = {4C1BAF22-14D0-4811-9843-34130C6880BE}
		{59C32948-6B07-441B-81F5-387D4DE03D61} = {4C1BAF22-14D0-4811-9843-34130C6880BE}
		{E4B6F174-0F47-4694-AF7E-3BB4B26087CE} = {4C1BAF22-14D0-4811-9843-34130C6880BE}
		{30FCF77F-224F-4BCC-B847-7688512CF708} = {4C1BAF22-14D0-4811-9843-34130C6880BE}
		{44E878C6-0083-4ED9-AD32-0EB939B12BE1} = {4C1BAF22-14D0-4811-9843-34130C6880BE}
		{E91B9FB8-6E4A-4AB8-B3B8-0646CB9E33B6} = {4C1BAF22-14D0-4811-9843-34130C6880BE}
		{FCEE7D21-E3FC-4276-865B-A5EE37A1AC03} = {4C1BAF22-14D0-4811-9843-34130C6880BE}
		{8646F845-B414-4171-A532-B56E70C43143} = {4C1BAF22-14D0-4811-9843-34130C6880BE}
		{B286699E-7948-4FA6-B7B0-270A324C492E} = {4C1BAF22-14D0-4811-9843-34130C6880BE}
		{17FE06E2-316B-4476-9996-6DA614E5CF08} = {4C1BAF22-14D0-4811-9843-34130C6880BE}
		{2FA1AFF4-3914-4696-8ABC-C4C17B49CD9F} = {4C1BAF22-14D0-4811-9843-34130C6880BE}
		{F6DD52EA-4943-43FB-B8AF-E653D01696AD} = {4C1BAF22-14D0-4811-9843-34130C6880BE}
		{06D6ADDD-B6F6-4ED4-964E-48BE44B72968} = {4C1BAF22-14D0-4811-9843-34130C6880BE}
		{8322A158-3BAE-4110-97D2-E7F9BB9181A7} = {4C1BAF22-14D0-4811-9843-34130C6880BE}
		{63D502F7-089C-40D4-88C8-6BE585815CFE} = {4C1BAF22-14D0-4811-9843-34130C6880BE}
		{25CDE524-E239-4A18-8493-19F5BB1C6ECE} = {4C1BAF22-14D0-4811-9843-34130C6880BE}
		{CA98BA58-D1A1-4113-9CBE-3944E381940A} = {4C1BAF22-14D0-4811-9843-34130C6880BE}
		{65FEF3D3-4005-4C2D-AA9B-A55303C78599} = {4C1BAF22-14D0-4811-9843-34130C6880BE}
		{88D5E004-A52A-437A-895A-CB66FEDD990C} = {4C1BAF22-14D0-4811-9843-34130C6880BE}
		{580D75DB-3228-4B68-8281-9D0A110AB618} = {4C1BAF22-14D0-4811-9843-34130C6880BE}
		{0A91DAD1-9525-4316-AB94-9AE5B6737D12} = {4C1BAF22-14D0-4811-9843-34130C6880BE}
		{C25B8ED6-CB2E-4728-BAF5-8D059E8BCC0E} = {4C1BAF22-14D0-4811-9843-34130C6880BE}
		{5977CC07-486F-4BEB-93C1-FB9DF002DB3F} = {4C1BAF22-14D0-4811-9843-34130C6880BE}
		{307A9F1F-D400-4B8E-8E34-E7DDBAB3DA24} = {4C1BAF22-14D0-4811-9843-34130C6880BE}
		{21AA603C-90BC-4F81-AEE0-4B11F35AD912} = {4C1BAF22-14D0-4811-9843-34130C6880BE}
		{D092AB35-6EE4-45E4-8691-D363ACB7FDD9} = {4C1BAF22-14D0-4811-9843-34130C6880BE}
		{A92C45A6-32DE-47FF-ADCC-D933A6F627AD} = {4C1BAF22-14D0-4811-9843-34130C6880BE}
		{023F9EE2-9D5D-4A17-9239-CEDC56FC3FE0} = {4C1BAF22-14D0-4811-9843-34130C6880BE}
		{589CE99D-EF1F-4702-8354-35B79C756A6B} = {4C1BAF22-14D0-4811-9843-34130C6880BE}
		{CD463345-3D71-4FA9-96E5-C4D79C9FAEC2} = {4C1BAF22-14D0-4811-9843-34130C6880BE}
		{2902808C-DD58-44D0-90D8-B5B4B83B7C88} = {4C1BAF22-14D0-4811-9843-34130C6880BE}
		{EE34FCFE-4808-48D8-AC7E-7DBDCCC5AE84} = {4C1BAF22-14D0-4811-9843-34130C6880BE}
		{904BDEC3-722A-4E53-81A0-56F1EDEFC431} = {4C1BAF22-14D0-4811-9843-34130C6880BE}
		{9DF131A3-FCD3-44E0-93D2-FF15A9F8A01A} = {4C1BAF22-14D0-4811-9843-34130C6880BE}
		{B1FD4A71-C617-4E3C-A596-ACF117D8CAFD} = {4C1BAF22-14D0-4811-9843-34130C6880BE}
		{2DC8FAB2-B767-48EC-A3E6-C99CA03BB69E} = {4C1BAF22-14D0-4811-9843-34130C6880BE}
		{4C75F2DF-7610-4BB2-ABDF-9900F7A0856C} = {4C1BAF22-14D0-4811-9843-34130C6880BE}
		{EDC1F475-AF34-49D2-96B7-8CA7BF24A675} = {4C1BAF22-14D0-4811-9843-34130C6880BE}
		{BEE9E5E1-4B69-47E8-9DED-9AFBC3CDF778} = {4C1BAF22-14D0-4811-9843-34130C6880BE}
		{F3D85694-A567-4D87-80FE-51FAC1799E9A} = {4C1BAF22-14D0-4811-9843-34130C6880BE}
		{9F77CC7E-539D-4FA4-9C3B-33893CCFDCF4} = {4C1BAF22-14D0-4811-9843-34130C6880BE}
		{3DD72B2A-2CD1-4EC1-B0D0-529EF3DF26CA} = {4C1BAF22-14D0-4811-9843-34130C6880BE}
		{785BE1F5-B8B3-493A-B830-36A56744D166} = {4C1BAF22-14D0-4811-9843-34130C6880BE}
		{57E1058F-71B5-4B4D-85D5-D9471917D301} = {4C1BAF22-14D0-4811-9843-34130C6880BE}
		{69311077-D69E-4A1A-92E0-40ABAA5C296C} = {4C1BAF22-14D0-4811-9843-34130C6880BE}
		{5229AF45-B40A-4B0E-86DD-6537B667C1DE} = {4C1BAF22-14D0-4811-9843-34130C6880BE}
		{9707559D-6615-4B5E-A0B2-F4A172261243} = {4C1BAF22-14D0-4811-9843-34130C6880BE}
		{DC22DE65-BF0A-4FF9-BAEE-61C422146367} = {4C1BAF22-14D0-4811-9843-34130C6880BE}
		{870D5D07-F70B-41A0-B9D8-70215444AB65} = {4C1BAF22-14D0-4811-9843-34130C6880BE}
		{0EB5023B-F954-41D2-A386-18E8686568E1} = {4C1BAF22-14D0-4811-9843-34130C6880BE}
		{3F523B0E-95B5-4591-A3E1-3545CE8E73D5} = {4C1BAF22-14D0-4811-9843-34130C6880BE}
		{A88BDE23-C1DF-4977-9575-FE1F598534EE} = {4C1BAF22-14D0-4811-9843-34130C6880BE}
		{5CCB06DA-2001-4324-9488-DEC0A88F9DC9} = {4C1BAF22-14D0-4811-9843-34130C6880BE}
		{B10C26B8-3F16-4853-BA9C-F63EE2E4C759} = {4C1BAF22-14D0-4811-9843-34130C6880BE}
		{5B2F25DA-9BA5-4EFE-8901-3246DE46BEFF} = {4C1BAF22-14D0-4811-9843-34130C6880BE}
		{29C41E34-4977-4926-B736-12FD2913E8B9} = {4C1BAF22-14D0-4811-9843-34130C6880BE}
		{25C1060E-27BE-421A-92EE-C22E99E9053F} = {4C1BAF22-14D0-4811-9843-34130C6880BE}
		{4E8F7281-7874-40F3-96F9-FEB5C5137FE5} = {4C1BAF22-14D0-4811-9843-34130C6880BE}
		{60D90611-63DE-4CFB-8420-171A2AB1F91C} = {4C1BAF22-14D0-4811-9843-34130C6880BE}
		{BC037458-EF74-4A81-801B-BEA5FBE6BD80} = {4C1BAF22-14D0-4811-9843-34130C6880BE}
		{F8A9B24E-5F40-43CB-B17F-C007A3D86ADA} = {4C1BAF22-14D0-4811-9843-34130C6880BE}
		{C14AC732-5753-40B8-BC76-4A64EC615C74} = {4C1BAF22-14D0-4811-9843-34130C6880BE}
		{9980FE59-3E85-431A-8DD1-F88C8895B89F} = {4C1BAF22-14D0-4811-9843-34130C6880BE}
		{F36E65B8-4CAD-4B42-BF5F-2400B7079E65} = {4C1BAF22-14D0-4811-9843-34130C6880BE}
		{561C5F7F-3FA1-48F7-80FE-CB68A980604F} = {4C1BAF22-14D0-4811-9843-34130C6880BE}
		{9333498F-BF8F-4444-B003-793788CE69A5} = {4C1BAF22-14D0-4811-9843-34130C6880BE}
		{AD271B79-72A5-4518-B0A8-DEB0FE5EBC9B} = {4C1BAF22-14D0-4811-9843-34130C6880BE}
		{43B3E298-1EC4-4347-9CC8-5CD21774B1B5} = {4C1BAF22-14D0-4811-9843-34130C6880BE}
		{AE806C26-F8C3-46A7-8CAA-6D80B21923C2} = {4C1BAF22-14D0-4811-9843-34130C6880BE}
	EndGlobalSection
	GlobalSection(SolutionConfigurationPlatforms) = preSolution
		Debug|Any CPU = Debug|Any CPU
		Release|Any CPU = Release|Any CPU
	EndGlobalSection
	GlobalSection(ProjectConfigurationPlatforms) = postSolution
		{731806E1-D0E3-49CC-AB52-01FF4C67DC6D}.Debug|Any CPU.ActiveCfg = Debug|Any CPU
		{731806E1-D0E3-49CC-AB52-01FF4C67DC6D}.Debug|Any CPU.Build.0 = Debug|Any CPU
		{731806E1-D0E3-49CC-AB52-01FF4C67DC6D}.Release|Any CPU.ActiveCfg = Release|Any CPU
		{731806E1-D0E3-49CC-AB52-01FF4C67DC6D}.Release|Any CPU.Build.0 = Release|Any CPU
		{92298D59-60A6-4F7A-8E27-59697C047BF8}.Debug|Any CPU.ActiveCfg = Debug|Any CPU
		{92298D59-60A6-4F7A-8E27-59697C047BF8}.Debug|Any CPU.Build.0 = Debug|Any CPU
		{92298D59-60A6-4F7A-8E27-59697C047BF8}.Release|Any CPU.ActiveCfg = Release|Any CPU
		{92298D59-60A6-4F7A-8E27-59697C047BF8}.Release|Any CPU.Build.0 = Release|Any CPU
		{07335152-3FC9-4AED-A271-BC3DA16731EA}.Debug|Any CPU.ActiveCfg = Debug|Any CPU
		{07335152-3FC9-4AED-A271-BC3DA16731EA}.Debug|Any CPU.Build.0 = Debug|Any CPU
		{07335152-3FC9-4AED-A271-BC3DA16731EA}.Release|Any CPU.ActiveCfg = Release|Any CPU
		{07335152-3FC9-4AED-A271-BC3DA16731EA}.Release|Any CPU.Build.0 = Release|Any CPU
		{CDCBC1D9-8017-47D4-AF0E-38B65B1A09D4}.Debug|Any CPU.ActiveCfg = Debug|Any CPU
		{CDCBC1D9-8017-47D4-AF0E-38B65B1A09D4}.Debug|Any CPU.Build.0 = Debug|Any CPU
		{CDCBC1D9-8017-47D4-AF0E-38B65B1A09D4}.Release|Any CPU.ActiveCfg = Release|Any CPU
		{CDCBC1D9-8017-47D4-AF0E-38B65B1A09D4}.Release|Any CPU.Build.0 = Release|Any CPU
		{122524B2-0AC8-45E1-BE68-6DD09AEF7217}.Debug|Any CPU.ActiveCfg = Debug|Any CPU
		{122524B2-0AC8-45E1-BE68-6DD09AEF7217}.Debug|Any CPU.Build.0 = Debug|Any CPU
		{122524B2-0AC8-45E1-BE68-6DD09AEF7217}.Release|Any CPU.ActiveCfg = Release|Any CPU
		{122524B2-0AC8-45E1-BE68-6DD09AEF7217}.Release|Any CPU.Build.0 = Release|Any CPU
		{CE0A6BE5-A24F-4EA4-9598-DD6ED834B2F3}.Debug|Any CPU.ActiveCfg = Debug|Any CPU
		{CE0A6BE5-A24F-4EA4-9598-DD6ED834B2F3}.Debug|Any CPU.Build.0 = Debug|Any CPU
		{CE0A6BE5-A24F-4EA4-9598-DD6ED834B2F3}.Release|Any CPU.ActiveCfg = Release|Any CPU
		{CE0A6BE5-A24F-4EA4-9598-DD6ED834B2F3}.Release|Any CPU.Build.0 = Release|Any CPU
		{A2D75E78-2785-4783-84A8-E9EC3EE7A4BB}.Debug|Any CPU.ActiveCfg = Debug|Any CPU
		{A2D75E78-2785-4783-84A8-E9EC3EE7A4BB}.Debug|Any CPU.Build.0 = Debug|Any CPU
		{A2D75E78-2785-4783-84A8-E9EC3EE7A4BB}.Release|Any CPU.ActiveCfg = Release|Any CPU
		{A2D75E78-2785-4783-84A8-E9EC3EE7A4BB}.Release|Any CPU.Build.0 = Release|Any CPU
		{D6A18356-F995-49E0-9709-E339C0BB21E8}.Debug|Any CPU.ActiveCfg = Debug|Any CPU
		{D6A18356-F995-49E0-9709-E339C0BB21E8}.Debug|Any CPU.Build.0 = Debug|Any CPU
		{D6A18356-F995-49E0-9709-E339C0BB21E8}.Release|Any CPU.ActiveCfg = Release|Any CPU
		{D6A18356-F995-49E0-9709-E339C0BB21E8}.Release|Any CPU.Build.0 = Release|Any CPU
		{58294FB2-9211-4B32-9A19-F78E276A02CA}.Debug|Any CPU.ActiveCfg = Debug|Any CPU
		{58294FB2-9211-4B32-9A19-F78E276A02CA}.Debug|Any CPU.Build.0 = Debug|Any CPU
		{58294FB2-9211-4B32-9A19-F78E276A02CA}.Release|Any CPU.ActiveCfg = Release|Any CPU
		{58294FB2-9211-4B32-9A19-F78E276A02CA}.Release|Any CPU.Build.0 = Release|Any CPU
		{0FF671E8-5F90-47BF-9D74-6D8E3D256CA8}.Debug|Any CPU.ActiveCfg = Debug|Any CPU
		{0FF671E8-5F90-47BF-9D74-6D8E3D256CA8}.Debug|Any CPU.Build.0 = Debug|Any CPU
		{0FF671E8-5F90-47BF-9D74-6D8E3D256CA8}.Release|Any CPU.ActiveCfg = Release|Any CPU
		{0FF671E8-5F90-47BF-9D74-6D8E3D256CA8}.Release|Any CPU.Build.0 = Release|Any CPU
		{9F01060B-60F2-4B7C-A84A-1B7514FEAE55}.Debug|Any CPU.ActiveCfg = Debug|Any CPU
		{9F01060B-60F2-4B7C-A84A-1B7514FEAE55}.Debug|Any CPU.Build.0 = Debug|Any CPU
		{9F01060B-60F2-4B7C-A84A-1B7514FEAE55}.Release|Any CPU.ActiveCfg = Release|Any CPU
		{9F01060B-60F2-4B7C-A84A-1B7514FEAE55}.Release|Any CPU.Build.0 = Release|Any CPU
		{1D323A48-68CF-49A9-97E4-94C121F173E7}.Debug|Any CPU.ActiveCfg = Debug|Any CPU
		{1D323A48-68CF-49A9-97E4-94C121F173E7}.Debug|Any CPU.Build.0 = Debug|Any CPU
		{1D323A48-68CF-49A9-97E4-94C121F173E7}.Release|Any CPU.ActiveCfg = Release|Any CPU
		{1D323A48-68CF-49A9-97E4-94C121F173E7}.Release|Any CPU.Build.0 = Release|Any CPU
		{DBC3A657-D0B1-4F02-AD16-A264397D3526}.Debug|Any CPU.ActiveCfg = Debug|Any CPU
		{DBC3A657-D0B1-4F02-AD16-A264397D3526}.Debug|Any CPU.Build.0 = Debug|Any CPU
		{DBC3A657-D0B1-4F02-AD16-A264397D3526}.Release|Any CPU.ActiveCfg = Release|Any CPU
		{DBC3A657-D0B1-4F02-AD16-A264397D3526}.Release|Any CPU.Build.0 = Release|Any CPU
		{0DE21104-47C3-4596-B25F-CF6DF77CFA1A}.Debug|Any CPU.ActiveCfg = Debug|Any CPU
		{0DE21104-47C3-4596-B25F-CF6DF77CFA1A}.Debug|Any CPU.Build.0 = Debug|Any CPU
		{0DE21104-47C3-4596-B25F-CF6DF77CFA1A}.Release|Any CPU.ActiveCfg = Release|Any CPU
		{0DE21104-47C3-4596-B25F-CF6DF77CFA1A}.Release|Any CPU.Build.0 = Release|Any CPU
		{CC9400CC-B97F-4C95-8A45-3A8312EE001C}.Debug|Any CPU.ActiveCfg = Debug|Any CPU
		{CC9400CC-B97F-4C95-8A45-3A8312EE001C}.Debug|Any CPU.Build.0 = Debug|Any CPU
		{CC9400CC-B97F-4C95-8A45-3A8312EE001C}.Release|Any CPU.ActiveCfg = Release|Any CPU
		{CC9400CC-B97F-4C95-8A45-3A8312EE001C}.Release|Any CPU.Build.0 = Release|Any CPU
		{42949BDE-2752-4F70-9B23-9CBBAEEF13A8}.Debug|Any CPU.ActiveCfg = Debug|Any CPU
		{42949BDE-2752-4F70-9B23-9CBBAEEF13A8}.Debug|Any CPU.Build.0 = Debug|Any CPU
		{42949BDE-2752-4F70-9B23-9CBBAEEF13A8}.Release|Any CPU.ActiveCfg = Release|Any CPU
		{42949BDE-2752-4F70-9B23-9CBBAEEF13A8}.Release|Any CPU.Build.0 = Release|Any CPU
		{0D837E04-83AD-4996-BA8D-2E37933B9795}.Debug|Any CPU.ActiveCfg = Debug|Any CPU
		{0D837E04-83AD-4996-BA8D-2E37933B9795}.Debug|Any CPU.Build.0 = Debug|Any CPU
		{0D837E04-83AD-4996-BA8D-2E37933B9795}.Release|Any CPU.ActiveCfg = Release|Any CPU
		{0D837E04-83AD-4996-BA8D-2E37933B9795}.Release|Any CPU.Build.0 = Release|Any CPU
		{37019D1E-00DC-4547-8EA5-1D96DA9EE190}.Debug|Any CPU.ActiveCfg = Debug|Any CPU
		{37019D1E-00DC-4547-8EA5-1D96DA9EE190}.Debug|Any CPU.Build.0 = Debug|Any CPU
		{37019D1E-00DC-4547-8EA5-1D96DA9EE190}.Release|Any CPU.ActiveCfg = Release|Any CPU
		{37019D1E-00DC-4547-8EA5-1D96DA9EE190}.Release|Any CPU.Build.0 = Release|Any CPU
		{E04C57A1-20D6-4FAE-B7F3-3C4F6217D3F6}.Debug|Any CPU.ActiveCfg = Debug|Any CPU
		{E04C57A1-20D6-4FAE-B7F3-3C4F6217D3F6}.Debug|Any CPU.Build.0 = Debug|Any CPU
		{E04C57A1-20D6-4FAE-B7F3-3C4F6217D3F6}.Release|Any CPU.ActiveCfg = Release|Any CPU
		{E04C57A1-20D6-4FAE-B7F3-3C4F6217D3F6}.Release|Any CPU.Build.0 = Release|Any CPU
		{630522B9-525B-43E1-BE6D-1E89ADC9B694}.Debug|Any CPU.ActiveCfg = Debug|Any CPU
		{630522B9-525B-43E1-BE6D-1E89ADC9B694}.Debug|Any CPU.Build.0 = Debug|Any CPU
		{630522B9-525B-43E1-BE6D-1E89ADC9B694}.Release|Any CPU.ActiveCfg = Release|Any CPU
		{630522B9-525B-43E1-BE6D-1E89ADC9B694}.Release|Any CPU.Build.0 = Release|Any CPU
		{22091A07-9733-4FBF-9485-8BF30CBF6379}.Debug|Any CPU.ActiveCfg = Debug|Any CPU
		{22091A07-9733-4FBF-9485-8BF30CBF6379}.Debug|Any CPU.Build.0 = Debug|Any CPU
		{22091A07-9733-4FBF-9485-8BF30CBF6379}.Release|Any CPU.ActiveCfg = Release|Any CPU
		{22091A07-9733-4FBF-9485-8BF30CBF6379}.Release|Any CPU.Build.0 = Release|Any CPU
		{8C16A494-E9DC-4D18-A33C-C376325A5C62}.Debug|Any CPU.ActiveCfg = Debug|Any CPU
		{8C16A494-E9DC-4D18-A33C-C376325A5C62}.Debug|Any CPU.Build.0 = Debug|Any CPU
		{8C16A494-E9DC-4D18-A33C-C376325A5C62}.Release|Any CPU.ActiveCfg = Release|Any CPU
		{8C16A494-E9DC-4D18-A33C-C376325A5C62}.Release|Any CPU.Build.0 = Release|Any CPU
		{4BF6F424-E1AD-43FB-BE3A-B78AC975D831}.Debug|Any CPU.ActiveCfg = Debug|Any CPU
		{4BF6F424-E1AD-43FB-BE3A-B78AC975D831}.Debug|Any CPU.Build.0 = Debug|Any CPU
		{4BF6F424-E1AD-43FB-BE3A-B78AC975D831}.Release|Any CPU.ActiveCfg = Release|Any CPU
		{4BF6F424-E1AD-43FB-BE3A-B78AC975D831}.Release|Any CPU.Build.0 = Release|Any CPU
		{0CF733E7-8457-4D7A-AF0B-E7476622A105}.Debug|Any CPU.ActiveCfg = Debug|Any CPU
		{0CF733E7-8457-4D7A-AF0B-E7476622A105}.Debug|Any CPU.Build.0 = Debug|Any CPU
		{0CF733E7-8457-4D7A-AF0B-E7476622A105}.Release|Any CPU.ActiveCfg = Release|Any CPU
		{0CF733E7-8457-4D7A-AF0B-E7476622A105}.Release|Any CPU.Build.0 = Release|Any CPU
		{7CB754B2-3ED0-4C96-A542-6BDA26431C31}.Debug|Any CPU.ActiveCfg = Debug|Any CPU
		{7CB754B2-3ED0-4C96-A542-6BDA26431C31}.Debug|Any CPU.Build.0 = Debug|Any CPU
		{7CB754B2-3ED0-4C96-A542-6BDA26431C31}.Release|Any CPU.ActiveCfg = Release|Any CPU
		{7CB754B2-3ED0-4C96-A542-6BDA26431C31}.Release|Any CPU.Build.0 = Release|Any CPU
		{CAB9EBC4-8E39-44C2-A1DA-3E738629DFD9}.Debug|Any CPU.ActiveCfg = Debug|Any CPU
		{CAB9EBC4-8E39-44C2-A1DA-3E738629DFD9}.Debug|Any CPU.Build.0 = Debug|Any CPU
		{CAB9EBC4-8E39-44C2-A1DA-3E738629DFD9}.Release|Any CPU.ActiveCfg = Release|Any CPU
		{CAB9EBC4-8E39-44C2-A1DA-3E738629DFD9}.Release|Any CPU.Build.0 = Release|Any CPU
		{CC210F24-F465-4522-B293-7862EA4BD47F}.Debug|Any CPU.ActiveCfg = Debug|Any CPU
		{CC210F24-F465-4522-B293-7862EA4BD47F}.Debug|Any CPU.Build.0 = Debug|Any CPU
		{CC210F24-F465-4522-B293-7862EA4BD47F}.Release|Any CPU.ActiveCfg = Release|Any CPU
		{CC210F24-F465-4522-B293-7862EA4BD47F}.Release|Any CPU.Build.0 = Release|Any CPU
		{0E9115B0-B343-4522-BABC-17F3E419657B}.Debug|Any CPU.ActiveCfg = Debug|Any CPU
		{0E9115B0-B343-4522-BABC-17F3E419657B}.Debug|Any CPU.Build.0 = Debug|Any CPU
		{0E9115B0-B343-4522-BABC-17F3E419657B}.Release|Any CPU.ActiveCfg = Release|Any CPU
		{0E9115B0-B343-4522-BABC-17F3E419657B}.Release|Any CPU.Build.0 = Release|Any CPU
		{F78DE5D3-BEBD-4AD4-94A0-F7271C9C78EC}.Debug|Any CPU.ActiveCfg = Debug|Any CPU
		{F78DE5D3-BEBD-4AD4-94A0-F7271C9C78EC}.Debug|Any CPU.Build.0 = Debug|Any CPU
		{F78DE5D3-BEBD-4AD4-94A0-F7271C9C78EC}.Release|Any CPU.ActiveCfg = Release|Any CPU
		{F78DE5D3-BEBD-4AD4-94A0-F7271C9C78EC}.Release|Any CPU.Build.0 = Release|Any CPU
		{7E4FBBE8-D470-4D0B-BE1C-A2C79D26AC47}.Debug|Any CPU.ActiveCfg = Debug|Any CPU
		{7E4FBBE8-D470-4D0B-BE1C-A2C79D26AC47}.Debug|Any CPU.Build.0 = Debug|Any CPU
		{7E4FBBE8-D470-4D0B-BE1C-A2C79D26AC47}.Release|Any CPU.ActiveCfg = Release|Any CPU
		{7E4FBBE8-D470-4D0B-BE1C-A2C79D26AC47}.Release|Any CPU.Build.0 = Release|Any CPU
		{A2FF5D1B-C440-41EE-A9B2-D68331177A43}.Debug|Any CPU.ActiveCfg = Debug|Any CPU
		{A2FF5D1B-C440-41EE-A9B2-D68331177A43}.Debug|Any CPU.Build.0 = Debug|Any CPU
		{A2FF5D1B-C440-41EE-A9B2-D68331177A43}.Release|Any CPU.ActiveCfg = Release|Any CPU
		{A2FF5D1B-C440-41EE-A9B2-D68331177A43}.Release|Any CPU.Build.0 = Release|Any CPU
		{7B7C7F2F-E8D1-4BFF-9B1F-AE5A0128DE7E}.Debug|Any CPU.ActiveCfg = Debug|Any CPU
		{7B7C7F2F-E8D1-4BFF-9B1F-AE5A0128DE7E}.Debug|Any CPU.Build.0 = Debug|Any CPU
		{7B7C7F2F-E8D1-4BFF-9B1F-AE5A0128DE7E}.Release|Any CPU.ActiveCfg = Release|Any CPU
		{7B7C7F2F-E8D1-4BFF-9B1F-AE5A0128DE7E}.Release|Any CPU.Build.0 = Release|Any CPU
		{54FDA7E7-B25B-4AE8-8503-EC5FBBC7F6D7}.Debug|Any CPU.ActiveCfg = Debug|Any CPU
		{54FDA7E7-B25B-4AE8-8503-EC5FBBC7F6D7}.Debug|Any CPU.Build.0 = Debug|Any CPU
		{54FDA7E7-B25B-4AE8-8503-EC5FBBC7F6D7}.Release|Any CPU.ActiveCfg = Release|Any CPU
		{54FDA7E7-B25B-4AE8-8503-EC5FBBC7F6D7}.Release|Any CPU.Build.0 = Release|Any CPU
		{C52188FD-AEE2-4B65-A122-4AF42DE9FA5A}.Debug|Any CPU.ActiveCfg = Debug|Any CPU
		{C52188FD-AEE2-4B65-A122-4AF42DE9FA5A}.Debug|Any CPU.Build.0 = Debug|Any CPU
		{C52188FD-AEE2-4B65-A122-4AF42DE9FA5A}.Release|Any CPU.ActiveCfg = Release|Any CPU
		{C52188FD-AEE2-4B65-A122-4AF42DE9FA5A}.Release|Any CPU.Build.0 = Release|Any CPU
		{5FE012C0-8FF2-403F-A468-4F5E87B89681}.Debug|Any CPU.ActiveCfg = Debug|Any CPU
		{5FE012C0-8FF2-403F-A468-4F5E87B89681}.Debug|Any CPU.Build.0 = Debug|Any CPU
		{5FE012C0-8FF2-403F-A468-4F5E87B89681}.Release|Any CPU.ActiveCfg = Release|Any CPU
		{5FE012C0-8FF2-403F-A468-4F5E87B89681}.Release|Any CPU.Build.0 = Release|Any CPU
		{DE295289-FFEC-46AF-B75F-72BC330B1E21}.Debug|Any CPU.ActiveCfg = Debug|Any CPU
		{DE295289-FFEC-46AF-B75F-72BC330B1E21}.Debug|Any CPU.Build.0 = Debug|Any CPU
		{DE295289-FFEC-46AF-B75F-72BC330B1E21}.Release|Any CPU.ActiveCfg = Release|Any CPU
		{DE295289-FFEC-46AF-B75F-72BC330B1E21}.Release|Any CPU.Build.0 = Release|Any CPU
		{F701C763-13C3-42DC-8822-32B7DCEFCE37}.Debug|Any CPU.ActiveCfg = Debug|Any CPU
		{F701C763-13C3-42DC-8822-32B7DCEFCE37}.Debug|Any CPU.Build.0 = Debug|Any CPU
		{F701C763-13C3-42DC-8822-32B7DCEFCE37}.Release|Any CPU.ActiveCfg = Release|Any CPU
		{F701C763-13C3-42DC-8822-32B7DCEFCE37}.Release|Any CPU.Build.0 = Release|Any CPU
		{F000961F-3F12-44A7-AEA8-B32CB672F1B9}.Debug|Any CPU.ActiveCfg = Debug|Any CPU
		{F000961F-3F12-44A7-AEA8-B32CB672F1B9}.Debug|Any CPU.Build.0 = Debug|Any CPU
		{F000961F-3F12-44A7-AEA8-B32CB672F1B9}.Release|Any CPU.ActiveCfg = Release|Any CPU
		{F000961F-3F12-44A7-AEA8-B32CB672F1B9}.Release|Any CPU.Build.0 = Release|Any CPU
		{67DF4524-E7F7-4B73-96F4-D95CB1CABD41}.Debug|Any CPU.ActiveCfg = Debug|Any CPU
		{67DF4524-E7F7-4B73-96F4-D95CB1CABD41}.Debug|Any CPU.Build.0 = Debug|Any CPU
		{67DF4524-E7F7-4B73-96F4-D95CB1CABD41}.Release|Any CPU.ActiveCfg = Release|Any CPU
		{67DF4524-E7F7-4B73-96F4-D95CB1CABD41}.Release|Any CPU.Build.0 = Release|Any CPU
		{09409DA7-4324-45DF-8113-1E5538652879}.Debug|Any CPU.ActiveCfg = Debug|Any CPU
		{09409DA7-4324-45DF-8113-1E5538652879}.Debug|Any CPU.Build.0 = Debug|Any CPU
		{09409DA7-4324-45DF-8113-1E5538652879}.Release|Any CPU.ActiveCfg = Release|Any CPU
		{09409DA7-4324-45DF-8113-1E5538652879}.Release|Any CPU.Build.0 = Release|Any CPU
		{65D4C621-428D-4F44-B272-411559EE4420}.Debug|Any CPU.ActiveCfg = Debug|Any CPU
		{65D4C621-428D-4F44-B272-411559EE4420}.Debug|Any CPU.Build.0 = Debug|Any CPU
		{65D4C621-428D-4F44-B272-411559EE4420}.Release|Any CPU.ActiveCfg = Release|Any CPU
		{65D4C621-428D-4F44-B272-411559EE4420}.Release|Any CPU.Build.0 = Release|Any CPU
		{BF0DB9CE-472D-4032-B475-E80B9A838137}.Debug|Any CPU.ActiveCfg = Debug|Any CPU
		{BF0DB9CE-472D-4032-B475-E80B9A838137}.Debug|Any CPU.Build.0 = Debug|Any CPU
		{BF0DB9CE-472D-4032-B475-E80B9A838137}.Release|Any CPU.ActiveCfg = Release|Any CPU
		{BF0DB9CE-472D-4032-B475-E80B9A838137}.Release|Any CPU.Build.0 = Release|Any CPU
		{475C86E0-5794-4576-9303-2B882FC23B69}.Debug|Any CPU.ActiveCfg = Debug|Any CPU
		{475C86E0-5794-4576-9303-2B882FC23B69}.Debug|Any CPU.Build.0 = Debug|Any CPU
		{475C86E0-5794-4576-9303-2B882FC23B69}.Release|Any CPU.ActiveCfg = Release|Any CPU
		{475C86E0-5794-4576-9303-2B882FC23B69}.Release|Any CPU.Build.0 = Release|Any CPU
		{1865808F-8C8E-469C-8073-74828CA78DEE}.Debug|Any CPU.ActiveCfg = Debug|Any CPU
		{1865808F-8C8E-469C-8073-74828CA78DEE}.Debug|Any CPU.Build.0 = Debug|Any CPU
		{1865808F-8C8E-469C-8073-74828CA78DEE}.Release|Any CPU.ActiveCfg = Release|Any CPU
		{1865808F-8C8E-469C-8073-74828CA78DEE}.Release|Any CPU.Build.0 = Release|Any CPU
		{A3CE856E-CD75-47DF-A079-A19E03794BFB}.Debug|Any CPU.ActiveCfg = Debug|Any CPU
		{A3CE856E-CD75-47DF-A079-A19E03794BFB}.Debug|Any CPU.Build.0 = Debug|Any CPU
		{A3CE856E-CD75-47DF-A079-A19E03794BFB}.Release|Any CPU.ActiveCfg = Release|Any CPU
		{A3CE856E-CD75-47DF-A079-A19E03794BFB}.Release|Any CPU.Build.0 = Release|Any CPU
		{25C8965C-8FBD-4078-9BBD-13D320778F12}.Debug|Any CPU.ActiveCfg = Debug|Any CPU
		{25C8965C-8FBD-4078-9BBD-13D320778F12}.Debug|Any CPU.Build.0 = Debug|Any CPU
		{25C8965C-8FBD-4078-9BBD-13D320778F12}.Release|Any CPU.ActiveCfg = Release|Any CPU
		{25C8965C-8FBD-4078-9BBD-13D320778F12}.Release|Any CPU.Build.0 = Release|Any CPU
		{55C2D88B-15F0-488A-A28A-C5DA3C36EB16}.Debug|Any CPU.ActiveCfg = Debug|Any CPU
		{55C2D88B-15F0-488A-A28A-C5DA3C36EB16}.Debug|Any CPU.Build.0 = Debug|Any CPU
		{55C2D88B-15F0-488A-A28A-C5DA3C36EB16}.Release|Any CPU.ActiveCfg = Release|Any CPU
		{55C2D88B-15F0-488A-A28A-C5DA3C36EB16}.Release|Any CPU.Build.0 = Release|Any CPU
		{27188F65-0E27-4B59-B317-FB83B33CB27C}.Debug|Any CPU.ActiveCfg = Debug|Any CPU
		{27188F65-0E27-4B59-B317-FB83B33CB27C}.Debug|Any CPU.Build.0 = Debug|Any CPU
		{27188F65-0E27-4B59-B317-FB83B33CB27C}.Release|Any CPU.ActiveCfg = Release|Any CPU
		{27188F65-0E27-4B59-B317-FB83B33CB27C}.Release|Any CPU.Build.0 = Release|Any CPU
		{7AFF5E78-1AC4-4819-8A54-76650456D27A}.Debug|Any CPU.ActiveCfg = Debug|Any CPU
		{7AFF5E78-1AC4-4819-8A54-76650456D27A}.Debug|Any CPU.Build.0 = Debug|Any CPU
		{7AFF5E78-1AC4-4819-8A54-76650456D27A}.Release|Any CPU.ActiveCfg = Release|Any CPU
		{7AFF5E78-1AC4-4819-8A54-76650456D27A}.Release|Any CPU.Build.0 = Release|Any CPU
		{7D960CCD-F562-4651-A94A-E975767AA9A8}.Debug|Any CPU.ActiveCfg = Debug|Any CPU
		{7D960CCD-F562-4651-A94A-E975767AA9A8}.Debug|Any CPU.Build.0 = Debug|Any CPU
		{7D960CCD-F562-4651-A94A-E975767AA9A8}.Release|Any CPU.ActiveCfg = Release|Any CPU
		{7D960CCD-F562-4651-A94A-E975767AA9A8}.Release|Any CPU.Build.0 = Release|Any CPU
		{0FD93865-3D65-4A28-BA62-D936D345E6DD}.Debug|Any CPU.ActiveCfg = Debug|Any CPU
		{0FD93865-3D65-4A28-BA62-D936D345E6DD}.Debug|Any CPU.Build.0 = Debug|Any CPU
		{0FD93865-3D65-4A28-BA62-D936D345E6DD}.Release|Any CPU.ActiveCfg = Release|Any CPU
		{0FD93865-3D65-4A28-BA62-D936D345E6DD}.Release|Any CPU.Build.0 = Release|Any CPU
		{18C9049A-BCA2-482D-998F-5F41C0C39171}.Debug|Any CPU.ActiveCfg = Debug|Any CPU
		{18C9049A-BCA2-482D-998F-5F41C0C39171}.Debug|Any CPU.Build.0 = Debug|Any CPU
		{18C9049A-BCA2-482D-998F-5F41C0C39171}.Release|Any CPU.ActiveCfg = Release|Any CPU
		{18C9049A-BCA2-482D-998F-5F41C0C39171}.Release|Any CPU.Build.0 = Release|Any CPU
		{29DCDFE5-B551-4F65-B8B8-B8EEC0372E11}.Debug|Any CPU.ActiveCfg = Debug|Any CPU
		{29DCDFE5-B551-4F65-B8B8-B8EEC0372E11}.Debug|Any CPU.Build.0 = Debug|Any CPU
		{29DCDFE5-B551-4F65-B8B8-B8EEC0372E11}.Release|Any CPU.ActiveCfg = Release|Any CPU
		{29DCDFE5-B551-4F65-B8B8-B8EEC0372E11}.Release|Any CPU.Build.0 = Release|Any CPU
		{BBC6CE6C-E411-4F65-A583-EA13D0AFAEBB}.Debug|Any CPU.ActiveCfg = Debug|Any CPU
		{BBC6CE6C-E411-4F65-A583-EA13D0AFAEBB}.Debug|Any CPU.Build.0 = Debug|Any CPU
		{BBC6CE6C-E411-4F65-A583-EA13D0AFAEBB}.Release|Any CPU.ActiveCfg = Release|Any CPU
		{BBC6CE6C-E411-4F65-A583-EA13D0AFAEBB}.Release|Any CPU.Build.0 = Release|Any CPU
		{6043180F-2999-482B-9A45-717F4AC52D41}.Debug|Any CPU.ActiveCfg = Debug|Any CPU
		{6043180F-2999-482B-9A45-717F4AC52D41}.Debug|Any CPU.Build.0 = Debug|Any CPU
		{6043180F-2999-482B-9A45-717F4AC52D41}.Release|Any CPU.ActiveCfg = Release|Any CPU
		{6043180F-2999-482B-9A45-717F4AC52D41}.Release|Any CPU.Build.0 = Release|Any CPU
		{6C0B9B73-76DF-46F9-AEA7-C38501BD45EB}.Debug|Any CPU.ActiveCfg = Debug|Any CPU
		{6C0B9B73-76DF-46F9-AEA7-C38501BD45EB}.Debug|Any CPU.Build.0 = Debug|Any CPU
		{6C0B9B73-76DF-46F9-AEA7-C38501BD45EB}.Release|Any CPU.ActiveCfg = Release|Any CPU
		{6C0B9B73-76DF-46F9-AEA7-C38501BD45EB}.Release|Any CPU.Build.0 = Release|Any CPU
		{F9A10507-1A4E-4641-87F2-D1E77B630C80}.Debug|Any CPU.ActiveCfg = Debug|Any CPU
		{F9A10507-1A4E-4641-87F2-D1E77B630C80}.Debug|Any CPU.Build.0 = Debug|Any CPU
		{F9A10507-1A4E-4641-87F2-D1E77B630C80}.Release|Any CPU.ActiveCfg = Release|Any CPU
		{F9A10507-1A4E-4641-87F2-D1E77B630C80}.Release|Any CPU.Build.0 = Release|Any CPU
		{F7F90979-3E2F-4127-9AC2-00B16E5EF273}.Debug|Any CPU.ActiveCfg = Debug|Any CPU
		{F7F90979-3E2F-4127-9AC2-00B16E5EF273}.Debug|Any CPU.Build.0 = Debug|Any CPU
		{F7F90979-3E2F-4127-9AC2-00B16E5EF273}.Release|Any CPU.ActiveCfg = Release|Any CPU
		{F7F90979-3E2F-4127-9AC2-00B16E5EF273}.Release|Any CPU.Build.0 = Release|Any CPU
		{B0E17303-0689-4F79-AFEF-80460B7B43E7}.Debug|Any CPU.ActiveCfg = Debug|Any CPU
		{B0E17303-0689-4F79-AFEF-80460B7B43E7}.Debug|Any CPU.Build.0 = Debug|Any CPU
		{B0E17303-0689-4F79-AFEF-80460B7B43E7}.Release|Any CPU.ActiveCfg = Release|Any CPU
		{B0E17303-0689-4F79-AFEF-80460B7B43E7}.Release|Any CPU.Build.0 = Release|Any CPU
		{1649D104-43C5-413F-84E9-BF1071295876}.Debug|Any CPU.ActiveCfg = Debug|Any CPU
		{1649D104-43C5-413F-84E9-BF1071295876}.Debug|Any CPU.Build.0 = Debug|Any CPU
		{1649D104-43C5-413F-84E9-BF1071295876}.Release|Any CPU.ActiveCfg = Release|Any CPU
		{1649D104-43C5-413F-84E9-BF1071295876}.Release|Any CPU.Build.0 = Release|Any CPU
		{FC4E4A93-6F92-4B90-AFA6-CD4D1A4CD78C}.Debug|Any CPU.ActiveCfg = Debug|Any CPU
		{FC4E4A93-6F92-4B90-AFA6-CD4D1A4CD78C}.Debug|Any CPU.Build.0 = Debug|Any CPU
		{FC4E4A93-6F92-4B90-AFA6-CD4D1A4CD78C}.Release|Any CPU.ActiveCfg = Release|Any CPU
		{FC4E4A93-6F92-4B90-AFA6-CD4D1A4CD78C}.Release|Any CPU.Build.0 = Release|Any CPU
		{ED016251-880C-4B12-9CE9-D20EBCB718D1}.Debug|Any CPU.ActiveCfg = Debug|Any CPU
		{ED016251-880C-4B12-9CE9-D20EBCB718D1}.Debug|Any CPU.Build.0 = Debug|Any CPU
		{ED016251-880C-4B12-9CE9-D20EBCB718D1}.Release|Any CPU.ActiveCfg = Release|Any CPU
		{ED016251-880C-4B12-9CE9-D20EBCB718D1}.Release|Any CPU.Build.0 = Release|Any CPU
		{606A66EF-AA74-4036-86C7-0C075D62DCC5}.Debug|Any CPU.ActiveCfg = Debug|Any CPU
		{606A66EF-AA74-4036-86C7-0C075D62DCC5}.Debug|Any CPU.Build.0 = Debug|Any CPU
		{606A66EF-AA74-4036-86C7-0C075D62DCC5}.Release|Any CPU.ActiveCfg = Release|Any CPU
		{606A66EF-AA74-4036-86C7-0C075D62DCC5}.Release|Any CPU.Build.0 = Release|Any CPU
		{A63C25A5-A9ED-40DA-9CA7-CD56CD984950}.Debug|Any CPU.ActiveCfg = Debug|Any CPU
		{A63C25A5-A9ED-40DA-9CA7-CD56CD984950}.Debug|Any CPU.Build.0 = Debug|Any CPU
		{A63C25A5-A9ED-40DA-9CA7-CD56CD984950}.Release|Any CPU.ActiveCfg = Release|Any CPU
		{A63C25A5-A9ED-40DA-9CA7-CD56CD984950}.Release|Any CPU.Build.0 = Release|Any CPU
		{13391D28-2DF5-42E3-982C-3928FBF6BEBF}.Debug|Any CPU.ActiveCfg = Debug|Any CPU
		{13391D28-2DF5-42E3-982C-3928FBF6BEBF}.Debug|Any CPU.Build.0 = Debug|Any CPU
		{13391D28-2DF5-42E3-982C-3928FBF6BEBF}.Release|Any CPU.ActiveCfg = Release|Any CPU
		{13391D28-2DF5-42E3-982C-3928FBF6BEBF}.Release|Any CPU.Build.0 = Release|Any CPU
		{3BAD851B-FADD-49F3-A4B6-59E4773A60DF}.Debug|Any CPU.ActiveCfg = Debug|Any CPU
		{3BAD851B-FADD-49F3-A4B6-59E4773A60DF}.Debug|Any CPU.Build.0 = Debug|Any CPU
		{3BAD851B-FADD-49F3-A4B6-59E4773A60DF}.Release|Any CPU.ActiveCfg = Release|Any CPU
		{3BAD851B-FADD-49F3-A4B6-59E4773A60DF}.Release|Any CPU.Build.0 = Release|Any CPU
		{559A1136-D31D-4C49-BEF3-12EB0DAA01C8}.Debug|Any CPU.ActiveCfg = Debug|Any CPU
		{559A1136-D31D-4C49-BEF3-12EB0DAA01C8}.Debug|Any CPU.Build.0 = Debug|Any CPU
		{559A1136-D31D-4C49-BEF3-12EB0DAA01C8}.Release|Any CPU.ActiveCfg = Release|Any CPU
		{559A1136-D31D-4C49-BEF3-12EB0DAA01C8}.Release|Any CPU.Build.0 = Release|Any CPU
		{DBEEC7DE-D6A3-4F9B-A5F9-FE4CCFD5345F}.Debug|Any CPU.ActiveCfg = Debug|Any CPU
		{DBEEC7DE-D6A3-4F9B-A5F9-FE4CCFD5345F}.Debug|Any CPU.Build.0 = Debug|Any CPU
		{DBEEC7DE-D6A3-4F9B-A5F9-FE4CCFD5345F}.Release|Any CPU.ActiveCfg = Release|Any CPU
		{DBEEC7DE-D6A3-4F9B-A5F9-FE4CCFD5345F}.Release|Any CPU.Build.0 = Release|Any CPU
		{3FEB646B-FDC7-4BEC-A52E-EC1D2E3EDC85}.Debug|Any CPU.ActiveCfg = Debug|Any CPU
		{3FEB646B-FDC7-4BEC-A52E-EC1D2E3EDC85}.Debug|Any CPU.Build.0 = Debug|Any CPU
		{3FEB646B-FDC7-4BEC-A52E-EC1D2E3EDC85}.Release|Any CPU.ActiveCfg = Release|Any CPU
		{3FEB646B-FDC7-4BEC-A52E-EC1D2E3EDC85}.Release|Any CPU.Build.0 = Release|Any CPU
		{18CBCDE5-B7FE-42AD-A164-85066CD54BFF}.Debug|Any CPU.ActiveCfg = Debug|Any CPU
		{18CBCDE5-B7FE-42AD-A164-85066CD54BFF}.Debug|Any CPU.Build.0 = Debug|Any CPU
		{18CBCDE5-B7FE-42AD-A164-85066CD54BFF}.Release|Any CPU.ActiveCfg = Release|Any CPU
		{18CBCDE5-B7FE-42AD-A164-85066CD54BFF}.Release|Any CPU.Build.0 = Release|Any CPU
		{EB6FF12C-4CAB-4ABC-8B45-78D0D2882742}.Debug|Any CPU.ActiveCfg = Debug|Any CPU
		{EB6FF12C-4CAB-4ABC-8B45-78D0D2882742}.Debug|Any CPU.Build.0 = Debug|Any CPU
		{EB6FF12C-4CAB-4ABC-8B45-78D0D2882742}.Release|Any CPU.ActiveCfg = Release|Any CPU
		{EB6FF12C-4CAB-4ABC-8B45-78D0D2882742}.Release|Any CPU.Build.0 = Release|Any CPU
		{071EC44A-0E21-495E-83DA-0CAB3100B1AD}.Debug|Any CPU.ActiveCfg = Debug|Any CPU
		{071EC44A-0E21-495E-83DA-0CAB3100B1AD}.Debug|Any CPU.Build.0 = Debug|Any CPU
		{071EC44A-0E21-495E-83DA-0CAB3100B1AD}.Release|Any CPU.ActiveCfg = Release|Any CPU
		{071EC44A-0E21-495E-83DA-0CAB3100B1AD}.Release|Any CPU.Build.0 = Release|Any CPU
		{FADF6634-3396-49F4-B735-46FC6A701A97}.Debug|Any CPU.ActiveCfg = Debug|Any CPU
		{FADF6634-3396-49F4-B735-46FC6A701A97}.Debug|Any CPU.Build.0 = Debug|Any CPU
		{FADF6634-3396-49F4-B735-46FC6A701A97}.Release|Any CPU.ActiveCfg = Release|Any CPU
		{FADF6634-3396-49F4-B735-46FC6A701A97}.Release|Any CPU.Build.0 = Release|Any CPU
		{77CE3D42-AEB7-4816-93AC-6189E94D3E88}.Debug|Any CPU.ActiveCfg = Debug|Any CPU
		{77CE3D42-AEB7-4816-93AC-6189E94D3E88}.Debug|Any CPU.Build.0 = Debug|Any CPU
		{77CE3D42-AEB7-4816-93AC-6189E94D3E88}.Release|Any CPU.ActiveCfg = Release|Any CPU
		{77CE3D42-AEB7-4816-93AC-6189E94D3E88}.Release|Any CPU.Build.0 = Release|Any CPU
		{A42A1940-B9A0-4920-9461-44397A40AE49}.Debug|Any CPU.ActiveCfg = Debug|Any CPU
		{A42A1940-B9A0-4920-9461-44397A40AE49}.Debug|Any CPU.Build.0 = Debug|Any CPU
		{A42A1940-B9A0-4920-9461-44397A40AE49}.Release|Any CPU.ActiveCfg = Release|Any CPU
		{A42A1940-B9A0-4920-9461-44397A40AE49}.Release|Any CPU.Build.0 = Release|Any CPU
		{5FFF290A-896A-4BEE-8462-CAFFE3806B4D}.Debug|Any CPU.ActiveCfg = Debug|Any CPU
		{5FFF290A-896A-4BEE-8462-CAFFE3806B4D}.Debug|Any CPU.Build.0 = Debug|Any CPU
		{5FFF290A-896A-4BEE-8462-CAFFE3806B4D}.Release|Any CPU.ActiveCfg = Release|Any CPU
		{5FFF290A-896A-4BEE-8462-CAFFE3806B4D}.Release|Any CPU.Build.0 = Release|Any CPU
		{2A3493EA-537C-47D9-98D5-E25A025F958D}.Debug|Any CPU.ActiveCfg = Debug|Any CPU
		{2A3493EA-537C-47D9-98D5-E25A025F958D}.Debug|Any CPU.Build.0 = Debug|Any CPU
		{2A3493EA-537C-47D9-98D5-E25A025F958D}.Release|Any CPU.ActiveCfg = Release|Any CPU
		{2A3493EA-537C-47D9-98D5-E25A025F958D}.Release|Any CPU.Build.0 = Release|Any CPU
		{47CB5776-920A-4F9B-8060-7FDDE688657E}.Debug|Any CPU.ActiveCfg = Debug|Any CPU
		{47CB5776-920A-4F9B-8060-7FDDE688657E}.Debug|Any CPU.Build.0 = Debug|Any CPU
		{47CB5776-920A-4F9B-8060-7FDDE688657E}.Release|Any CPU.ActiveCfg = Release|Any CPU
		{47CB5776-920A-4F9B-8060-7FDDE688657E}.Release|Any CPU.Build.0 = Release|Any CPU
		{74816622-8A9D-4701-85D5-D33464833BCE}.Debug|Any CPU.ActiveCfg = Debug|Any CPU
		{74816622-8A9D-4701-85D5-D33464833BCE}.Debug|Any CPU.Build.0 = Debug|Any CPU
		{74816622-8A9D-4701-85D5-D33464833BCE}.Release|Any CPU.ActiveCfg = Release|Any CPU
		{74816622-8A9D-4701-85D5-D33464833BCE}.Release|Any CPU.Build.0 = Release|Any CPU
		{94D31B71-C576-4DEC-9B43-54E3ECAE5D21}.Debug|Any CPU.ActiveCfg = Debug|Any CPU
		{94D31B71-C576-4DEC-9B43-54E3ECAE5D21}.Debug|Any CPU.Build.0 = Debug|Any CPU
		{94D31B71-C576-4DEC-9B43-54E3ECAE5D21}.Release|Any CPU.ActiveCfg = Release|Any CPU
		{94D31B71-C576-4DEC-9B43-54E3ECAE5D21}.Release|Any CPU.Build.0 = Release|Any CPU
		{9F3F4F41-F8AA-4AB2-8A04-E545B5F195BB}.Debug|Any CPU.ActiveCfg = Debug|Any CPU
		{9F3F4F41-F8AA-4AB2-8A04-E545B5F195BB}.Debug|Any CPU.Build.0 = Debug|Any CPU
		{9F3F4F41-F8AA-4AB2-8A04-E545B5F195BB}.Release|Any CPU.ActiveCfg = Release|Any CPU
		{9F3F4F41-F8AA-4AB2-8A04-E545B5F195BB}.Release|Any CPU.Build.0 = Release|Any CPU
		{0FDBA88C-ACC8-40FB-AA4F-A06930F4B350}.Debug|Any CPU.ActiveCfg = Debug|Any CPU
		{0FDBA88C-ACC8-40FB-AA4F-A06930F4B350}.Debug|Any CPU.Build.0 = Debug|Any CPU
		{0FDBA88C-ACC8-40FB-AA4F-A06930F4B350}.Release|Any CPU.ActiveCfg = Release|Any CPU
		{0FDBA88C-ACC8-40FB-AA4F-A06930F4B350}.Release|Any CPU.Build.0 = Release|Any CPU
		{1F15A4A0-579C-47AB-97C9-BB0116C0C6D8}.Debug|Any CPU.ActiveCfg = Debug|Any CPU
		{1F15A4A0-579C-47AB-97C9-BB0116C0C6D8}.Debug|Any CPU.Build.0 = Debug|Any CPU
		{1F15A4A0-579C-47AB-97C9-BB0116C0C6D8}.Release|Any CPU.ActiveCfg = Release|Any CPU
		{1F15A4A0-579C-47AB-97C9-BB0116C0C6D8}.Release|Any CPU.Build.0 = Release|Any CPU
		{9F5F8539-D71D-41F9-9BDA-ED6B284A65BE}.Debug|Any CPU.ActiveCfg = Debug|Any CPU
		{9F5F8539-D71D-41F9-9BDA-ED6B284A65BE}.Debug|Any CPU.Build.0 = Debug|Any CPU
		{9F5F8539-D71D-41F9-9BDA-ED6B284A65BE}.Release|Any CPU.ActiveCfg = Release|Any CPU
		{9F5F8539-D71D-41F9-9BDA-ED6B284A65BE}.Release|Any CPU.Build.0 = Release|Any CPU
		{59C32948-6B07-441B-81F5-387D4DE03D61}.Debug|Any CPU.ActiveCfg = Debug|Any CPU
		{59C32948-6B07-441B-81F5-387D4DE03D61}.Debug|Any CPU.Build.0 = Debug|Any CPU
		{59C32948-6B07-441B-81F5-387D4DE03D61}.Release|Any CPU.ActiveCfg = Release|Any CPU
		{59C32948-6B07-441B-81F5-387D4DE03D61}.Release|Any CPU.Build.0 = Release|Any CPU
		{E4B6F174-0F47-4694-AF7E-3BB4B26087CE}.Debug|Any CPU.ActiveCfg = Debug|Any CPU
		{E4B6F174-0F47-4694-AF7E-3BB4B26087CE}.Debug|Any CPU.Build.0 = Debug|Any CPU
		{E4B6F174-0F47-4694-AF7E-3BB4B26087CE}.Release|Any CPU.ActiveCfg = Release|Any CPU
		{E4B6F174-0F47-4694-AF7E-3BB4B26087CE}.Release|Any CPU.Build.0 = Release|Any CPU
		{30FCF77F-224F-4BCC-B847-7688512CF708}.Debug|Any CPU.ActiveCfg = Debug|Any CPU
		{30FCF77F-224F-4BCC-B847-7688512CF708}.Debug|Any CPU.Build.0 = Debug|Any CPU
		{30FCF77F-224F-4BCC-B847-7688512CF708}.Release|Any CPU.ActiveCfg = Release|Any CPU
		{30FCF77F-224F-4BCC-B847-7688512CF708}.Release|Any CPU.Build.0 = Release|Any CPU
		{44E878C6-0083-4ED9-AD32-0EB939B12BE1}.Debug|Any CPU.ActiveCfg = Debug|Any CPU
		{44E878C6-0083-4ED9-AD32-0EB939B12BE1}.Debug|Any CPU.Build.0 = Debug|Any CPU
		{44E878C6-0083-4ED9-AD32-0EB939B12BE1}.Release|Any CPU.ActiveCfg = Release|Any CPU
		{44E878C6-0083-4ED9-AD32-0EB939B12BE1}.Release|Any CPU.Build.0 = Release|Any CPU
		{E91B9FB8-6E4A-4AB8-B3B8-0646CB9E33B6}.Debug|Any CPU.ActiveCfg = Debug|Any CPU
		{E91B9FB8-6E4A-4AB8-B3B8-0646CB9E33B6}.Debug|Any CPU.Build.0 = Debug|Any CPU
		{E91B9FB8-6E4A-4AB8-B3B8-0646CB9E33B6}.Release|Any CPU.ActiveCfg = Release|Any CPU
		{E91B9FB8-6E4A-4AB8-B3B8-0646CB9E33B6}.Release|Any CPU.Build.0 = Release|Any CPU
		{FCEE7D21-E3FC-4276-865B-A5EE37A1AC03}.Debug|Any CPU.ActiveCfg = Debug|Any CPU
		{FCEE7D21-E3FC-4276-865B-A5EE37A1AC03}.Debug|Any CPU.Build.0 = Debug|Any CPU
		{FCEE7D21-E3FC-4276-865B-A5EE37A1AC03}.Release|Any CPU.ActiveCfg = Release|Any CPU
		{FCEE7D21-E3FC-4276-865B-A5EE37A1AC03}.Release|Any CPU.Build.0 = Release|Any CPU
		{8646F845-B414-4171-A532-B56E70C43143}.Debug|Any CPU.ActiveCfg = Debug|Any CPU
		{8646F845-B414-4171-A532-B56E70C43143}.Debug|Any CPU.Build.0 = Debug|Any CPU
		{8646F845-B414-4171-A532-B56E70C43143}.Release|Any CPU.ActiveCfg = Release|Any CPU
		{8646F845-B414-4171-A532-B56E70C43143}.Release|Any CPU.Build.0 = Release|Any CPU
		{B286699E-7948-4FA6-B7B0-270A324C492E}.Debug|Any CPU.ActiveCfg = Debug|Any CPU
		{B286699E-7948-4FA6-B7B0-270A324C492E}.Debug|Any CPU.Build.0 = Debug|Any CPU
		{B286699E-7948-4FA6-B7B0-270A324C492E}.Release|Any CPU.ActiveCfg = Release|Any CPU
		{B286699E-7948-4FA6-B7B0-270A324C492E}.Release|Any CPU.Build.0 = Release|Any CPU
		{17FE06E2-316B-4476-9996-6DA614E5CF08}.Debug|Any CPU.ActiveCfg = Debug|Any CPU
		{17FE06E2-316B-4476-9996-6DA614E5CF08}.Debug|Any CPU.Build.0 = Debug|Any CPU
		{17FE06E2-316B-4476-9996-6DA614E5CF08}.Release|Any CPU.ActiveCfg = Release|Any CPU
		{17FE06E2-316B-4476-9996-6DA614E5CF08}.Release|Any CPU.Build.0 = Release|Any CPU
		{2FA1AFF4-3914-4696-8ABC-C4C17B49CD9F}.Debug|Any CPU.ActiveCfg = Debug|Any CPU
		{2FA1AFF4-3914-4696-8ABC-C4C17B49CD9F}.Debug|Any CPU.Build.0 = Debug|Any CPU
		{2FA1AFF4-3914-4696-8ABC-C4C17B49CD9F}.Release|Any CPU.ActiveCfg = Release|Any CPU
		{2FA1AFF4-3914-4696-8ABC-C4C17B49CD9F}.Release|Any CPU.Build.0 = Release|Any CPU
		{F6DD52EA-4943-43FB-B8AF-E653D01696AD}.Debug|Any CPU.ActiveCfg = Debug|Any CPU
		{F6DD52EA-4943-43FB-B8AF-E653D01696AD}.Debug|Any CPU.Build.0 = Debug|Any CPU
		{F6DD52EA-4943-43FB-B8AF-E653D01696AD}.Release|Any CPU.ActiveCfg = Release|Any CPU
		{F6DD52EA-4943-43FB-B8AF-E653D01696AD}.Release|Any CPU.Build.0 = Release|Any CPU
		{06D6ADDD-B6F6-4ED4-964E-48BE44B72968}.Debug|Any CPU.ActiveCfg = Debug|Any CPU
		{06D6ADDD-B6F6-4ED4-964E-48BE44B72968}.Debug|Any CPU.Build.0 = Debug|Any CPU
		{06D6ADDD-B6F6-4ED4-964E-48BE44B72968}.Release|Any CPU.ActiveCfg = Release|Any CPU
		{06D6ADDD-B6F6-4ED4-964E-48BE44B72968}.Release|Any CPU.Build.0 = Release|Any CPU
		{8322A158-3BAE-4110-97D2-E7F9BB9181A7}.Debug|Any CPU.ActiveCfg = Debug|Any CPU
		{8322A158-3BAE-4110-97D2-E7F9BB9181A7}.Debug|Any CPU.Build.0 = Debug|Any CPU
		{8322A158-3BAE-4110-97D2-E7F9BB9181A7}.Release|Any CPU.ActiveCfg = Release|Any CPU
		{8322A158-3BAE-4110-97D2-E7F9BB9181A7}.Release|Any CPU.Build.0 = Release|Any CPU
		{63D502F7-089C-40D4-88C8-6BE585815CFE}.Debug|Any CPU.ActiveCfg = Debug|Any CPU
		{63D502F7-089C-40D4-88C8-6BE585815CFE}.Debug|Any CPU.Build.0 = Debug|Any CPU
		{63D502F7-089C-40D4-88C8-6BE585815CFE}.Release|Any CPU.ActiveCfg = Release|Any CPU
		{63D502F7-089C-40D4-88C8-6BE585815CFE}.Release|Any CPU.Build.0 = Release|Any CPU
		{25CDE524-E239-4A18-8493-19F5BB1C6ECE}.Debug|Any CPU.ActiveCfg = Debug|Any CPU
		{25CDE524-E239-4A18-8493-19F5BB1C6ECE}.Debug|Any CPU.Build.0 = Debug|Any CPU
		{25CDE524-E239-4A18-8493-19F5BB1C6ECE}.Release|Any CPU.ActiveCfg = Release|Any CPU
		{25CDE524-E239-4A18-8493-19F5BB1C6ECE}.Release|Any CPU.Build.0 = Release|Any CPU
		{CA98BA58-D1A1-4113-9CBE-3944E381940A}.Debug|Any CPU.ActiveCfg = Debug|Any CPU
		{CA98BA58-D1A1-4113-9CBE-3944E381940A}.Debug|Any CPU.Build.0 = Debug|Any CPU
		{CA98BA58-D1A1-4113-9CBE-3944E381940A}.Release|Any CPU.ActiveCfg = Release|Any CPU
		{CA98BA58-D1A1-4113-9CBE-3944E381940A}.Release|Any CPU.Build.0 = Release|Any CPU
		{65FEF3D3-4005-4C2D-AA9B-A55303C78599}.Debug|Any CPU.ActiveCfg = Debug|Any CPU
		{65FEF3D3-4005-4C2D-AA9B-A55303C78599}.Debug|Any CPU.Build.0 = Debug|Any CPU
		{65FEF3D3-4005-4C2D-AA9B-A55303C78599}.Release|Any CPU.ActiveCfg = Release|Any CPU
		{65FEF3D3-4005-4C2D-AA9B-A55303C78599}.Release|Any CPU.Build.0 = Release|Any CPU
		{88D5E004-A52A-437A-895A-CB66FEDD990C}.Debug|Any CPU.ActiveCfg = Debug|Any CPU
		{88D5E004-A52A-437A-895A-CB66FEDD990C}.Debug|Any CPU.Build.0 = Debug|Any CPU
		{88D5E004-A52A-437A-895A-CB66FEDD990C}.Release|Any CPU.ActiveCfg = Release|Any CPU
		{88D5E004-A52A-437A-895A-CB66FEDD990C}.Release|Any CPU.Build.0 = Release|Any CPU
		{580D75DB-3228-4B68-8281-9D0A110AB618}.Debug|Any CPU.ActiveCfg = Debug|Any CPU
		{580D75DB-3228-4B68-8281-9D0A110AB618}.Debug|Any CPU.Build.0 = Debug|Any CPU
		{580D75DB-3228-4B68-8281-9D0A110AB618}.Release|Any CPU.ActiveCfg = Release|Any CPU
		{580D75DB-3228-4B68-8281-9D0A110AB618}.Release|Any CPU.Build.0 = Release|Any CPU
		{0A91DAD1-9525-4316-AB94-9AE5B6737D12}.Debug|Any CPU.ActiveCfg = Debug|Any CPU
		{0A91DAD1-9525-4316-AB94-9AE5B6737D12}.Debug|Any CPU.Build.0 = Debug|Any CPU
		{0A91DAD1-9525-4316-AB94-9AE5B6737D12}.Release|Any CPU.ActiveCfg = Release|Any CPU
		{0A91DAD1-9525-4316-AB94-9AE5B6737D12}.Release|Any CPU.Build.0 = Release|Any CPU
		{C25B8ED6-CB2E-4728-BAF5-8D059E8BCC0E}.Debug|Any CPU.ActiveCfg = Debug|Any CPU
		{C25B8ED6-CB2E-4728-BAF5-8D059E8BCC0E}.Debug|Any CPU.Build.0 = Debug|Any CPU
		{C25B8ED6-CB2E-4728-BAF5-8D059E8BCC0E}.Release|Any CPU.ActiveCfg = Release|Any CPU
		{C25B8ED6-CB2E-4728-BAF5-8D059E8BCC0E}.Release|Any CPU.Build.0 = Release|Any CPU
		{5977CC07-486F-4BEB-93C1-FB9DF002DB3F}.Debug|Any CPU.ActiveCfg = Debug|Any CPU
		{5977CC07-486F-4BEB-93C1-FB9DF002DB3F}.Debug|Any CPU.Build.0 = Debug|Any CPU
		{5977CC07-486F-4BEB-93C1-FB9DF002DB3F}.Release|Any CPU.ActiveCfg = Release|Any CPU
		{5977CC07-486F-4BEB-93C1-FB9DF002DB3F}.Release|Any CPU.Build.0 = Release|Any CPU
		{307A9F1F-D400-4B8E-8E34-E7DDBAB3DA24}.Debug|Any CPU.ActiveCfg = Debug|Any CPU
		{307A9F1F-D400-4B8E-8E34-E7DDBAB3DA24}.Debug|Any CPU.Build.0 = Debug|Any CPU
		{307A9F1F-D400-4B8E-8E34-E7DDBAB3DA24}.Release|Any CPU.ActiveCfg = Release|Any CPU
		{307A9F1F-D400-4B8E-8E34-E7DDBAB3DA24}.Release|Any CPU.Build.0 = Release|Any CPU
		{21AA603C-90BC-4F81-AEE0-4B11F35AD912}.Debug|Any CPU.ActiveCfg = Debug|Any CPU
		{21AA603C-90BC-4F81-AEE0-4B11F35AD912}.Debug|Any CPU.Build.0 = Debug|Any CPU
		{21AA603C-90BC-4F81-AEE0-4B11F35AD912}.Release|Any CPU.ActiveCfg = Release|Any CPU
		{21AA603C-90BC-4F81-AEE0-4B11F35AD912}.Release|Any CPU.Build.0 = Release|Any CPU
		{D092AB35-6EE4-45E4-8691-D363ACB7FDD9}.Debug|Any CPU.ActiveCfg = Debug|Any CPU
		{D092AB35-6EE4-45E4-8691-D363ACB7FDD9}.Debug|Any CPU.Build.0 = Debug|Any CPU
		{D092AB35-6EE4-45E4-8691-D363ACB7FDD9}.Release|Any CPU.ActiveCfg = Release|Any CPU
		{D092AB35-6EE4-45E4-8691-D363ACB7FDD9}.Release|Any CPU.Build.0 = Release|Any CPU
		{A92C45A6-32DE-47FF-ADCC-D933A6F627AD}.Debug|Any CPU.ActiveCfg = Debug|Any CPU
		{A92C45A6-32DE-47FF-ADCC-D933A6F627AD}.Debug|Any CPU.Build.0 = Debug|Any CPU
		{A92C45A6-32DE-47FF-ADCC-D933A6F627AD}.Release|Any CPU.ActiveCfg = Release|Any CPU
		{A92C45A6-32DE-47FF-ADCC-D933A6F627AD}.Release|Any CPU.Build.0 = Release|Any CPU
		{023F9EE2-9D5D-4A17-9239-CEDC56FC3FE0}.Debug|Any CPU.ActiveCfg = Debug|Any CPU
		{023F9EE2-9D5D-4A17-9239-CEDC56FC3FE0}.Debug|Any CPU.Build.0 = Debug|Any CPU
		{023F9EE2-9D5D-4A17-9239-CEDC56FC3FE0}.Release|Any CPU.ActiveCfg = Release|Any CPU
		{023F9EE2-9D5D-4A17-9239-CEDC56FC3FE0}.Release|Any CPU.Build.0 = Release|Any CPU
		{589CE99D-EF1F-4702-8354-35B79C756A6B}.Debug|Any CPU.ActiveCfg = Debug|Any CPU
		{589CE99D-EF1F-4702-8354-35B79C756A6B}.Debug|Any CPU.Build.0 = Debug|Any CPU
		{589CE99D-EF1F-4702-8354-35B79C756A6B}.Release|Any CPU.ActiveCfg = Release|Any CPU
		{589CE99D-EF1F-4702-8354-35B79C756A6B}.Release|Any CPU.Build.0 = Release|Any CPU
		{CD463345-3D71-4FA9-96E5-C4D79C9FAEC2}.Debug|Any CPU.ActiveCfg = Debug|Any CPU
		{CD463345-3D71-4FA9-96E5-C4D79C9FAEC2}.Debug|Any CPU.Build.0 = Debug|Any CPU
		{CD463345-3D71-4FA9-96E5-C4D79C9FAEC2}.Release|Any CPU.ActiveCfg = Release|Any CPU
		{CD463345-3D71-4FA9-96E5-C4D79C9FAEC2}.Release|Any CPU.Build.0 = Release|Any CPU
		{2902808C-DD58-44D0-90D8-B5B4B83B7C88}.Debug|Any CPU.ActiveCfg = Debug|Any CPU
		{2902808C-DD58-44D0-90D8-B5B4B83B7C88}.Debug|Any CPU.Build.0 = Debug|Any CPU
		{2902808C-DD58-44D0-90D8-B5B4B83B7C88}.Release|Any CPU.ActiveCfg = Release|Any CPU
		{2902808C-DD58-44D0-90D8-B5B4B83B7C88}.Release|Any CPU.Build.0 = Release|Any CPU
		{EE34FCFE-4808-48D8-AC7E-7DBDCCC5AE84}.Debug|Any CPU.ActiveCfg = Debug|Any CPU
		{EE34FCFE-4808-48D8-AC7E-7DBDCCC5AE84}.Debug|Any CPU.Build.0 = Debug|Any CPU
		{EE34FCFE-4808-48D8-AC7E-7DBDCCC5AE84}.Release|Any CPU.ActiveCfg = Release|Any CPU
		{EE34FCFE-4808-48D8-AC7E-7DBDCCC5AE84}.Release|Any CPU.Build.0 = Release|Any CPU
		{904BDEC3-722A-4E53-81A0-56F1EDEFC431}.Debug|Any CPU.ActiveCfg = Debug|Any CPU
		{904BDEC3-722A-4E53-81A0-56F1EDEFC431}.Debug|Any CPU.Build.0 = Debug|Any CPU
		{904BDEC3-722A-4E53-81A0-56F1EDEFC431}.Release|Any CPU.ActiveCfg = Release|Any CPU
		{904BDEC3-722A-4E53-81A0-56F1EDEFC431}.Release|Any CPU.Build.0 = Release|Any CPU
		{9DF131A3-FCD3-44E0-93D2-FF15A9F8A01A}.Debug|Any CPU.ActiveCfg = Debug|Any CPU
		{9DF131A3-FCD3-44E0-93D2-FF15A9F8A01A}.Debug|Any CPU.Build.0 = Debug|Any CPU
		{9DF131A3-FCD3-44E0-93D2-FF15A9F8A01A}.Release|Any CPU.ActiveCfg = Release|Any CPU
		{9DF131A3-FCD3-44E0-93D2-FF15A9F8A01A}.Release|Any CPU.Build.0 = Release|Any CPU
		{B1FD4A71-C617-4E3C-A596-ACF117D8CAFD}.Debug|Any CPU.ActiveCfg = Debug|Any CPU
		{B1FD4A71-C617-4E3C-A596-ACF117D8CAFD}.Debug|Any CPU.Build.0 = Debug|Any CPU
		{B1FD4A71-C617-4E3C-A596-ACF117D8CAFD}.Release|Any CPU.ActiveCfg = Release|Any CPU
		{B1FD4A71-C617-4E3C-A596-ACF117D8CAFD}.Release|Any CPU.Build.0 = Release|Any CPU
		{2DC8FAB2-B767-48EC-A3E6-C99CA03BB69E}.Debug|Any CPU.ActiveCfg = Debug|Any CPU
		{2DC8FAB2-B767-48EC-A3E6-C99CA03BB69E}.Debug|Any CPU.Build.0 = Debug|Any CPU
		{2DC8FAB2-B767-48EC-A3E6-C99CA03BB69E}.Release|Any CPU.ActiveCfg = Release|Any CPU
		{2DC8FAB2-B767-48EC-A3E6-C99CA03BB69E}.Release|Any CPU.Build.0 = Release|Any CPU
		{4C75F2DF-7610-4BB2-ABDF-9900F7A0856C}.Debug|Any CPU.ActiveCfg = Debug|Any CPU
		{4C75F2DF-7610-4BB2-ABDF-9900F7A0856C}.Debug|Any CPU.Build.0 = Debug|Any CPU
		{4C75F2DF-7610-4BB2-ABDF-9900F7A0856C}.Release|Any CPU.ActiveCfg = Release|Any CPU
		{4C75F2DF-7610-4BB2-ABDF-9900F7A0856C}.Release|Any CPU.Build.0 = Release|Any CPU
		{EDC1F475-AF34-49D2-96B7-8CA7BF24A675}.Debug|Any CPU.ActiveCfg = Debug|Any CPU
		{EDC1F475-AF34-49D2-96B7-8CA7BF24A675}.Debug|Any CPU.Build.0 = Debug|Any CPU
		{EDC1F475-AF34-49D2-96B7-8CA7BF24A675}.Release|Any CPU.ActiveCfg = Release|Any CPU
		{EDC1F475-AF34-49D2-96B7-8CA7BF24A675}.Release|Any CPU.Build.0 = Release|Any CPU
		{BEE9E5E1-4B69-47E8-9DED-9AFBC3CDF778}.Debug|Any CPU.ActiveCfg = Debug|Any CPU
		{BEE9E5E1-4B69-47E8-9DED-9AFBC3CDF778}.Debug|Any CPU.Build.0 = Debug|Any CPU
		{BEE9E5E1-4B69-47E8-9DED-9AFBC3CDF778}.Release|Any CPU.ActiveCfg = Release|Any CPU
		{BEE9E5E1-4B69-47E8-9DED-9AFBC3CDF778}.Release|Any CPU.Build.0 = Release|Any CPU
		{F3D85694-A567-4D87-80FE-51FAC1799E9A}.Debug|Any CPU.ActiveCfg = Debug|Any CPU
		{F3D85694-A567-4D87-80FE-51FAC1799E9A}.Debug|Any CPU.Build.0 = Debug|Any CPU
		{F3D85694-A567-4D87-80FE-51FAC1799E9A}.Release|Any CPU.ActiveCfg = Release|Any CPU
		{F3D85694-A567-4D87-80FE-51FAC1799E9A}.Release|Any CPU.Build.0 = Release|Any CPU
		{9F77CC7E-539D-4FA4-9C3B-33893CCFDCF4}.Debug|Any CPU.ActiveCfg = Debug|Any CPU
		{9F77CC7E-539D-4FA4-9C3B-33893CCFDCF4}.Debug|Any CPU.Build.0 = Debug|Any CPU
		{9F77CC7E-539D-4FA4-9C3B-33893CCFDCF4}.Release|Any CPU.ActiveCfg = Release|Any CPU
		{9F77CC7E-539D-4FA4-9C3B-33893CCFDCF4}.Release|Any CPU.Build.0 = Release|Any CPU
		{3DD72B2A-2CD1-4EC1-B0D0-529EF3DF26CA}.Debug|Any CPU.ActiveCfg = Debug|Any CPU
		{3DD72B2A-2CD1-4EC1-B0D0-529EF3DF26CA}.Debug|Any CPU.Build.0 = Debug|Any CPU
		{3DD72B2A-2CD1-4EC1-B0D0-529EF3DF26CA}.Release|Any CPU.ActiveCfg = Release|Any CPU
		{3DD72B2A-2CD1-4EC1-B0D0-529EF3DF26CA}.Release|Any CPU.Build.0 = Release|Any CPU
		{785BE1F5-B8B3-493A-B830-36A56744D166}.Debug|Any CPU.ActiveCfg = Debug|Any CPU
		{785BE1F5-B8B3-493A-B830-36A56744D166}.Debug|Any CPU.Build.0 = Debug|Any CPU
		{785BE1F5-B8B3-493A-B830-36A56744D166}.Release|Any CPU.ActiveCfg = Release|Any CPU
		{785BE1F5-B8B3-493A-B830-36A56744D166}.Release|Any CPU.Build.0 = Release|Any CPU
		{57E1058F-71B5-4B4D-85D5-D9471917D301}.Debug|Any CPU.ActiveCfg = Debug|Any CPU
		{57E1058F-71B5-4B4D-85D5-D9471917D301}.Debug|Any CPU.Build.0 = Debug|Any CPU
		{57E1058F-71B5-4B4D-85D5-D9471917D301}.Release|Any CPU.ActiveCfg = Release|Any CPU
		{57E1058F-71B5-4B4D-85D5-D9471917D301}.Release|Any CPU.Build.0 = Release|Any CPU
		{69311077-D69E-4A1A-92E0-40ABAA5C296C}.Debug|Any CPU.ActiveCfg = Debug|Any CPU
		{69311077-D69E-4A1A-92E0-40ABAA5C296C}.Debug|Any CPU.Build.0 = Debug|Any CPU
		{69311077-D69E-4A1A-92E0-40ABAA5C296C}.Release|Any CPU.ActiveCfg = Release|Any CPU
		{69311077-D69E-4A1A-92E0-40ABAA5C296C}.Release|Any CPU.Build.0 = Release|Any CPU
		{5229AF45-B40A-4B0E-86DD-6537B667C1DE}.Debug|Any CPU.ActiveCfg = Debug|Any CPU
		{5229AF45-B40A-4B0E-86DD-6537B667C1DE}.Debug|Any CPU.Build.0 = Debug|Any CPU
		{5229AF45-B40A-4B0E-86DD-6537B667C1DE}.Release|Any CPU.ActiveCfg = Release|Any CPU
		{5229AF45-B40A-4B0E-86DD-6537B667C1DE}.Release|Any CPU.Build.0 = Release|Any CPU
		{9707559D-6615-4B5E-A0B2-F4A172261243}.Debug|Any CPU.ActiveCfg = Debug|Any CPU
		{9707559D-6615-4B5E-A0B2-F4A172261243}.Debug|Any CPU.Build.0 = Debug|Any CPU
		{9707559D-6615-4B5E-A0B2-F4A172261243}.Release|Any CPU.ActiveCfg = Release|Any CPU
		{9707559D-6615-4B5E-A0B2-F4A172261243}.Release|Any CPU.Build.0 = Release|Any CPU
		{DC22DE65-BF0A-4FF9-BAEE-61C422146367}.Debug|Any CPU.ActiveCfg = Debug|Any CPU
		{DC22DE65-BF0A-4FF9-BAEE-61C422146367}.Debug|Any CPU.Build.0 = Debug|Any CPU
		{DC22DE65-BF0A-4FF9-BAEE-61C422146367}.Release|Any CPU.ActiveCfg = Release|Any CPU
		{DC22DE65-BF0A-4FF9-BAEE-61C422146367}.Release|Any CPU.Build.0 = Release|Any CPU
		{870D5D07-F70B-41A0-B9D8-70215444AB65}.Debug|Any CPU.ActiveCfg = Debug|Any CPU
		{870D5D07-F70B-41A0-B9D8-70215444AB65}.Debug|Any CPU.Build.0 = Debug|Any CPU
		{870D5D07-F70B-41A0-B9D8-70215444AB65}.Release|Any CPU.ActiveCfg = Release|Any CPU
		{870D5D07-F70B-41A0-B9D8-70215444AB65}.Release|Any CPU.Build.0 = Release|Any CPU
		{0EB5023B-F954-41D2-A386-18E8686568E1}.Debug|Any CPU.ActiveCfg = Debug|Any CPU
		{0EB5023B-F954-41D2-A386-18E8686568E1}.Debug|Any CPU.Build.0 = Debug|Any CPU
		{0EB5023B-F954-41D2-A386-18E8686568E1}.Release|Any CPU.ActiveCfg = Release|Any CPU
		{0EB5023B-F954-41D2-A386-18E8686568E1}.Release|Any CPU.Build.0 = Release|Any CPU
		{3F523B0E-95B5-4591-A3E1-3545CE8E73D5}.Debug|Any CPU.ActiveCfg = Debug|Any CPU
		{3F523B0E-95B5-4591-A3E1-3545CE8E73D5}.Debug|Any CPU.Build.0 = Debug|Any CPU
		{3F523B0E-95B5-4591-A3E1-3545CE8E73D5}.Release|Any CPU.ActiveCfg = Release|Any CPU
		{3F523B0E-95B5-4591-A3E1-3545CE8E73D5}.Release|Any CPU.Build.0 = Release|Any CPU
		{A88BDE23-C1DF-4977-9575-FE1F598534EE}.Debug|Any CPU.ActiveCfg = Debug|Any CPU
		{A88BDE23-C1DF-4977-9575-FE1F598534EE}.Debug|Any CPU.Build.0 = Debug|Any CPU
		{A88BDE23-C1DF-4977-9575-FE1F598534EE}.Release|Any CPU.ActiveCfg = Release|Any CPU
		{A88BDE23-C1DF-4977-9575-FE1F598534EE}.Release|Any CPU.Build.0 = Release|Any CPU
		{5CCB06DA-2001-4324-9488-DEC0A88F9DC9}.Debug|Any CPU.ActiveCfg = Debug|Any CPU
		{5CCB06DA-2001-4324-9488-DEC0A88F9DC9}.Debug|Any CPU.Build.0 = Debug|Any CPU
		{5CCB06DA-2001-4324-9488-DEC0A88F9DC9}.Release|Any CPU.ActiveCfg = Release|Any CPU
		{5CCB06DA-2001-4324-9488-DEC0A88F9DC9}.Release|Any CPU.Build.0 = Release|Any CPU
		{B10C26B8-3F16-4853-BA9C-F63EE2E4C759}.Debug|Any CPU.ActiveCfg = Debug|Any CPU
		{B10C26B8-3F16-4853-BA9C-F63EE2E4C759}.Debug|Any CPU.Build.0 = Debug|Any CPU
		{B10C26B8-3F16-4853-BA9C-F63EE2E4C759}.Release|Any CPU.ActiveCfg = Release|Any CPU
		{B10C26B8-3F16-4853-BA9C-F63EE2E4C759}.Release|Any CPU.Build.0 = Release|Any CPU
		{5B2F25DA-9BA5-4EFE-8901-3246DE46BEFF}.Debug|Any CPU.ActiveCfg = Debug|Any CPU
		{5B2F25DA-9BA5-4EFE-8901-3246DE46BEFF}.Debug|Any CPU.Build.0 = Debug|Any CPU
		{5B2F25DA-9BA5-4EFE-8901-3246DE46BEFF}.Release|Any CPU.ActiveCfg = Release|Any CPU
		{5B2F25DA-9BA5-4EFE-8901-3246DE46BEFF}.Release|Any CPU.Build.0 = Release|Any CPU
		{29C41E34-4977-4926-B736-12FD2913E8B9}.Debug|Any CPU.ActiveCfg = Debug|Any CPU
		{29C41E34-4977-4926-B736-12FD2913E8B9}.Debug|Any CPU.Build.0 = Debug|Any CPU
		{29C41E34-4977-4926-B736-12FD2913E8B9}.Release|Any CPU.ActiveCfg = Release|Any CPU
		{29C41E34-4977-4926-B736-12FD2913E8B9}.Release|Any CPU.Build.0 = Release|Any CPU
		{25C1060E-27BE-421A-92EE-C22E99E9053F}.Debug|Any CPU.ActiveCfg = Debug|Any CPU
		{25C1060E-27BE-421A-92EE-C22E99E9053F}.Debug|Any CPU.Build.0 = Debug|Any CPU
		{25C1060E-27BE-421A-92EE-C22E99E9053F}.Release|Any CPU.ActiveCfg = Release|Any CPU
		{25C1060E-27BE-421A-92EE-C22E99E9053F}.Release|Any CPU.Build.0 = Release|Any CPU
		{4E8F7281-7874-40F3-96F9-FEB5C5137FE5}.Debug|Any CPU.ActiveCfg = Debug|Any CPU
		{4E8F7281-7874-40F3-96F9-FEB5C5137FE5}.Debug|Any CPU.Build.0 = Debug|Any CPU
		{4E8F7281-7874-40F3-96F9-FEB5C5137FE5}.Release|Any CPU.ActiveCfg = Release|Any CPU
		{4E8F7281-7874-40F3-96F9-FEB5C5137FE5}.Release|Any CPU.Build.0 = Release|Any CPU
		{60D90611-63DE-4CFB-8420-171A2AB1F91C}.Debug|Any CPU.ActiveCfg = Debug|Any CPU
		{60D90611-63DE-4CFB-8420-171A2AB1F91C}.Debug|Any CPU.Build.0 = Debug|Any CPU
		{60D90611-63DE-4CFB-8420-171A2AB1F91C}.Release|Any CPU.ActiveCfg = Release|Any CPU
		{60D90611-63DE-4CFB-8420-171A2AB1F91C}.Release|Any CPU.Build.0 = Release|Any CPU
		{BC037458-EF74-4A81-801B-BEA5FBE6BD80}.Debug|Any CPU.ActiveCfg = Debug|Any CPU
		{BC037458-EF74-4A81-801B-BEA5FBE6BD80}.Debug|Any CPU.Build.0 = Debug|Any CPU
		{BC037458-EF74-4A81-801B-BEA5FBE6BD80}.Release|Any CPU.ActiveCfg = Release|Any CPU
		{BC037458-EF74-4A81-801B-BEA5FBE6BD80}.Release|Any CPU.Build.0 = Release|Any CPU
		{F8A9B24E-5F40-43CB-B17F-C007A3D86ADA}.Debug|Any CPU.ActiveCfg = Debug|Any CPU
		{F8A9B24E-5F40-43CB-B17F-C007A3D86ADA}.Debug|Any CPU.Build.0 = Debug|Any CPU
		{F8A9B24E-5F40-43CB-B17F-C007A3D86ADA}.Release|Any CPU.ActiveCfg = Release|Any CPU
		{F8A9B24E-5F40-43CB-B17F-C007A3D86ADA}.Release|Any CPU.Build.0 = Release|Any CPU
		{C14AC732-5753-40B8-BC76-4A64EC615C74}.Debug|Any CPU.ActiveCfg = Debug|Any CPU
		{C14AC732-5753-40B8-BC76-4A64EC615C74}.Debug|Any CPU.Build.0 = Debug|Any CPU
		{C14AC732-5753-40B8-BC76-4A64EC615C74}.Release|Any CPU.ActiveCfg = Release|Any CPU
		{C14AC732-5753-40B8-BC76-4A64EC615C74}.Release|Any CPU.Build.0 = Release|Any CPU
		{9980FE59-3E85-431A-8DD1-F88C8895B89F}.Debug|Any CPU.ActiveCfg = Debug|Any CPU
		{9980FE59-3E85-431A-8DD1-F88C8895B89F}.Debug|Any CPU.Build.0 = Debug|Any CPU
		{9980FE59-3E85-431A-8DD1-F88C8895B89F}.Release|Any CPU.ActiveCfg = Release|Any CPU
		{9980FE59-3E85-431A-8DD1-F88C8895B89F}.Release|Any CPU.Build.0 = Release|Any CPU
		{F36E65B8-4CAD-4B42-BF5F-2400B7079E65}.Debug|Any CPU.ActiveCfg = Debug|Any CPU
		{F36E65B8-4CAD-4B42-BF5F-2400B7079E65}.Debug|Any CPU.Build.0 = Debug|Any CPU
		{F36E65B8-4CAD-4B42-BF5F-2400B7079E65}.Release|Any CPU.ActiveCfg = Release|Any CPU
		{F36E65B8-4CAD-4B42-BF5F-2400B7079E65}.Release|Any CPU.Build.0 = Release|Any CPU
		{561C5F7F-3FA1-48F7-80FE-CB68A980604F}.Debug|Any CPU.ActiveCfg = Debug|Any CPU
		{561C5F7F-3FA1-48F7-80FE-CB68A980604F}.Debug|Any CPU.Build.0 = Debug|Any CPU
		{561C5F7F-3FA1-48F7-80FE-CB68A980604F}.Release|Any CPU.ActiveCfg = Release|Any CPU
		{561C5F7F-3FA1-48F7-80FE-CB68A980604F}.Release|Any CPU.Build.0 = Release|Any CPU
		{9333498F-BF8F-4444-B003-793788CE69A5}.Debug|Any CPU.ActiveCfg = Debug|Any CPU
		{9333498F-BF8F-4444-B003-793788CE69A5}.Debug|Any CPU.Build.0 = Debug|Any CPU
		{9333498F-BF8F-4444-B003-793788CE69A5}.Release|Any CPU.ActiveCfg = Release|Any CPU
		{9333498F-BF8F-4444-B003-793788CE69A5}.Release|Any CPU.Build.0 = Release|Any CPU
		{AD271B79-72A5-4518-B0A8-DEB0FE5EBC9B}.Debug|Any CPU.ActiveCfg = Debug|Any CPU
		{AD271B79-72A5-4518-B0A8-DEB0FE5EBC9B}.Debug|Any CPU.Build.0 = Debug|Any CPU
		{AD271B79-72A5-4518-B0A8-DEB0FE5EBC9B}.Release|Any CPU.ActiveCfg = Release|Any CPU
		{AD271B79-72A5-4518-B0A8-DEB0FE5EBC9B}.Release|Any CPU.Build.0 = Release|Any CPU
		{43B3E298-1EC4-4347-9CC8-5CD21774B1B5}.Debug|Any CPU.ActiveCfg = Debug|Any CPU
		{43B3E298-1EC4-4347-9CC8-5CD21774B1B5}.Debug|Any CPU.Build.0 = Debug|Any CPU
		{43B3E298-1EC4-4347-9CC8-5CD21774B1B5}.Release|Any CPU.ActiveCfg = Release|Any CPU
		{43B3E298-1EC4-4347-9CC8-5CD21774B1B5}.Release|Any CPU.Build.0 = Release|Any CPU
		{AE806C26-F8C3-46A7-8CAA-6D80B21923C2}.Debug|Any CPU.ActiveCfg = Debug|Any CPU
		{AE806C26-F8C3-46A7-8CAA-6D80B21923C2}.Debug|Any CPU.Build.0 = Debug|Any CPU
		{AE806C26-F8C3-46A7-8CAA-6D80B21923C2}.Release|Any CPU.ActiveCfg = Release|Any CPU
		{AE806C26-F8C3-46A7-8CAA-6D80B21923C2}.Release|Any CPU.Build.0 = Release|Any CPU
	EndGlobalSection
	GlobalSection(SolutionProperties) = preSolution
		HideSolutionNode = FALSE
	EndGlobalSection
	GlobalSection(ExtensibilityGlobals) = postSolution
		SolutionGuid = {AC720098-8DE5-4162-BDAE-027555B59584}
	EndGlobalSection
EndGlobal
