
Microsoft Visual Studio Solution File, Format Version 12.00
# Visual Studio Version 17
VisualStudioVersion = 17.2.32630.192
MinimumVisualStudioVersion = 10.0.40219.1
Project("{9A19103F-16F7-4668-BE54-9A1E7A4F7556}") = "R5T.O0014", "R5T.O0014\R5T.O0014.csproj", "{5852F59F-A3B2-487C-8519-86AF73CBAF3D}"
EndProject
Global
	GlobalSection(SolutionConfigurationPlatforms) = preSolution
		Debug|Any CPU = Debug|Any CPU
		Release|Any CPU = Release|Any CPU
	EndGlobalSection
	GlobalSection(ProjectConfigurationPlatforms) = postSolution
		{5852F59F-A3B2-487C-8519-86AF73CBAF3D}.Debug|Any CPU.ActiveCfg = Debug|Any CPU
		{5852F59F-A3B2-487C-8519-86AF73CBAF3D}.Debug|Any CPU.Build.0 = Debug|Any CPU
		{5852F59F-A3B2-487C-8519-86AF73CBAF3D}.Release|Any CPU.ActiveCfg = Release|Any CPU
		{5852F59F-A3B2-487C-8519-86AF73CBAF3D}.Release|Any CPU.Build.0 = Release|Any CPU
	EndGlobalSection
	GlobalSection(SolutionProperties) = preSolution
		HideSolutionNode = FALSE
	EndGlobalSection
	GlobalSection(ExtensibilityGlobals) = postSolution
		SolutionGuid = {87070BFC-4BF7-4735-A493-65BC159A4BA7}
	EndGlobalSection
EndGlobal
